
Microsoft Visual Studio Solution File, Format Version 12.00
# Visual Studio Version 17
VisualStudioVersion = 17.3.32825.248
MinimumVisualStudioVersion = 10.0.40219.1
Project("{8BC9CEB8-8B4A-11D0-8D11-00A0C91BC942}") = "01.HelloSoftUni", "First Steps In Coding\01.HelloSoftUni\01.HelloSoftUni.vcxproj", "{21CB7486-60AF-467F-A2C5-EEB557556FB9}"
EndProject
Project("{8BC9CEB8-8B4A-11D0-8D11-00A0C91BC942}") = "02.Nums1To10", "First Steps In Coding\02.Nums1To10\02.Nums1To10.vcxproj", "{4480F59A-BA30-40E6-AA7F-FAD45D2185E0}"
EndProject
Project("{8BC9CEB8-8B4A-11D0-8D11-00A0C91BC942}") = "03.RectangleArea", "First Steps In Coding\03.RectangleArea\03.RectangleArea.vcxproj", "{EBC59017-3320-4DEE-925B-0882C843838B}"
EndProject
Project("{8BC9CEB8-8B4A-11D0-8D11-00A0C91BC942}") = "04.InchesToCentimeters", "First Steps In Coding\04.InchesToCentimeters\04.InchesToCentimeters.vcxproj", "{DCF00822-A390-4783-B80B-24742A573763}"
EndProject
Project("{8BC9CEB8-8B4A-11D0-8D11-00A0C91BC942}") = "05.GreetingByName", "First Steps In Coding\05.GreetingByName\05.GreetingByName.vcxproj", "{5D922DB2-9475-4A43-9E38-9230A789A33E}"
EndProject
Project("{8BC9CEB8-8B4A-11D0-8D11-00A0C91BC942}") = "06.ConcatenateData", "First Steps In Coding\06.ConcatenateData\06.ConcatenateData.vcxproj", "{2B74A076-0C5D-47FD-A3D7-BB0E6E0DDC83}"
EndProject
Project("{8BC9CEB8-8B4A-11D0-8D11-00A0C91BC942}") = "07.ProjectsCreation", "First Steps In Coding\07.ProjectsCreation\07.ProjectsCreation.vcxproj", "{DB65B7B2-DD21-478E-9698-B0E41514BA2F}"
EndProject
Project("{8BC9CEB8-8B4A-11D0-8D11-00A0C91BC942}") = "08.PetShop", "First Steps In Coding\08.PetShop\08.PetShop.vcxproj", "{25D8CAD1-4FAD-40B8-B15C-0CC0958FB222}"
EndProject
Project("{8BC9CEB8-8B4A-11D0-8D11-00A0C91BC942}") = "09.YardGreening", "First Steps In Coding\09.YardGreening\09.YardGreening.vcxproj", "{FBE25FFC-0D68-4DFF-A13E-46F0FF6DD92E}"
EndProject
Project("{2150E333-8FDC-42A3-9474-1A3956D46DE8}") = "First Steps In Coding", "First Steps In Coding", "{A5E4AECA-9FC0-49CA-B85D-F2FB71E2D643}"
EndProject
Project("{2150E333-8FDC-42A3-9474-1A3956D46DE8}") = "First Steps In Coding - Exercise", "First Steps In Coding - Exercise", "{125A7581-ACCD-457B-9558-7AECD0661286}"
EndProject
Project("{8BC9CEB8-8B4A-11D0-8D11-00A0C91BC942}") = "01.USDtoBGN", "First Steps In Coding  - Exercise\01.USDtoBGN\01.USDtoBGN.vcxproj", "{469DB203-0341-4878-86EE-5F2BAA517997}"
EndProject
Project("{8BC9CEB8-8B4A-11D0-8D11-00A0C91BC942}") = "02.RadiansToDegrees", "First Steps In Coding  - Exercise\02.RadiansToDegrees\02.RadiansToDegrees.vcxproj", "{B945B989-88BF-4749-BDCD-13B10C7676A8}"
EndProject
Project("{8BC9CEB8-8B4A-11D0-8D11-00A0C91BC942}") = "03.DepositCalculator", "First Steps In Coding  - Exercise\03.DepositCalculator\03.DepositCalculator.vcxproj", "{6E1C20DE-FF3B-4379-B72F-0D7C828690AA}"
EndProject
Project("{8BC9CEB8-8B4A-11D0-8D11-00A0C91BC942}") = "04.VacationBookList", "First Steps In Coding  - Exercise\04.VacationBookList\04.VacationBookList.vcxproj", "{61C8BF1E-3C56-47F2-8899-727011460E78}"
EndProject
Project("{8BC9CEB8-8B4A-11D0-8D11-00A0C91BC942}") = "05.SuppliesForSchool", "First Steps In Coding  - Exercise\05.SuppliesForSchool\05.SuppliesForSchool.vcxproj", "{8F284710-DFE9-48A4-844A-4EF35FBC779F}"
EndProject
Project("{8BC9CEB8-8B4A-11D0-8D11-00A0C91BC942}") = "06.Repainting", "First Steps In Coding  - Exercise\06.Repainting\06.Repainting.vcxproj", "{BFB080B4-0839-4667-A779-DDCCB9B09D85}"
EndProject
Project("{8BC9CEB8-8B4A-11D0-8D11-00A0C91BC942}") = "07.FoodDelivery", "First Steps In Coding  - Exercise\07.FoodDelivery\07.FoodDelivery.vcxproj", "{1E170C21-184A-4E56-93CE-A9CAF9BF39E6}"
EndProject
Project("{8BC9CEB8-8B4A-11D0-8D11-00A0C91BC942}") = "08.BasketballEquipment", "First Steps In Coding  - Exercise\08.BasketballEquipment\08.BasketballEquipment.vcxproj", "{83ED9D33-A5D1-4F4F-AB40-E29D9408CD68}"
EndProject
Project("{8BC9CEB8-8B4A-11D0-8D11-00A0C91BC942}") = "09.FishTank", "First Steps In Coding  - Exercise\09.FishTank\09.FishTank.vcxproj", "{7A4B2FA1-9934-4269-A153-179CE3698817}"
EndProject
Global
	GlobalSection(SolutionConfigurationPlatforms) = preSolution
		Debug|x64 = Debug|x64
		Debug|x86 = Debug|x86
		Release|x64 = Release|x64
		Release|x86 = Release|x86
	EndGlobalSection
	GlobalSection(ProjectConfigurationPlatforms) = postSolution
		{21CB7486-60AF-467F-A2C5-EEB557556FB9}.Debug|x64.ActiveCfg = Debug|x64
		{21CB7486-60AF-467F-A2C5-EEB557556FB9}.Debug|x64.Build.0 = Debug|x64
		{21CB7486-60AF-467F-A2C5-EEB557556FB9}.Debug|x86.ActiveCfg = Debug|Win32
		{21CB7486-60AF-467F-A2C5-EEB557556FB9}.Debug|x86.Build.0 = Debug|Win32
		{21CB7486-60AF-467F-A2C5-EEB557556FB9}.Release|x64.ActiveCfg = Release|x64
		{21CB7486-60AF-467F-A2C5-EEB557556FB9}.Release|x64.Build.0 = Release|x64
		{21CB7486-60AF-467F-A2C5-EEB557556FB9}.Release|x86.ActiveCfg = Release|Win32
		{21CB7486-60AF-467F-A2C5-EEB557556FB9}.Release|x86.Build.0 = Release|Win32
		{4480F59A-BA30-40E6-AA7F-FAD45D2185E0}.Debug|x64.ActiveCfg = Debug|x64
		{4480F59A-BA30-40E6-AA7F-FAD45D2185E0}.Debug|x64.Build.0 = Debug|x64
		{4480F59A-BA30-40E6-AA7F-FAD45D2185E0}.Debug|x86.ActiveCfg = Debug|Win32
		{4480F59A-BA30-40E6-AA7F-FAD45D2185E0}.Debug|x86.Build.0 = Debug|Win32
		{4480F59A-BA30-40E6-AA7F-FAD45D2185E0}.Release|x64.ActiveCfg = Release|x64
		{4480F59A-BA30-40E6-AA7F-FAD45D2185E0}.Release|x64.Build.0 = Release|x64
		{4480F59A-BA30-40E6-AA7F-FAD45D2185E0}.Release|x86.ActiveCfg = Release|Win32
		{4480F59A-BA30-40E6-AA7F-FAD45D2185E0}.Release|x86.Build.0 = Release|Win32
		{EBC59017-3320-4DEE-925B-0882C843838B}.Debug|x64.ActiveCfg = Debug|x64
		{EBC59017-3320-4DEE-925B-0882C843838B}.Debug|x64.Build.0 = Debug|x64
		{EBC59017-3320-4DEE-925B-0882C843838B}.Debug|x86.ActiveCfg = Debug|Win32
		{EBC59017-3320-4DEE-925B-0882C843838B}.Debug|x86.Build.0 = Debug|Win32
		{EBC59017-3320-4DEE-925B-0882C843838B}.Release|x64.ActiveCfg = Release|x64
		{EBC59017-3320-4DEE-925B-0882C843838B}.Release|x64.Build.0 = Release|x64
		{EBC59017-3320-4DEE-925B-0882C843838B}.Release|x86.ActiveCfg = Release|Win32
		{EBC59017-3320-4DEE-925B-0882C843838B}.Release|x86.Build.0 = Release|Win32
		{DCF00822-A390-4783-B80B-24742A573763}.Debug|x64.ActiveCfg = Debug|x64
		{DCF00822-A390-4783-B80B-24742A573763}.Debug|x64.Build.0 = Debug|x64
		{DCF00822-A390-4783-B80B-24742A573763}.Debug|x86.ActiveCfg = Debug|Win32
		{DCF00822-A390-4783-B80B-24742A573763}.Debug|x86.Build.0 = Debug|Win32
		{DCF00822-A390-4783-B80B-24742A573763}.Release|x64.ActiveCfg = Release|x64
		{DCF00822-A390-4783-B80B-24742A573763}.Release|x64.Build.0 = Release|x64
		{DCF00822-A390-4783-B80B-24742A573763}.Release|x86.ActiveCfg = Release|Win32
		{DCF00822-A390-4783-B80B-24742A573763}.Release|x86.Build.0 = Release|Win32
		{5D922DB2-9475-4A43-9E38-9230A789A33E}.Debug|x64.ActiveCfg = Debug|x64
		{5D922DB2-9475-4A43-9E38-9230A789A33E}.Debug|x64.Build.0 = Debug|x64
		{5D922DB2-9475-4A43-9E38-9230A789A33E}.Debug|x86.ActiveCfg = Debug|Win32
		{5D922DB2-9475-4A43-9E38-9230A789A33E}.Debug|x86.Build.0 = Debug|Win32
		{5D922DB2-9475-4A43-9E38-9230A789A33E}.Release|x64.ActiveCfg = Release|x64
		{5D922DB2-9475-4A43-9E38-9230A789A33E}.Release|x64.Build.0 = Release|x64
		{5D922DB2-9475-4A43-9E38-9230A789A33E}.Release|x86.ActiveCfg = Release|Win32
		{5D922DB2-9475-4A43-9E38-9230A789A33E}.Release|x86.Build.0 = Release|Win32
		{2B74A076-0C5D-47FD-A3D7-BB0E6E0DDC83}.Debug|x64.ActiveCfg = Debug|x64
		{2B74A076-0C5D-47FD-A3D7-BB0E6E0DDC83}.Debug|x64.Build.0 = Debug|x64
		{2B74A076-0C5D-47FD-A3D7-BB0E6E0DDC83}.Debug|x86.ActiveCfg = Debug|Win32
		{2B74A076-0C5D-47FD-A3D7-BB0E6E0DDC83}.Debug|x86.Build.0 = Debug|Win32
		{2B74A076-0C5D-47FD-A3D7-BB0E6E0DDC83}.Release|x64.ActiveCfg = Release|x64
		{2B74A076-0C5D-47FD-A3D7-BB0E6E0DDC83}.Release|x64.Build.0 = Release|x64
		{2B74A076-0C5D-47FD-A3D7-BB0E6E0DDC83}.Release|x86.ActiveCfg = Release|Win32
		{2B74A076-0C5D-47FD-A3D7-BB0E6E0DDC83}.Release|x86.Build.0 = Release|Win32
		{DB65B7B2-DD21-478E-9698-B0E41514BA2F}.Debug|x64.ActiveCfg = Debug|x64
		{DB65B7B2-DD21-478E-9698-B0E41514BA2F}.Debug|x64.Build.0 = Debug|x64
		{DB65B7B2-DD21-478E-9698-B0E41514BA2F}.Debug|x86.ActiveCfg = Debug|Win32
		{DB65B7B2-DD21-478E-9698-B0E41514BA2F}.Debug|x86.Build.0 = Debug|Win32
		{DB65B7B2-DD21-478E-9698-B0E41514BA2F}.Release|x64.ActiveCfg = Release|x64
		{DB65B7B2-DD21-478E-9698-B0E41514BA2F}.Release|x64.Build.0 = Release|x64
		{DB65B7B2-DD21-478E-9698-B0E41514BA2F}.Release|x86.ActiveCfg = Release|Win32
		{DB65B7B2-DD21-478E-9698-B0E41514BA2F}.Release|x86.Build.0 = Release|Win32
		{25D8CAD1-4FAD-40B8-B15C-0CC0958FB222}.Debug|x64.ActiveCfg = Debug|x64
		{25D8CAD1-4FAD-40B8-B15C-0CC0958FB222}.Debug|x64.Build.0 = Debug|x64
		{25D8CAD1-4FAD-40B8-B15C-0CC0958FB222}.Debug|x86.ActiveCfg = Debug|Win32
		{25D8CAD1-4FAD-40B8-B15C-0CC0958FB222}.Debug|x86.Build.0 = Debug|Win32
		{25D8CAD1-4FAD-40B8-B15C-0CC0958FB222}.Release|x64.ActiveCfg = Release|x64
		{25D8CAD1-4FAD-40B8-B15C-0CC0958FB222}.Release|x64.Build.0 = Release|x64
		{25D8CAD1-4FAD-40B8-B15C-0CC0958FB222}.Release|x86.ActiveCfg = Release|Win32
		{25D8CAD1-4FAD-40B8-B15C-0CC0958FB222}.Release|x86.Build.0 = Release|Win32
		{FBE25FFC-0D68-4DFF-A13E-46F0FF6DD92E}.Debug|x64.ActiveCfg = Debug|x64
		{FBE25FFC-0D68-4DFF-A13E-46F0FF6DD92E}.Debug|x64.Build.0 = Debug|x64
		{FBE25FFC-0D68-4DFF-A13E-46F0FF6DD92E}.Debug|x86.ActiveCfg = Debug|Win32
		{FBE25FFC-0D68-4DFF-A13E-46F0FF6DD92E}.Debug|x86.Build.0 = Debug|Win32
		{FBE25FFC-0D68-4DFF-A13E-46F0FF6DD92E}.Release|x64.ActiveCfg = Release|x64
		{FBE25FFC-0D68-4DFF-A13E-46F0FF6DD92E}.Release|x64.Build.0 = Release|x64
		{FBE25FFC-0D68-4DFF-A13E-46F0FF6DD92E}.Release|x86.ActiveCfg = Release|Win32
		{FBE25FFC-0D68-4DFF-A13E-46F0FF6DD92E}.Release|x86.Build.0 = Release|Win32
		{469DB203-0341-4878-86EE-5F2BAA517997}.Debug|x64.ActiveCfg = Debug|x64
		{469DB203-0341-4878-86EE-5F2BAA517997}.Debug|x64.Build.0 = Debug|x64
		{469DB203-0341-4878-86EE-5F2BAA517997}.Debug|x86.ActiveCfg = Debug|Win32
		{469DB203-0341-4878-86EE-5F2BAA517997}.Debug|x86.Build.0 = Debug|Win32
		{469DB203-0341-4878-86EE-5F2BAA517997}.Release|x64.ActiveCfg = Release|x64
		{469DB203-0341-4878-86EE-5F2BAA517997}.Release|x64.Build.0 = Release|x64
		{469DB203-0341-4878-86EE-5F2BAA517997}.Release|x86.ActiveCfg = Release|Win32
		{469DB203-0341-4878-86EE-5F2BAA517997}.Release|x86.Build.0 = Release|Win32
		{B945B989-88BF-4749-BDCD-13B10C7676A8}.Debug|x64.ActiveCfg = Debug|x64
		{B945B989-88BF-4749-BDCD-13B10C7676A8}.Debug|x64.Build.0 = Debug|x64
		{B945B989-88BF-4749-BDCD-13B10C7676A8}.Debug|x86.ActiveCfg = Debug|Win32
		{B945B989-88BF-4749-BDCD-13B10C7676A8}.Debug|x86.Build.0 = Debug|Win32
		{B945B989-88BF-4749-BDCD-13B10C7676A8}.Release|x64.ActiveCfg = Release|x64
		{B945B989-88BF-4749-BDCD-13B10C7676A8}.Release|x64.Build.0 = Release|x64
		{B945B989-88BF-4749-BDCD-13B10C7676A8}.Release|x86.ActiveCfg = Release|Win32
		{B945B989-88BF-4749-BDCD-13B10C7676A8}.Release|x86.Build.0 = Release|Win32
		{6E1C20DE-FF3B-4379-B72F-0D7C828690AA}.Debug|x64.ActiveCfg = Debug|x64
		{6E1C20DE-FF3B-4379-B72F-0D7C828690AA}.Debug|x64.Build.0 = Debug|x64
		{6E1C20DE-FF3B-4379-B72F-0D7C828690AA}.Debug|x86.ActiveCfg = Debug|Win32
		{6E1C20DE-FF3B-4379-B72F-0D7C828690AA}.Debug|x86.Build.0 = Debug|Win32
		{6E1C20DE-FF3B-4379-B72F-0D7C828690AA}.Release|x64.ActiveCfg = Release|x64
		{6E1C20DE-FF3B-4379-B72F-0D7C828690AA}.Release|x64.Build.0 = Release|x64
		{6E1C20DE-FF3B-4379-B72F-0D7C828690AA}.Release|x86.ActiveCfg = Release|Win32
		{6E1C20DE-FF3B-4379-B72F-0D7C828690AA}.Release|x86.Build.0 = Release|Win32
		{61C8BF1E-3C56-47F2-8899-727011460E78}.Debug|x64.ActiveCfg = Debug|x64
		{61C8BF1E-3C56-47F2-8899-727011460E78}.Debug|x64.Build.0 = Debug|x64
		{61C8BF1E-3C56-47F2-8899-727011460E78}.Debug|x86.ActiveCfg = Debug|Win32
		{61C8BF1E-3C56-47F2-8899-727011460E78}.Debug|x86.Build.0 = Debug|Win32
		{61C8BF1E-3C56-47F2-8899-727011460E78}.Release|x64.ActiveCfg = Release|x64
		{61C8BF1E-3C56-47F2-8899-727011460E78}.Release|x64.Build.0 = Release|x64
		{61C8BF1E-3C56-47F2-8899-727011460E78}.Release|x86.ActiveCfg = Release|Win32
		{61C8BF1E-3C56-47F2-8899-727011460E78}.Release|x86.Build.0 = Release|Win32
		{8F284710-DFE9-48A4-844A-4EF35FBC779F}.Debug|x64.ActiveCfg = Debug|x64
		{8F284710-DFE9-48A4-844A-4EF35FBC779F}.Debug|x64.Build.0 = Debug|x64
		{8F284710-DFE9-48A4-844A-4EF35FBC779F}.Debug|x86.ActiveCfg = Debug|Win32
		{8F284710-DFE9-48A4-844A-4EF35FBC779F}.Debug|x86.Build.0 = Debug|Win32
		{8F284710-DFE9-48A4-844A-4EF35FBC779F}.Release|x64.ActiveCfg = Release|x64
		{8F284710-DFE9-48A4-844A-4EF35FBC779F}.Release|x64.Build.0 = Release|x64
		{8F284710-DFE9-48A4-844A-4EF35FBC779F}.Release|x86.ActiveCfg = Release|Win32
		{8F284710-DFE9-48A4-844A-4EF35FBC779F}.Release|x86.Build.0 = Release|Win32
		{BFB080B4-0839-4667-A779-DDCCB9B09D85}.Debug|x64.ActiveCfg = Debug|x64
		{BFB080B4-0839-4667-A779-DDCCB9B09D85}.Debug|x64.Build.0 = Debug|x64
		{BFB080B4-0839-4667-A779-DDCCB9B09D85}.Debug|x86.ActiveCfg = Debug|Win32
		{BFB080B4-0839-4667-A779-DDCCB9B09D85}.Debug|x86.Build.0 = Debug|Win32
		{BFB080B4-0839-4667-A779-DDCCB9B09D85}.Release|x64.ActiveCfg = Release|x64
		{BFB080B4-0839-4667-A779-DDCCB9B09D85}.Release|x64.Build.0 = Release|x64
		{BFB080B4-0839-4667-A779-DDCCB9B09D85}.Release|x86.ActiveCfg = Release|Win32
		{BFB080B4-0839-4667-A779-DDCCB9B09D85}.Release|x86.Build.0 = Release|Win32
		{1E170C21-184A-4E56-93CE-A9CAF9BF39E6}.Debug|x64.ActiveCfg = Debug|x64
		{1E170C21-184A-4E56-93CE-A9CAF9BF39E6}.Debug|x64.Build.0 = Debug|x64
		{1E170C21-184A-4E56-93CE-A9CAF9BF39E6}.Debug|x86.ActiveCfg = Debug|Win32
		{1E170C21-184A-4E56-93CE-A9CAF9BF39E6}.Debug|x86.Build.0 = Debug|Win32
		{1E170C21-184A-4E56-93CE-A9CAF9BF39E6}.Release|x64.ActiveCfg = Release|x64
		{1E170C21-184A-4E56-93CE-A9CAF9BF39E6}.Release|x64.Build.0 = Release|x64
		{1E170C21-184A-4E56-93CE-A9CAF9BF39E6}.Release|x86.ActiveCfg = Release|Win32
		{1E170C21-184A-4E56-93CE-A9CAF9BF39E6}.Release|x86.Build.0 = Release|Win32
		{83ED9D33-A5D1-4F4F-AB40-E29D9408CD68}.Debug|x64.ActiveCfg = Debug|x64
		{83ED9D33-A5D1-4F4F-AB40-E29D9408CD68}.Debug|x64.Build.0 = Debug|x64
		{83ED9D33-A5D1-4F4F-AB40-E29D9408CD68}.Debug|x86.ActiveCfg = Debug|Win32
		{83ED9D33-A5D1-4F4F-AB40-E29D9408CD68}.Debug|x86.Build.0 = Debug|Win32
		{83ED9D33-A5D1-4F4F-AB40-E29D9408CD68}.Release|x64.ActiveCfg = Release|x64
		{83ED9D33-A5D1-4F4F-AB40-E29D9408CD68}.Release|x64.Build.0 = Release|x64
		{83ED9D33-A5D1-4F4F-AB40-E29D9408CD68}.Release|x86.ActiveCfg = Release|Win32
		{83ED9D33-A5D1-4F4F-AB40-E29D9408CD68}.Release|x86.Build.0 = Release|Win32
		{7A4B2FA1-9934-4269-A153-179CE3698817}.Debug|x64.ActiveCfg = Debug|x64
		{7A4B2FA1-9934-4269-A153-179CE3698817}.Debug|x64.Build.0 = Debug|x64
		{7A4B2FA1-9934-4269-A153-179CE3698817}.Debug|x86.ActiveCfg = Debug|Win32
		{7A4B2FA1-9934-4269-A153-179CE3698817}.Debug|x86.Build.0 = Debug|Win32
		{7A4B2FA1-9934-4269-A153-179CE3698817}.Release|x64.ActiveCfg = Release|x64
		{7A4B2FA1-9934-4269-A153-179CE3698817}.Release|x64.Build.0 = Release|x64
		{7A4B2FA1-9934-4269-A153-179CE3698817}.Release|x86.ActiveCfg = Release|Win32
		{7A4B2FA1-9934-4269-A153-179CE3698817}.Release|x86.Build.0 = Release|Win32
	EndGlobalSection
	GlobalSection(SolutionProperties) = preSolution
		HideSolutionNode = FALSE
	EndGlobalSection
	GlobalSection(NestedProjects) = preSolution
		{21CB7486-60AF-467F-A2C5-EEB557556FB9} = {A5E4AECA-9FC0-49CA-B85D-F2FB71E2D643}
		{4480F59A-BA30-40E6-AA7F-FAD45D2185E0} = {A5E4AECA-9FC0-49CA-B85D-F2FB71E2D643}
		{EBC59017-3320-4DEE-925B-0882C843838B} = {A5E4AECA-9FC0-49CA-B85D-F2FB71E2D643}
		{DCF00822-A390-4783-B80B-24742A573763} = {A5E4AECA-9FC0-49CA-B85D-F2FB71E2D643}
		{5D922DB2-9475-4A43-9E38-9230A789A33E} = {A5E4AECA-9FC0-49CA-B85D-F2FB71E2D643}
		{2B74A076-0C5D-47FD-A3D7-BB0E6E0DDC83} = {A5E4AECA-9FC0-49CA-B85D-F2FB71E2D643}
		{DB65B7B2-DD21-478E-9698-B0E41514BA2F} = {A5E4AECA-9FC0-49CA-B85D-F2FB71E2D643}
		{25D8CAD1-4FAD-40B8-B15C-0CC0958FB222} = {A5E4AECA-9FC0-49CA-B85D-F2FB71E2D643}
		{FBE25FFC-0D68-4DFF-A13E-46F0FF6DD92E} = {A5E4AECA-9FC0-49CA-B85D-F2FB71E2D643}
		{469DB203-0341-4878-86EE-5F2BAA517997} = {125A7581-ACCD-457B-9558-7AECD0661286}
		{B945B989-88BF-4749-BDCD-13B10C7676A8} = {125A7581-ACCD-457B-9558-7AECD0661286}
		{6E1C20DE-FF3B-4379-B72F-0D7C828690AA} = {125A7581-ACCD-457B-9558-7AECD0661286}
		{61C8BF1E-3C56-47F2-8899-727011460E78} = {125A7581-ACCD-457B-9558-7AECD0661286}
		{8F284710-DFE9-48A4-844A-4EF35FBC779F} = {125A7581-ACCD-457B-9558-7AECD0661286}
		{BFB080B4-0839-4667-A779-DDCCB9B09D85} = {125A7581-ACCD-457B-9558-7AECD0661286}
		{1E170C21-184A-4E56-93CE-A9CAF9BF39E6} = {125A7581-ACCD-457B-9558-7AECD0661286}
		{83ED9D33-A5D1-4F4F-AB40-E29D9408CD68} = {125A7581-ACCD-457B-9558-7AECD0661286}
		{7A4B2FA1-9934-4269-A153-179CE3698817} = {125A7581-ACCD-457B-9558-7AECD0661286}
	EndGlobalSection
	GlobalSection(ExtensibilityGlobals) = postSolution
		SolutionGuid = {1F1FE35F-1AFD-4A05-BF5F-402B589ECAD6}
	EndGlobalSection
EndGlobal
