
Microsoft Visual Studio Solution File, Format Version 12.00
# Visual Studio Version 17
VisualStudioVersion = 17.3.32825.248
MinimumVisualStudioVersion = 10.0.40219.1
Project("{8BC9CEB8-8B4A-11D0-8D11-00A0C91BC942}") = "01.HelloSoftUni", "First Steps In Coding\01.HelloSoftUni\01.HelloSoftUni.vcxproj", "{21CB7486-60AF-467F-A2C5-EEB557556FB9}"
EndProject
Project("{8BC9CEB8-8B4A-11D0-8D11-00A0C91BC942}") = "02.Nums1To10", "First Steps In Coding\02.Nums1To10\02.Nums1To10.vcxproj", "{4480F59A-BA30-40E6-AA7F-FAD45D2185E0}"
EndProject
Project("{8BC9CEB8-8B4A-11D0-8D11-00A0C91BC942}") = "03.RectangleArea", "First Steps In Coding\03.RectangleArea\03.RectangleArea.vcxproj", "{EBC59017-3320-4DEE-925B-0882C843838B}"
EndProject
Project("{8BC9CEB8-8B4A-11D0-8D11-00A0C91BC942}") = "04.InchesToCentimeters", "First Steps In Coding\04.InchesToCentimeters\04.InchesToCentimeters.vcxproj", "{DCF00822-A390-4783-B80B-24742A573763}"
EndProject
Project("{8BC9CEB8-8B4A-11D0-8D11-00A0C91BC942}") = "05.GreetingByName", "First Steps In Coding\05.GreetingByName\05.GreetingByName.vcxproj", "{5D922DB2-9475-4A43-9E38-9230A789A33E}"
EndProject
Project("{8BC9CEB8-8B4A-11D0-8D11-00A0C91BC942}") = "06.ConcatenateData", "First Steps In Coding\06.ConcatenateData\06.ConcatenateData.vcxproj", "{2B74A076-0C5D-47FD-A3D7-BB0E6E0DDC83}"
EndProject
Project("{8BC9CEB8-8B4A-11D0-8D11-00A0C91BC942}") = "07.ProjectsCreation", "First Steps In Coding\07.ProjectsCreation\07.ProjectsCreation.vcxproj", "{DB65B7B2-DD21-478E-9698-B0E41514BA2F}"
EndProject
Project("{8BC9CEB8-8B4A-11D0-8D11-00A0C91BC942}") = "08.PetShop", "First Steps In Coding\08.PetShop\08.PetShop.vcxproj", "{25D8CAD1-4FAD-40B8-B15C-0CC0958FB222}"
EndProject
Project("{8BC9CEB8-8B4A-11D0-8D11-00A0C91BC942}") = "09.YardGreening", "First Steps In Coding\09.YardGreening\09.YardGreening.vcxproj", "{FBE25FFC-0D68-4DFF-A13E-46F0FF6DD92E}"
EndProject
Project("{2150E333-8FDC-42A3-9474-1A3956D46DE8}") = "First Steps In Coding", "First Steps In Coding", "{A5E4AECA-9FC0-49CA-B85D-F2FB71E2D643}"
EndProject
Project("{2150E333-8FDC-42A3-9474-1A3956D46DE8}") = "First Steps In Coding - Exercise", "First Steps In Coding - Exercise", "{125A7581-ACCD-457B-9558-7AECD0661286}"
EndProject
Project("{8BC9CEB8-8B4A-11D0-8D11-00A0C91BC942}") = "01.USDtoBGN", "First Steps In Coding  - Exercise\01.USDtoBGN\01.USDtoBGN.vcxproj", "{469DB203-0341-4878-86EE-5F2BAA517997}"
EndProject
Project("{8BC9CEB8-8B4A-11D0-8D11-00A0C91BC942}") = "02.RadiansToDegrees", "First Steps In Coding  - Exercise\02.RadiansToDegrees\02.RadiansToDegrees.vcxproj", "{B945B989-88BF-4749-BDCD-13B10C7676A8}"
EndProject
Project("{8BC9CEB8-8B4A-11D0-8D11-00A0C91BC942}") = "03.DepositCalculator", "First Steps In Coding  - Exercise\03.DepositCalculator\03.DepositCalculator.vcxproj", "{6E1C20DE-FF3B-4379-B72F-0D7C828690AA}"
EndProject
Project("{8BC9CEB8-8B4A-11D0-8D11-00A0C91BC942}") = "04.VacationBookList", "First Steps In Coding  - Exercise\04.VacationBookList\04.VacationBookList.vcxproj", "{61C8BF1E-3C56-47F2-8899-727011460E78}"
EndProject
Project("{8BC9CEB8-8B4A-11D0-8D11-00A0C91BC942}") = "05.SuppliesForSchool", "First Steps In Coding  - Exercise\05.SuppliesForSchool\05.SuppliesForSchool.vcxproj", "{8F284710-DFE9-48A4-844A-4EF35FBC779F}"
EndProject
Project("{8BC9CEB8-8B4A-11D0-8D11-00A0C91BC942}") = "06.Repainting", "First Steps In Coding  - Exercise\06.Repainting\06.Repainting.vcxproj", "{BFB080B4-0839-4667-A779-DDCCB9B09D85}"
EndProject
Project("{8BC9CEB8-8B4A-11D0-8D11-00A0C91BC942}") = "07.FoodDelivery", "First Steps In Coding  - Exercise\07.FoodDelivery\07.FoodDelivery.vcxproj", "{1E170C21-184A-4E56-93CE-A9CAF9BF39E6}"
EndProject
Project("{8BC9CEB8-8B4A-11D0-8D11-00A0C91BC942}") = "08.BasketballEquipment", "First Steps In Coding  - Exercise\08.BasketballEquipment\08.BasketballEquipment.vcxproj", "{83ED9D33-A5D1-4F4F-AB40-E29D9408CD68}"
EndProject
Project("{8BC9CEB8-8B4A-11D0-8D11-00A0C91BC942}") = "09.FishTank", "First Steps In Coding  - Exercise\09.FishTank\09.FishTank.vcxproj", "{7A4B2FA1-9934-4269-A153-179CE3698817}"
EndProject
Project("{2150E333-8FDC-42A3-9474-1A3956D46DE8}") = "Conditional Statements", "Conditional Statements", "{702A6CAD-E852-4C7C-B2AC-5EBC027469A7}"
EndProject
Project("{8BC9CEB8-8B4A-11D0-8D11-00A0C91BC942}") = "01.ExcellentResult", "Conditional Statements\01.ExcellentResult\01.ExcellentResult.vcxproj", "{A0BCCD42-2D40-4EC9-8226-4250076A6AD4}"
EndProject
Project("{8BC9CEB8-8B4A-11D0-8D11-00A0C91BC942}") = "02.GreaterNumber", "Conditional Statements\02.GreaterNumber\02.GreaterNumber.vcxproj", "{834F783B-851C-41BD-958A-DBA345531EC4}"
EndProject
Project("{8BC9CEB8-8B4A-11D0-8D11-00A0C91BC942}") = "03.EvenOrOdd", "Conditional Statements\03.EvenOrOdd\03.EvenOrOdd.vcxproj", "{F6ABAC66-4730-4A04-B6CD-6737DFAAFB72}"
EndProject
Project("{8BC9CEB8-8B4A-11D0-8D11-00A0C91BC942}") = "04.PasswordGuess", "Conditional Statements\04.PasswordGuess\04.PasswordGuess.vcxproj", "{7FBBEA22-7417-4D41-9B23-215EB5262461}"
EndProject
Project("{8BC9CEB8-8B4A-11D0-8D11-00A0C91BC942}") = "05.Number100To200", "Conditional Statements\05.Number100To200\05.Number100To200.vcxproj", "{BEFCE8DE-118F-44C7-B6FD-7EB808888620}"
EndProject
Project("{8BC9CEB8-8B4A-11D0-8D11-00A0C91BC942}") = "06.SpeedInfo", "Conditional Statements\06.SpeedInfo\06.SpeedInfo.vcxproj", "{07738D2D-F28E-4114-98CA-A6872C5CB79A}"
EndProject
Project("{8BC9CEB8-8B4A-11D0-8D11-00A0C91BC942}") = "07.AreaOfFigures", "Conditional Statements\07.AreaOfFigures\07.AreaOfFigures.vcxproj", "{1D82EE93-1A87-450E-AD62-E495E64B0B95}"
EndProject
Project("{2150E333-8FDC-42A3-9474-1A3956D46DE8}") = "Conditional Statemenrs - Exercise", "Conditional Statemenrs - Exercise", "{2E86F1F8-24A5-42BA-9B7E-BB2C6621EB0B}"
EndProject
Project("{8BC9CEB8-8B4A-11D0-8D11-00A0C91BC942}") = "01.SumSeconds", "Conditional Statements - Exercise\01.SumSeconds\01.SumSeconds.vcxproj", "{C7C4F1FD-7CB8-4489-91B0-84632C7CAB06}"
EndProject
Project("{8BC9CEB8-8B4A-11D0-8D11-00A0C91BC942}") = "02.BonusScore", "Conditional Statements - Exercise\02.BonusScore\02.BonusScore.vcxproj", "{9E77AA93-82BE-46DF-AC00-A27ABD19EE1D}"
EndProject
Project("{8BC9CEB8-8B4A-11D0-8D11-00A0C91BC942}") = "03.TimeIn15Mins", "Conditional Statements - Exercise\03.TimeIn15Mins\03.TimeIn15Mins.vcxproj", "{AB2DCF61-996F-4574-9E02-1C88CB7CDF73}"
EndProject
Project("{8BC9CEB8-8B4A-11D0-8D11-00A0C91BC942}") = "04.ToyShop", "Conditional Statements - Exercise\04.ToyShop\04.ToyShop.vcxproj", "{1C7D5EBD-6AA4-4A04-BCA1-3F37602ED6C7}"
EndProject
Project("{8BC9CEB8-8B4A-11D0-8D11-00A0C91BC942}") = "05.GodzillaVsKong", "Conditional Statements - Exercise\05.GodzillaVsKong\05.GodzillaVsKong.vcxproj", "{FD8130DD-A234-4E59-9B1B-1B312DD48E15}"
EndProject
Project("{8BC9CEB8-8B4A-11D0-8D11-00A0C91BC942}") = "06.WorldSwimmingRecord", "Conditional Statements - Exercise\06.WorldSwimmingRecord\06.WorldSwimmingRecord.vcxproj", "{B6C9927B-96E0-4212-A84E-DE3A04BAC0CC}"
EndProject
Project("{8BC9CEB8-8B4A-11D0-8D11-00A0C91BC942}") = "07.Shopping", "Conditional Statements - Exercise\07.Shopping\07.Shopping.vcxproj", "{9976121C-6AA5-4F89-9B67-1E5D236F9174}"
EndProject
Project("{8BC9CEB8-8B4A-11D0-8D11-00A0C91BC942}") = "08.LunchBreak", "Conditional Statements - Exercise\08.LunchBreak\08.LunchBreak.vcxproj", "{270C4A31-0F2A-4230-B244-5557546F62E4}"
EndProject
Project("{2150E333-8FDC-42A3-9474-1A3956D46DE8}") = "Conditional Statements Advanced", "Conditional Statements Advanced", "{12E6B2C4-8BB3-4194-9406-5A9FF968D1D2}"
EndProject
Project("{8BC9CEB8-8B4A-11D0-8D11-00A0C91BC942}") = "01.DayOfWeek", "Cond. Statements Adv\01.DayOfWeek\01.DayOfWeek.vcxproj", "{8632C279-3783-46EE-BFA2-0782B4898A51}"
EndProject
Project("{8BC9CEB8-8B4A-11D0-8D11-00A0C91BC942}") = "02.WorkdayOrWeekend", "Cond. Statements Adv\02.WorkdayOrWeekend\02.WorkdayOrWeekend.vcxproj", "{13CD826D-E625-43D8-A1FD-0A2F74351E85}"
EndProject
Project("{8BC9CEB8-8B4A-11D0-8D11-00A0C91BC942}") = "03.AnimalType", "Cond. Statements Adv\03.AnimalType\03.AnimalType.vcxproj", "{94FD10C8-48BA-4CC6-B438-AEF5DAFAA59B}"
EndProject
Project("{8BC9CEB8-8B4A-11D0-8D11-00A0C91BC942}") = "04.PersonalTitles", "Cond. Statements Adv\04.PersonalTitles\04.PersonalTitles.vcxproj", "{64F21490-4D10-4D9B-A8C8-96DA119A4136}"
EndProject
Project("{8BC9CEB8-8B4A-11D0-8D11-00A0C91BC942}") = "05.SmallShop", "Cond. Statements Adv\05.SmallShop\05.SmallShop.vcxproj", "{3F10C4BF-2CC7-4761-B5C5-1BE9643D8FC0}"
EndProject
Project("{8BC9CEB8-8B4A-11D0-8D11-00A0C91BC942}") = "06.NumberInRange", "Cond. Statements Adv\06.NumberInRange\06.NumberInRange.vcxproj", "{A90C891B-EEC0-4282-B1F4-C8B40C4F791D}"
EndProject
Project("{8BC9CEB8-8B4A-11D0-8D11-00A0C91BC942}") = "07.WorkingHours", "Cond. Statements Adv\07.WorkingHours\07.WorkingHours.vcxproj", "{CE31DCD0-DFA6-4C6E-97F7-3DDFA057507A}"
EndProject
Project("{8BC9CEB8-8B4A-11D0-8D11-00A0C91BC942}") = "08.CinemaTicket", "Cond. Statements Adv\08.CinemaTicket\08.CinemaTicket.vcxproj", "{C4136D3D-B7ED-4010-8DBA-9F04FEF18E16}"
EndProject
Project("{8BC9CEB8-8B4A-11D0-8D11-00A0C91BC942}") = "09.FruitOrVegetable", "Cond. Statements Adv\09.FruitOrVegetable\09.FruitOrVegetable.vcxproj", "{25B5B3F6-0E51-4544-83FF-2F12A4E8D924}"
EndProject
Project("{8BC9CEB8-8B4A-11D0-8D11-00A0C91BC942}") = "10.InvalidNumber", "Cond. Statements Adv\10.InvalidNumber\10.InvalidNumber.vcxproj", "{EACA6649-024C-4FF9-9A03-E8AB99230B10}"
EndProject
Project("{8BC9CEB8-8B4A-11D0-8D11-00A0C91BC942}") = "11.FruitShop", "Cond. Statements Adv\11.FruitShop\11.FruitShop.vcxproj", "{0911C640-45F8-4D43-8F3D-B86FD04F275A}"
EndProject
Project("{8BC9CEB8-8B4A-11D0-8D11-00A0C91BC942}") = "12.TradeCommissions", "Cond. Statements Adv\12.TradeCommissions\12.TradeCommissions.vcxproj", "{A4B986A6-4FE7-4A32-933A-BFC53A5545B8}"
EndProject
Project("{2150E333-8FDC-42A3-9474-1A3956D46DE8}") = "Conditional Statements Advanced - Ex.", "Conditional Statements Advanced - Ex.", "{5DE65848-9AE2-4963-AC0E-09FE6EA1DB39}"
EndProject
Project("{8BC9CEB8-8B4A-11D0-8D11-00A0C91BC942}") = "01.Cinema", "Cond. St. Adv. - Ex\01.Cinema\01.Cinema.vcxproj", "{1E718213-7894-4B82-837D-9633775CFF28}"
EndProject
Project("{8BC9CEB8-8B4A-11D0-8D11-00A0C91BC942}") = "02.SummerOutfit", "Cond. St. Adv. - Ex\02.SummerOutfit\02.SummerOutfit.vcxproj", "{34F6830D-C982-4D63-91E3-1479DEDC6B77}"
EndProject
Project("{8BC9CEB8-8B4A-11D0-8D11-00A0C91BC942}") = "03.NewHouse", "Cond. St. Adv. - Ex\03.NewHouse\03.NewHouse.vcxproj", "{055BF6DE-6DB6-4E2C-9C59-707378DD5B6D}"
EndProject
Project("{8BC9CEB8-8B4A-11D0-8D11-00A0C91BC942}") = "04.FishingBoat", "Cond. St. Adv. - Ex\04.FishingBoat\04.FishingBoat.vcxproj", "{CD425999-92F6-4A4F-9BE5-455CF4633B2E}"
EndProject
Project("{8BC9CEB8-8B4A-11D0-8D11-00A0C91BC942}") = "05.Journey", "Cond. St. Adv. - Ex\05.Journey\05.Journey.vcxproj", "{7DB5EE29-8573-4FC4-B964-6573C477288A}"
EndProject
Project("{8BC9CEB8-8B4A-11D0-8D11-00A0C91BC942}") = "06.OperationsBetweenNumbers", "Cond. St. Adv. - Ex\06.OperationsBetweenNumbers\06.OperationsBetweenNumbers.vcxproj", "{19649FA6-C094-498B-A9EF-CDF94C4425AC}"
EndProject
Project("{8BC9CEB8-8B4A-11D0-8D11-00A0C91BC942}") = "07.HotelRoom", "Cond. St. Adv. - Ex\07.HotelRoom\07.HotelRoom.vcxproj", "{0AFDD25F-61CE-4AF7-BE8A-D4EF2AE79415}"
EndProject
Project("{8BC9CEB8-8B4A-11D0-8D11-00A0C91BC942}") = "08.OnTimeForExam", "Cond. St. Adv. - Ex\08.OnTimeForExam\08.OnTimeForExam.vcxproj", "{9554C06F-3117-4C13-B53E-E878E0007AED}"
EndProject
Project("{8BC9CEB8-8B4A-11D0-8D11-00A0C91BC942}") = "09.SkiTrip", "Cond. St. Adv. - Ex\09.SkiTrip\09.SkiTrip.vcxproj", "{B22347EA-436E-4533-89D8-0E7847350354}"
EndProject
Project("{2150E333-8FDC-42A3-9474-1A3956D46DE8}") = "For Loop", "For Loop", "{18D87D8D-CA5B-48DD-9BB6-BE0A75215EFF}"
EndProject
Project("{8BC9CEB8-8B4A-11D0-8D11-00A0C91BC942}") = "01.Nums1To100", "For Loop\01.Nums1To100\01.Nums1To100.vcxproj", "{675F2317-570E-4B6C-9B63-CD228A6F309D}"
EndProject
Project("{8BC9CEB8-8B4A-11D0-8D11-00A0C91BC942}") = "02.NumsNTo1", "For Loop\02.NumsNTo1\02.NumsNTo1.vcxproj", "{18595392-D77C-4A7D-93DC-AB8BD7641B49}"
EndProject
Project("{8BC9CEB8-8B4A-11D0-8D11-00A0C91BC942}") = "03.Nums1ToNStep3", "For Loop\03.Nums1ToNStep3\03.Nums1ToNStep3.vcxproj", "{68396203-C89D-4222-B811-F6A4EC6F6F0D}"
EndProject
Project("{8BC9CEB8-8B4A-11D0-8D11-00A0C91BC942}") = "04.EvenPowersOf2", "For Loop\04.EvenPowersOf2\04.EvenPowersOf2.vcxproj", "{DA3132AC-4DB1-4F56-BBD9-1DA0F669B875}"
EndProject
Project("{8BC9CEB8-8B4A-11D0-8D11-00A0C91BC942}") = "05.CharacterSequence", "For Loop\05.CharacterSequence\05.CharacterSequence.vcxproj", "{7A931C42-09A3-4DC4-8FAC-BBC26DCBA4F2}"
EndProject
Project("{8BC9CEB8-8B4A-11D0-8D11-00A0C91BC942}") = "06.VowelsSum", "For Loop\06.VowelsSum\06.VowelsSum.vcxproj", "{953A2193-0FC7-4862-A6EC-050773DADD2B}"
EndProject
Project("{8BC9CEB8-8B4A-11D0-8D11-00A0C91BC942}") = "07.SumNumbers", "For Loop\07.SumNumbers\07.SumNumbers.vcxproj", "{BF896214-3344-4189-8CBB-043B01AB134F}"
EndProject
Project("{8BC9CEB8-8B4A-11D0-8D11-00A0C91BC942}") = "08.NumberSequence", "For Loop\08.NumberSequence\08.NumberSequence.vcxproj", "{7E221A65-96BE-4FB4-9D60-DE4D967064C1}"
EndProject
Project("{8BC9CEB8-8B4A-11D0-8D11-00A0C91BC942}") = "09.LeftAndRightSum", "For Loop\09.LeftAndRightSum\09.LeftAndRightSum.vcxproj", "{58F2F8C9-0591-4428-BDCA-F98972BD3BBA}"
EndProject
Project("{8BC9CEB8-8B4A-11D0-8D11-00A0C91BC942}") = "10.OddEvenSum", "For Loop\10.OddEvenSum\10.OddEvenSum.vcxproj", "{2CB6B613-DFF8-4CC4-A799-740290B7B41B}"
EndProject
Global
	GlobalSection(SolutionConfigurationPlatforms) = preSolution
		Debug|x64 = Debug|x64
		Debug|x86 = Debug|x86
		Release|x64 = Release|x64
		Release|x86 = Release|x86
	EndGlobalSection
	GlobalSection(ProjectConfigurationPlatforms) = postSolution
		{21CB7486-60AF-467F-A2C5-EEB557556FB9}.Debug|x64.ActiveCfg = Debug|x64
		{21CB7486-60AF-467F-A2C5-EEB557556FB9}.Debug|x64.Build.0 = Debug|x64
		{21CB7486-60AF-467F-A2C5-EEB557556FB9}.Debug|x86.ActiveCfg = Debug|Win32
		{21CB7486-60AF-467F-A2C5-EEB557556FB9}.Debug|x86.Build.0 = Debug|Win32
		{21CB7486-60AF-467F-A2C5-EEB557556FB9}.Release|x64.ActiveCfg = Release|x64
		{21CB7486-60AF-467F-A2C5-EEB557556FB9}.Release|x64.Build.0 = Release|x64
		{21CB7486-60AF-467F-A2C5-EEB557556FB9}.Release|x86.ActiveCfg = Release|Win32
		{21CB7486-60AF-467F-A2C5-EEB557556FB9}.Release|x86.Build.0 = Release|Win32
		{4480F59A-BA30-40E6-AA7F-FAD45D2185E0}.Debug|x64.ActiveCfg = Debug|x64
		{4480F59A-BA30-40E6-AA7F-FAD45D2185E0}.Debug|x64.Build.0 = Debug|x64
		{4480F59A-BA30-40E6-AA7F-FAD45D2185E0}.Debug|x86.ActiveCfg = Debug|Win32
		{4480F59A-BA30-40E6-AA7F-FAD45D2185E0}.Debug|x86.Build.0 = Debug|Win32
		{4480F59A-BA30-40E6-AA7F-FAD45D2185E0}.Release|x64.ActiveCfg = Release|x64
		{4480F59A-BA30-40E6-AA7F-FAD45D2185E0}.Release|x64.Build.0 = Release|x64
		{4480F59A-BA30-40E6-AA7F-FAD45D2185E0}.Release|x86.ActiveCfg = Release|Win32
		{4480F59A-BA30-40E6-AA7F-FAD45D2185E0}.Release|x86.Build.0 = Release|Win32
		{EBC59017-3320-4DEE-925B-0882C843838B}.Debug|x64.ActiveCfg = Debug|x64
		{EBC59017-3320-4DEE-925B-0882C843838B}.Debug|x64.Build.0 = Debug|x64
		{EBC59017-3320-4DEE-925B-0882C843838B}.Debug|x86.ActiveCfg = Debug|Win32
		{EBC59017-3320-4DEE-925B-0882C843838B}.Debug|x86.Build.0 = Debug|Win32
		{EBC59017-3320-4DEE-925B-0882C843838B}.Release|x64.ActiveCfg = Release|x64
		{EBC59017-3320-4DEE-925B-0882C843838B}.Release|x64.Build.0 = Release|x64
		{EBC59017-3320-4DEE-925B-0882C843838B}.Release|x86.ActiveCfg = Release|Win32
		{EBC59017-3320-4DEE-925B-0882C843838B}.Release|x86.Build.0 = Release|Win32
		{DCF00822-A390-4783-B80B-24742A573763}.Debug|x64.ActiveCfg = Debug|x64
		{DCF00822-A390-4783-B80B-24742A573763}.Debug|x64.Build.0 = Debug|x64
		{DCF00822-A390-4783-B80B-24742A573763}.Debug|x86.ActiveCfg = Debug|Win32
		{DCF00822-A390-4783-B80B-24742A573763}.Debug|x86.Build.0 = Debug|Win32
		{DCF00822-A390-4783-B80B-24742A573763}.Release|x64.ActiveCfg = Release|x64
		{DCF00822-A390-4783-B80B-24742A573763}.Release|x64.Build.0 = Release|x64
		{DCF00822-A390-4783-B80B-24742A573763}.Release|x86.ActiveCfg = Release|Win32
		{DCF00822-A390-4783-B80B-24742A573763}.Release|x86.Build.0 = Release|Win32
		{5D922DB2-9475-4A43-9E38-9230A789A33E}.Debug|x64.ActiveCfg = Debug|x64
		{5D922DB2-9475-4A43-9E38-9230A789A33E}.Debug|x64.Build.0 = Debug|x64
		{5D922DB2-9475-4A43-9E38-9230A789A33E}.Debug|x86.ActiveCfg = Debug|Win32
		{5D922DB2-9475-4A43-9E38-9230A789A33E}.Debug|x86.Build.0 = Debug|Win32
		{5D922DB2-9475-4A43-9E38-9230A789A33E}.Release|x64.ActiveCfg = Release|x64
		{5D922DB2-9475-4A43-9E38-9230A789A33E}.Release|x64.Build.0 = Release|x64
		{5D922DB2-9475-4A43-9E38-9230A789A33E}.Release|x86.ActiveCfg = Release|Win32
		{5D922DB2-9475-4A43-9E38-9230A789A33E}.Release|x86.Build.0 = Release|Win32
		{2B74A076-0C5D-47FD-A3D7-BB0E6E0DDC83}.Debug|x64.ActiveCfg = Debug|x64
		{2B74A076-0C5D-47FD-A3D7-BB0E6E0DDC83}.Debug|x64.Build.0 = Debug|x64
		{2B74A076-0C5D-47FD-A3D7-BB0E6E0DDC83}.Debug|x86.ActiveCfg = Debug|Win32
		{2B74A076-0C5D-47FD-A3D7-BB0E6E0DDC83}.Debug|x86.Build.0 = Debug|Win32
		{2B74A076-0C5D-47FD-A3D7-BB0E6E0DDC83}.Release|x64.ActiveCfg = Release|x64
		{2B74A076-0C5D-47FD-A3D7-BB0E6E0DDC83}.Release|x64.Build.0 = Release|x64
		{2B74A076-0C5D-47FD-A3D7-BB0E6E0DDC83}.Release|x86.ActiveCfg = Release|Win32
		{2B74A076-0C5D-47FD-A3D7-BB0E6E0DDC83}.Release|x86.Build.0 = Release|Win32
		{DB65B7B2-DD21-478E-9698-B0E41514BA2F}.Debug|x64.ActiveCfg = Debug|x64
		{DB65B7B2-DD21-478E-9698-B0E41514BA2F}.Debug|x64.Build.0 = Debug|x64
		{DB65B7B2-DD21-478E-9698-B0E41514BA2F}.Debug|x86.ActiveCfg = Debug|Win32
		{DB65B7B2-DD21-478E-9698-B0E41514BA2F}.Debug|x86.Build.0 = Debug|Win32
		{DB65B7B2-DD21-478E-9698-B0E41514BA2F}.Release|x64.ActiveCfg = Release|x64
		{DB65B7B2-DD21-478E-9698-B0E41514BA2F}.Release|x64.Build.0 = Release|x64
		{DB65B7B2-DD21-478E-9698-B0E41514BA2F}.Release|x86.ActiveCfg = Release|Win32
		{DB65B7B2-DD21-478E-9698-B0E41514BA2F}.Release|x86.Build.0 = Release|Win32
		{25D8CAD1-4FAD-40B8-B15C-0CC0958FB222}.Debug|x64.ActiveCfg = Debug|x64
		{25D8CAD1-4FAD-40B8-B15C-0CC0958FB222}.Debug|x64.Build.0 = Debug|x64
		{25D8CAD1-4FAD-40B8-B15C-0CC0958FB222}.Debug|x86.ActiveCfg = Debug|Win32
		{25D8CAD1-4FAD-40B8-B15C-0CC0958FB222}.Debug|x86.Build.0 = Debug|Win32
		{25D8CAD1-4FAD-40B8-B15C-0CC0958FB222}.Release|x64.ActiveCfg = Release|x64
		{25D8CAD1-4FAD-40B8-B15C-0CC0958FB222}.Release|x64.Build.0 = Release|x64
		{25D8CAD1-4FAD-40B8-B15C-0CC0958FB222}.Release|x86.ActiveCfg = Release|Win32
		{25D8CAD1-4FAD-40B8-B15C-0CC0958FB222}.Release|x86.Build.0 = Release|Win32
		{FBE25FFC-0D68-4DFF-A13E-46F0FF6DD92E}.Debug|x64.ActiveCfg = Debug|x64
		{FBE25FFC-0D68-4DFF-A13E-46F0FF6DD92E}.Debug|x64.Build.0 = Debug|x64
		{FBE25FFC-0D68-4DFF-A13E-46F0FF6DD92E}.Debug|x86.ActiveCfg = Debug|Win32
		{FBE25FFC-0D68-4DFF-A13E-46F0FF6DD92E}.Debug|x86.Build.0 = Debug|Win32
		{FBE25FFC-0D68-4DFF-A13E-46F0FF6DD92E}.Release|x64.ActiveCfg = Release|x64
		{FBE25FFC-0D68-4DFF-A13E-46F0FF6DD92E}.Release|x64.Build.0 = Release|x64
		{FBE25FFC-0D68-4DFF-A13E-46F0FF6DD92E}.Release|x86.ActiveCfg = Release|Win32
		{FBE25FFC-0D68-4DFF-A13E-46F0FF6DD92E}.Release|x86.Build.0 = Release|Win32
		{469DB203-0341-4878-86EE-5F2BAA517997}.Debug|x64.ActiveCfg = Debug|x64
		{469DB203-0341-4878-86EE-5F2BAA517997}.Debug|x64.Build.0 = Debug|x64
		{469DB203-0341-4878-86EE-5F2BAA517997}.Debug|x86.ActiveCfg = Debug|Win32
		{469DB203-0341-4878-86EE-5F2BAA517997}.Debug|x86.Build.0 = Debug|Win32
		{469DB203-0341-4878-86EE-5F2BAA517997}.Release|x64.ActiveCfg = Release|x64
		{469DB203-0341-4878-86EE-5F2BAA517997}.Release|x64.Build.0 = Release|x64
		{469DB203-0341-4878-86EE-5F2BAA517997}.Release|x86.ActiveCfg = Release|Win32
		{469DB203-0341-4878-86EE-5F2BAA517997}.Release|x86.Build.0 = Release|Win32
		{B945B989-88BF-4749-BDCD-13B10C7676A8}.Debug|x64.ActiveCfg = Debug|x64
		{B945B989-88BF-4749-BDCD-13B10C7676A8}.Debug|x64.Build.0 = Debug|x64
		{B945B989-88BF-4749-BDCD-13B10C7676A8}.Debug|x86.ActiveCfg = Debug|Win32
		{B945B989-88BF-4749-BDCD-13B10C7676A8}.Debug|x86.Build.0 = Debug|Win32
		{B945B989-88BF-4749-BDCD-13B10C7676A8}.Release|x64.ActiveCfg = Release|x64
		{B945B989-88BF-4749-BDCD-13B10C7676A8}.Release|x64.Build.0 = Release|x64
		{B945B989-88BF-4749-BDCD-13B10C7676A8}.Release|x86.ActiveCfg = Release|Win32
		{B945B989-88BF-4749-BDCD-13B10C7676A8}.Release|x86.Build.0 = Release|Win32
		{6E1C20DE-FF3B-4379-B72F-0D7C828690AA}.Debug|x64.ActiveCfg = Debug|x64
		{6E1C20DE-FF3B-4379-B72F-0D7C828690AA}.Debug|x64.Build.0 = Debug|x64
		{6E1C20DE-FF3B-4379-B72F-0D7C828690AA}.Debug|x86.ActiveCfg = Debug|Win32
		{6E1C20DE-FF3B-4379-B72F-0D7C828690AA}.Debug|x86.Build.0 = Debug|Win32
		{6E1C20DE-FF3B-4379-B72F-0D7C828690AA}.Release|x64.ActiveCfg = Release|x64
		{6E1C20DE-FF3B-4379-B72F-0D7C828690AA}.Release|x64.Build.0 = Release|x64
		{6E1C20DE-FF3B-4379-B72F-0D7C828690AA}.Release|x86.ActiveCfg = Release|Win32
		{6E1C20DE-FF3B-4379-B72F-0D7C828690AA}.Release|x86.Build.0 = Release|Win32
		{61C8BF1E-3C56-47F2-8899-727011460E78}.Debug|x64.ActiveCfg = Debug|x64
		{61C8BF1E-3C56-47F2-8899-727011460E78}.Debug|x64.Build.0 = Debug|x64
		{61C8BF1E-3C56-47F2-8899-727011460E78}.Debug|x86.ActiveCfg = Debug|Win32
		{61C8BF1E-3C56-47F2-8899-727011460E78}.Debug|x86.Build.0 = Debug|Win32
		{61C8BF1E-3C56-47F2-8899-727011460E78}.Release|x64.ActiveCfg = Release|x64
		{61C8BF1E-3C56-47F2-8899-727011460E78}.Release|x64.Build.0 = Release|x64
		{61C8BF1E-3C56-47F2-8899-727011460E78}.Release|x86.ActiveCfg = Release|Win32
		{61C8BF1E-3C56-47F2-8899-727011460E78}.Release|x86.Build.0 = Release|Win32
		{8F284710-DFE9-48A4-844A-4EF35FBC779F}.Debug|x64.ActiveCfg = Debug|x64
		{8F284710-DFE9-48A4-844A-4EF35FBC779F}.Debug|x64.Build.0 = Debug|x64
		{8F284710-DFE9-48A4-844A-4EF35FBC779F}.Debug|x86.ActiveCfg = Debug|Win32
		{8F284710-DFE9-48A4-844A-4EF35FBC779F}.Debug|x86.Build.0 = Debug|Win32
		{8F284710-DFE9-48A4-844A-4EF35FBC779F}.Release|x64.ActiveCfg = Release|x64
		{8F284710-DFE9-48A4-844A-4EF35FBC779F}.Release|x64.Build.0 = Release|x64
		{8F284710-DFE9-48A4-844A-4EF35FBC779F}.Release|x86.ActiveCfg = Release|Win32
		{8F284710-DFE9-48A4-844A-4EF35FBC779F}.Release|x86.Build.0 = Release|Win32
		{BFB080B4-0839-4667-A779-DDCCB9B09D85}.Debug|x64.ActiveCfg = Debug|x64
		{BFB080B4-0839-4667-A779-DDCCB9B09D85}.Debug|x64.Build.0 = Debug|x64
		{BFB080B4-0839-4667-A779-DDCCB9B09D85}.Debug|x86.ActiveCfg = Debug|Win32
		{BFB080B4-0839-4667-A779-DDCCB9B09D85}.Debug|x86.Build.0 = Debug|Win32
		{BFB080B4-0839-4667-A779-DDCCB9B09D85}.Release|x64.ActiveCfg = Release|x64
		{BFB080B4-0839-4667-A779-DDCCB9B09D85}.Release|x64.Build.0 = Release|x64
		{BFB080B4-0839-4667-A779-DDCCB9B09D85}.Release|x86.ActiveCfg = Release|Win32
		{BFB080B4-0839-4667-A779-DDCCB9B09D85}.Release|x86.Build.0 = Release|Win32
		{1E170C21-184A-4E56-93CE-A9CAF9BF39E6}.Debug|x64.ActiveCfg = Debug|x64
		{1E170C21-184A-4E56-93CE-A9CAF9BF39E6}.Debug|x64.Build.0 = Debug|x64
		{1E170C21-184A-4E56-93CE-A9CAF9BF39E6}.Debug|x86.ActiveCfg = Debug|Win32
		{1E170C21-184A-4E56-93CE-A9CAF9BF39E6}.Debug|x86.Build.0 = Debug|Win32
		{1E170C21-184A-4E56-93CE-A9CAF9BF39E6}.Release|x64.ActiveCfg = Release|x64
		{1E170C21-184A-4E56-93CE-A9CAF9BF39E6}.Release|x64.Build.0 = Release|x64
		{1E170C21-184A-4E56-93CE-A9CAF9BF39E6}.Release|x86.ActiveCfg = Release|Win32
		{1E170C21-184A-4E56-93CE-A9CAF9BF39E6}.Release|x86.Build.0 = Release|Win32
		{83ED9D33-A5D1-4F4F-AB40-E29D9408CD68}.Debug|x64.ActiveCfg = Debug|x64
		{83ED9D33-A5D1-4F4F-AB40-E29D9408CD68}.Debug|x64.Build.0 = Debug|x64
		{83ED9D33-A5D1-4F4F-AB40-E29D9408CD68}.Debug|x86.ActiveCfg = Debug|Win32
		{83ED9D33-A5D1-4F4F-AB40-E29D9408CD68}.Debug|x86.Build.0 = Debug|Win32
		{83ED9D33-A5D1-4F4F-AB40-E29D9408CD68}.Release|x64.ActiveCfg = Release|x64
		{83ED9D33-A5D1-4F4F-AB40-E29D9408CD68}.Release|x64.Build.0 = Release|x64
		{83ED9D33-A5D1-4F4F-AB40-E29D9408CD68}.Release|x86.ActiveCfg = Release|Win32
		{83ED9D33-A5D1-4F4F-AB40-E29D9408CD68}.Release|x86.Build.0 = Release|Win32
		{7A4B2FA1-9934-4269-A153-179CE3698817}.Debug|x64.ActiveCfg = Debug|x64
		{7A4B2FA1-9934-4269-A153-179CE3698817}.Debug|x64.Build.0 = Debug|x64
		{7A4B2FA1-9934-4269-A153-179CE3698817}.Debug|x86.ActiveCfg = Debug|Win32
		{7A4B2FA1-9934-4269-A153-179CE3698817}.Debug|x86.Build.0 = Debug|Win32
		{7A4B2FA1-9934-4269-A153-179CE3698817}.Release|x64.ActiveCfg = Release|x64
		{7A4B2FA1-9934-4269-A153-179CE3698817}.Release|x64.Build.0 = Release|x64
		{7A4B2FA1-9934-4269-A153-179CE3698817}.Release|x86.ActiveCfg = Release|Win32
		{7A4B2FA1-9934-4269-A153-179CE3698817}.Release|x86.Build.0 = Release|Win32
		{A0BCCD42-2D40-4EC9-8226-4250076A6AD4}.Debug|x64.ActiveCfg = Debug|x64
		{A0BCCD42-2D40-4EC9-8226-4250076A6AD4}.Debug|x64.Build.0 = Debug|x64
		{A0BCCD42-2D40-4EC9-8226-4250076A6AD4}.Debug|x86.ActiveCfg = Debug|Win32
		{A0BCCD42-2D40-4EC9-8226-4250076A6AD4}.Debug|x86.Build.0 = Debug|Win32
		{A0BCCD42-2D40-4EC9-8226-4250076A6AD4}.Release|x64.ActiveCfg = Release|x64
		{A0BCCD42-2D40-4EC9-8226-4250076A6AD4}.Release|x64.Build.0 = Release|x64
		{A0BCCD42-2D40-4EC9-8226-4250076A6AD4}.Release|x86.ActiveCfg = Release|Win32
		{A0BCCD42-2D40-4EC9-8226-4250076A6AD4}.Release|x86.Build.0 = Release|Win32
		{834F783B-851C-41BD-958A-DBA345531EC4}.Debug|x64.ActiveCfg = Debug|x64
		{834F783B-851C-41BD-958A-DBA345531EC4}.Debug|x64.Build.0 = Debug|x64
		{834F783B-851C-41BD-958A-DBA345531EC4}.Debug|x86.ActiveCfg = Debug|Win32
		{834F783B-851C-41BD-958A-DBA345531EC4}.Debug|x86.Build.0 = Debug|Win32
		{834F783B-851C-41BD-958A-DBA345531EC4}.Release|x64.ActiveCfg = Release|x64
		{834F783B-851C-41BD-958A-DBA345531EC4}.Release|x64.Build.0 = Release|x64
		{834F783B-851C-41BD-958A-DBA345531EC4}.Release|x86.ActiveCfg = Release|Win32
		{834F783B-851C-41BD-958A-DBA345531EC4}.Release|x86.Build.0 = Release|Win32
		{F6ABAC66-4730-4A04-B6CD-6737DFAAFB72}.Debug|x64.ActiveCfg = Debug|x64
		{F6ABAC66-4730-4A04-B6CD-6737DFAAFB72}.Debug|x64.Build.0 = Debug|x64
		{F6ABAC66-4730-4A04-B6CD-6737DFAAFB72}.Debug|x86.ActiveCfg = Debug|Win32
		{F6ABAC66-4730-4A04-B6CD-6737DFAAFB72}.Debug|x86.Build.0 = Debug|Win32
		{F6ABAC66-4730-4A04-B6CD-6737DFAAFB72}.Release|x64.ActiveCfg = Release|x64
		{F6ABAC66-4730-4A04-B6CD-6737DFAAFB72}.Release|x64.Build.0 = Release|x64
		{F6ABAC66-4730-4A04-B6CD-6737DFAAFB72}.Release|x86.ActiveCfg = Release|Win32
		{F6ABAC66-4730-4A04-B6CD-6737DFAAFB72}.Release|x86.Build.0 = Release|Win32
		{7FBBEA22-7417-4D41-9B23-215EB5262461}.Debug|x64.ActiveCfg = Debug|x64
		{7FBBEA22-7417-4D41-9B23-215EB5262461}.Debug|x64.Build.0 = Debug|x64
		{7FBBEA22-7417-4D41-9B23-215EB5262461}.Debug|x86.ActiveCfg = Debug|Win32
		{7FBBEA22-7417-4D41-9B23-215EB5262461}.Debug|x86.Build.0 = Debug|Win32
		{7FBBEA22-7417-4D41-9B23-215EB5262461}.Release|x64.ActiveCfg = Release|x64
		{7FBBEA22-7417-4D41-9B23-215EB5262461}.Release|x64.Build.0 = Release|x64
		{7FBBEA22-7417-4D41-9B23-215EB5262461}.Release|x86.ActiveCfg = Release|Win32
		{7FBBEA22-7417-4D41-9B23-215EB5262461}.Release|x86.Build.0 = Release|Win32
		{BEFCE8DE-118F-44C7-B6FD-7EB808888620}.Debug|x64.ActiveCfg = Debug|x64
		{BEFCE8DE-118F-44C7-B6FD-7EB808888620}.Debug|x64.Build.0 = Debug|x64
		{BEFCE8DE-118F-44C7-B6FD-7EB808888620}.Debug|x86.ActiveCfg = Debug|Win32
		{BEFCE8DE-118F-44C7-B6FD-7EB808888620}.Debug|x86.Build.0 = Debug|Win32
		{BEFCE8DE-118F-44C7-B6FD-7EB808888620}.Release|x64.ActiveCfg = Release|x64
		{BEFCE8DE-118F-44C7-B6FD-7EB808888620}.Release|x64.Build.0 = Release|x64
		{BEFCE8DE-118F-44C7-B6FD-7EB808888620}.Release|x86.ActiveCfg = Release|Win32
		{BEFCE8DE-118F-44C7-B6FD-7EB808888620}.Release|x86.Build.0 = Release|Win32
		{07738D2D-F28E-4114-98CA-A6872C5CB79A}.Debug|x64.ActiveCfg = Debug|x64
		{07738D2D-F28E-4114-98CA-A6872C5CB79A}.Debug|x64.Build.0 = Debug|x64
		{07738D2D-F28E-4114-98CA-A6872C5CB79A}.Debug|x86.ActiveCfg = Debug|Win32
		{07738D2D-F28E-4114-98CA-A6872C5CB79A}.Debug|x86.Build.0 = Debug|Win32
		{07738D2D-F28E-4114-98CA-A6872C5CB79A}.Release|x64.ActiveCfg = Release|x64
		{07738D2D-F28E-4114-98CA-A6872C5CB79A}.Release|x64.Build.0 = Release|x64
		{07738D2D-F28E-4114-98CA-A6872C5CB79A}.Release|x86.ActiveCfg = Release|Win32
		{07738D2D-F28E-4114-98CA-A6872C5CB79A}.Release|x86.Build.0 = Release|Win32
		{1D82EE93-1A87-450E-AD62-E495E64B0B95}.Debug|x64.ActiveCfg = Debug|x64
		{1D82EE93-1A87-450E-AD62-E495E64B0B95}.Debug|x64.Build.0 = Debug|x64
		{1D82EE93-1A87-450E-AD62-E495E64B0B95}.Debug|x86.ActiveCfg = Debug|Win32
		{1D82EE93-1A87-450E-AD62-E495E64B0B95}.Debug|x86.Build.0 = Debug|Win32
		{1D82EE93-1A87-450E-AD62-E495E64B0B95}.Release|x64.ActiveCfg = Release|x64
		{1D82EE93-1A87-450E-AD62-E495E64B0B95}.Release|x64.Build.0 = Release|x64
		{1D82EE93-1A87-450E-AD62-E495E64B0B95}.Release|x86.ActiveCfg = Release|Win32
		{1D82EE93-1A87-450E-AD62-E495E64B0B95}.Release|x86.Build.0 = Release|Win32
		{C7C4F1FD-7CB8-4489-91B0-84632C7CAB06}.Debug|x64.ActiveCfg = Debug|x64
		{C7C4F1FD-7CB8-4489-91B0-84632C7CAB06}.Debug|x64.Build.0 = Debug|x64
		{C7C4F1FD-7CB8-4489-91B0-84632C7CAB06}.Debug|x86.ActiveCfg = Debug|Win32
		{C7C4F1FD-7CB8-4489-91B0-84632C7CAB06}.Debug|x86.Build.0 = Debug|Win32
		{C7C4F1FD-7CB8-4489-91B0-84632C7CAB06}.Release|x64.ActiveCfg = Release|x64
		{C7C4F1FD-7CB8-4489-91B0-84632C7CAB06}.Release|x64.Build.0 = Release|x64
		{C7C4F1FD-7CB8-4489-91B0-84632C7CAB06}.Release|x86.ActiveCfg = Release|Win32
		{C7C4F1FD-7CB8-4489-91B0-84632C7CAB06}.Release|x86.Build.0 = Release|Win32
		{9E77AA93-82BE-46DF-AC00-A27ABD19EE1D}.Debug|x64.ActiveCfg = Debug|x64
		{9E77AA93-82BE-46DF-AC00-A27ABD19EE1D}.Debug|x64.Build.0 = Debug|x64
		{9E77AA93-82BE-46DF-AC00-A27ABD19EE1D}.Debug|x86.ActiveCfg = Debug|Win32
		{9E77AA93-82BE-46DF-AC00-A27ABD19EE1D}.Debug|x86.Build.0 = Debug|Win32
		{9E77AA93-82BE-46DF-AC00-A27ABD19EE1D}.Release|x64.ActiveCfg = Release|x64
		{9E77AA93-82BE-46DF-AC00-A27ABD19EE1D}.Release|x64.Build.0 = Release|x64
		{9E77AA93-82BE-46DF-AC00-A27ABD19EE1D}.Release|x86.ActiveCfg = Release|Win32
		{9E77AA93-82BE-46DF-AC00-A27ABD19EE1D}.Release|x86.Build.0 = Release|Win32
		{AB2DCF61-996F-4574-9E02-1C88CB7CDF73}.Debug|x64.ActiveCfg = Debug|x64
		{AB2DCF61-996F-4574-9E02-1C88CB7CDF73}.Debug|x64.Build.0 = Debug|x64
		{AB2DCF61-996F-4574-9E02-1C88CB7CDF73}.Debug|x86.ActiveCfg = Debug|Win32
		{AB2DCF61-996F-4574-9E02-1C88CB7CDF73}.Debug|x86.Build.0 = Debug|Win32
		{AB2DCF61-996F-4574-9E02-1C88CB7CDF73}.Release|x64.ActiveCfg = Release|x64
		{AB2DCF61-996F-4574-9E02-1C88CB7CDF73}.Release|x64.Build.0 = Release|x64
		{AB2DCF61-996F-4574-9E02-1C88CB7CDF73}.Release|x86.ActiveCfg = Release|Win32
		{AB2DCF61-996F-4574-9E02-1C88CB7CDF73}.Release|x86.Build.0 = Release|Win32
		{1C7D5EBD-6AA4-4A04-BCA1-3F37602ED6C7}.Debug|x64.ActiveCfg = Debug|x64
		{1C7D5EBD-6AA4-4A04-BCA1-3F37602ED6C7}.Debug|x64.Build.0 = Debug|x64
		{1C7D5EBD-6AA4-4A04-BCA1-3F37602ED6C7}.Debug|x86.ActiveCfg = Debug|Win32
		{1C7D5EBD-6AA4-4A04-BCA1-3F37602ED6C7}.Debug|x86.Build.0 = Debug|Win32
		{1C7D5EBD-6AA4-4A04-BCA1-3F37602ED6C7}.Release|x64.ActiveCfg = Release|x64
		{1C7D5EBD-6AA4-4A04-BCA1-3F37602ED6C7}.Release|x64.Build.0 = Release|x64
		{1C7D5EBD-6AA4-4A04-BCA1-3F37602ED6C7}.Release|x86.ActiveCfg = Release|Win32
		{1C7D5EBD-6AA4-4A04-BCA1-3F37602ED6C7}.Release|x86.Build.0 = Release|Win32
		{FD8130DD-A234-4E59-9B1B-1B312DD48E15}.Debug|x64.ActiveCfg = Debug|x64
		{FD8130DD-A234-4E59-9B1B-1B312DD48E15}.Debug|x64.Build.0 = Debug|x64
		{FD8130DD-A234-4E59-9B1B-1B312DD48E15}.Debug|x86.ActiveCfg = Debug|Win32
		{FD8130DD-A234-4E59-9B1B-1B312DD48E15}.Debug|x86.Build.0 = Debug|Win32
		{FD8130DD-A234-4E59-9B1B-1B312DD48E15}.Release|x64.ActiveCfg = Release|x64
		{FD8130DD-A234-4E59-9B1B-1B312DD48E15}.Release|x64.Build.0 = Release|x64
		{FD8130DD-A234-4E59-9B1B-1B312DD48E15}.Release|x86.ActiveCfg = Release|Win32
		{FD8130DD-A234-4E59-9B1B-1B312DD48E15}.Release|x86.Build.0 = Release|Win32
		{B6C9927B-96E0-4212-A84E-DE3A04BAC0CC}.Debug|x64.ActiveCfg = Debug|x64
		{B6C9927B-96E0-4212-A84E-DE3A04BAC0CC}.Debug|x64.Build.0 = Debug|x64
		{B6C9927B-96E0-4212-A84E-DE3A04BAC0CC}.Debug|x86.ActiveCfg = Debug|Win32
		{B6C9927B-96E0-4212-A84E-DE3A04BAC0CC}.Debug|x86.Build.0 = Debug|Win32
		{B6C9927B-96E0-4212-A84E-DE3A04BAC0CC}.Release|x64.ActiveCfg = Release|x64
		{B6C9927B-96E0-4212-A84E-DE3A04BAC0CC}.Release|x64.Build.0 = Release|x64
		{B6C9927B-96E0-4212-A84E-DE3A04BAC0CC}.Release|x86.ActiveCfg = Release|Win32
		{B6C9927B-96E0-4212-A84E-DE3A04BAC0CC}.Release|x86.Build.0 = Release|Win32
		{9976121C-6AA5-4F89-9B67-1E5D236F9174}.Debug|x64.ActiveCfg = Debug|x64
		{9976121C-6AA5-4F89-9B67-1E5D236F9174}.Debug|x64.Build.0 = Debug|x64
		{9976121C-6AA5-4F89-9B67-1E5D236F9174}.Debug|x86.ActiveCfg = Debug|Win32
		{9976121C-6AA5-4F89-9B67-1E5D236F9174}.Debug|x86.Build.0 = Debug|Win32
		{9976121C-6AA5-4F89-9B67-1E5D236F9174}.Release|x64.ActiveCfg = Release|x64
		{9976121C-6AA5-4F89-9B67-1E5D236F9174}.Release|x64.Build.0 = Release|x64
		{9976121C-6AA5-4F89-9B67-1E5D236F9174}.Release|x86.ActiveCfg = Release|Win32
		{9976121C-6AA5-4F89-9B67-1E5D236F9174}.Release|x86.Build.0 = Release|Win32
		{270C4A31-0F2A-4230-B244-5557546F62E4}.Debug|x64.ActiveCfg = Debug|x64
		{270C4A31-0F2A-4230-B244-5557546F62E4}.Debug|x64.Build.0 = Debug|x64
		{270C4A31-0F2A-4230-B244-5557546F62E4}.Debug|x86.ActiveCfg = Debug|Win32
		{270C4A31-0F2A-4230-B244-5557546F62E4}.Debug|x86.Build.0 = Debug|Win32
		{270C4A31-0F2A-4230-B244-5557546F62E4}.Release|x64.ActiveCfg = Release|x64
		{270C4A31-0F2A-4230-B244-5557546F62E4}.Release|x64.Build.0 = Release|x64
		{270C4A31-0F2A-4230-B244-5557546F62E4}.Release|x86.ActiveCfg = Release|Win32
		{270C4A31-0F2A-4230-B244-5557546F62E4}.Release|x86.Build.0 = Release|Win32
		{8632C279-3783-46EE-BFA2-0782B4898A51}.Debug|x64.ActiveCfg = Debug|x64
		{8632C279-3783-46EE-BFA2-0782B4898A51}.Debug|x64.Build.0 = Debug|x64
		{8632C279-3783-46EE-BFA2-0782B4898A51}.Debug|x86.ActiveCfg = Debug|Win32
		{8632C279-3783-46EE-BFA2-0782B4898A51}.Debug|x86.Build.0 = Debug|Win32
		{8632C279-3783-46EE-BFA2-0782B4898A51}.Release|x64.ActiveCfg = Release|x64
		{8632C279-3783-46EE-BFA2-0782B4898A51}.Release|x64.Build.0 = Release|x64
		{8632C279-3783-46EE-BFA2-0782B4898A51}.Release|x86.ActiveCfg = Release|Win32
		{8632C279-3783-46EE-BFA2-0782B4898A51}.Release|x86.Build.0 = Release|Win32
		{13CD826D-E625-43D8-A1FD-0A2F74351E85}.Debug|x64.ActiveCfg = Debug|x64
		{13CD826D-E625-43D8-A1FD-0A2F74351E85}.Debug|x64.Build.0 = Debug|x64
		{13CD826D-E625-43D8-A1FD-0A2F74351E85}.Debug|x86.ActiveCfg = Debug|Win32
		{13CD826D-E625-43D8-A1FD-0A2F74351E85}.Debug|x86.Build.0 = Debug|Win32
		{13CD826D-E625-43D8-A1FD-0A2F74351E85}.Release|x64.ActiveCfg = Release|x64
		{13CD826D-E625-43D8-A1FD-0A2F74351E85}.Release|x64.Build.0 = Release|x64
		{13CD826D-E625-43D8-A1FD-0A2F74351E85}.Release|x86.ActiveCfg = Release|Win32
		{13CD826D-E625-43D8-A1FD-0A2F74351E85}.Release|x86.Build.0 = Release|Win32
		{94FD10C8-48BA-4CC6-B438-AEF5DAFAA59B}.Debug|x64.ActiveCfg = Debug|x64
		{94FD10C8-48BA-4CC6-B438-AEF5DAFAA59B}.Debug|x64.Build.0 = Debug|x64
		{94FD10C8-48BA-4CC6-B438-AEF5DAFAA59B}.Debug|x86.ActiveCfg = Debug|Win32
		{94FD10C8-48BA-4CC6-B438-AEF5DAFAA59B}.Debug|x86.Build.0 = Debug|Win32
		{94FD10C8-48BA-4CC6-B438-AEF5DAFAA59B}.Release|x64.ActiveCfg = Release|x64
		{94FD10C8-48BA-4CC6-B438-AEF5DAFAA59B}.Release|x64.Build.0 = Release|x64
		{94FD10C8-48BA-4CC6-B438-AEF5DAFAA59B}.Release|x86.ActiveCfg = Release|Win32
		{94FD10C8-48BA-4CC6-B438-AEF5DAFAA59B}.Release|x86.Build.0 = Release|Win32
		{64F21490-4D10-4D9B-A8C8-96DA119A4136}.Debug|x64.ActiveCfg = Debug|x64
		{64F21490-4D10-4D9B-A8C8-96DA119A4136}.Debug|x64.Build.0 = Debug|x64
		{64F21490-4D10-4D9B-A8C8-96DA119A4136}.Debug|x86.ActiveCfg = Debug|Win32
		{64F21490-4D10-4D9B-A8C8-96DA119A4136}.Debug|x86.Build.0 = Debug|Win32
		{64F21490-4D10-4D9B-A8C8-96DA119A4136}.Release|x64.ActiveCfg = Release|x64
		{64F21490-4D10-4D9B-A8C8-96DA119A4136}.Release|x64.Build.0 = Release|x64
		{64F21490-4D10-4D9B-A8C8-96DA119A4136}.Release|x86.ActiveCfg = Release|Win32
		{64F21490-4D10-4D9B-A8C8-96DA119A4136}.Release|x86.Build.0 = Release|Win32
		{3F10C4BF-2CC7-4761-B5C5-1BE9643D8FC0}.Debug|x64.ActiveCfg = Debug|x64
		{3F10C4BF-2CC7-4761-B5C5-1BE9643D8FC0}.Debug|x64.Build.0 = Debug|x64
		{3F10C4BF-2CC7-4761-B5C5-1BE9643D8FC0}.Debug|x86.ActiveCfg = Debug|Win32
		{3F10C4BF-2CC7-4761-B5C5-1BE9643D8FC0}.Debug|x86.Build.0 = Debug|Win32
		{3F10C4BF-2CC7-4761-B5C5-1BE9643D8FC0}.Release|x64.ActiveCfg = Release|x64
		{3F10C4BF-2CC7-4761-B5C5-1BE9643D8FC0}.Release|x64.Build.0 = Release|x64
		{3F10C4BF-2CC7-4761-B5C5-1BE9643D8FC0}.Release|x86.ActiveCfg = Release|Win32
		{3F10C4BF-2CC7-4761-B5C5-1BE9643D8FC0}.Release|x86.Build.0 = Release|Win32
		{A90C891B-EEC0-4282-B1F4-C8B40C4F791D}.Debug|x64.ActiveCfg = Debug|x64
		{A90C891B-EEC0-4282-B1F4-C8B40C4F791D}.Debug|x64.Build.0 = Debug|x64
		{A90C891B-EEC0-4282-B1F4-C8B40C4F791D}.Debug|x86.ActiveCfg = Debug|Win32
		{A90C891B-EEC0-4282-B1F4-C8B40C4F791D}.Debug|x86.Build.0 = Debug|Win32
		{A90C891B-EEC0-4282-B1F4-C8B40C4F791D}.Release|x64.ActiveCfg = Release|x64
		{A90C891B-EEC0-4282-B1F4-C8B40C4F791D}.Release|x64.Build.0 = Release|x64
		{A90C891B-EEC0-4282-B1F4-C8B40C4F791D}.Release|x86.ActiveCfg = Release|Win32
		{A90C891B-EEC0-4282-B1F4-C8B40C4F791D}.Release|x86.Build.0 = Release|Win32
		{CE31DCD0-DFA6-4C6E-97F7-3DDFA057507A}.Debug|x64.ActiveCfg = Debug|x64
		{CE31DCD0-DFA6-4C6E-97F7-3DDFA057507A}.Debug|x64.Build.0 = Debug|x64
		{CE31DCD0-DFA6-4C6E-97F7-3DDFA057507A}.Debug|x86.ActiveCfg = Debug|Win32
		{CE31DCD0-DFA6-4C6E-97F7-3DDFA057507A}.Debug|x86.Build.0 = Debug|Win32
		{CE31DCD0-DFA6-4C6E-97F7-3DDFA057507A}.Release|x64.ActiveCfg = Release|x64
		{CE31DCD0-DFA6-4C6E-97F7-3DDFA057507A}.Release|x64.Build.0 = Release|x64
		{CE31DCD0-DFA6-4C6E-97F7-3DDFA057507A}.Release|x86.ActiveCfg = Release|Win32
		{CE31DCD0-DFA6-4C6E-97F7-3DDFA057507A}.Release|x86.Build.0 = Release|Win32
		{C4136D3D-B7ED-4010-8DBA-9F04FEF18E16}.Debug|x64.ActiveCfg = Debug|x64
		{C4136D3D-B7ED-4010-8DBA-9F04FEF18E16}.Debug|x64.Build.0 = Debug|x64
		{C4136D3D-B7ED-4010-8DBA-9F04FEF18E16}.Debug|x86.ActiveCfg = Debug|Win32
		{C4136D3D-B7ED-4010-8DBA-9F04FEF18E16}.Debug|x86.Build.0 = Debug|Win32
		{C4136D3D-B7ED-4010-8DBA-9F04FEF18E16}.Release|x64.ActiveCfg = Release|x64
		{C4136D3D-B7ED-4010-8DBA-9F04FEF18E16}.Release|x64.Build.0 = Release|x64
		{C4136D3D-B7ED-4010-8DBA-9F04FEF18E16}.Release|x86.ActiveCfg = Release|Win32
		{C4136D3D-B7ED-4010-8DBA-9F04FEF18E16}.Release|x86.Build.0 = Release|Win32
		{25B5B3F6-0E51-4544-83FF-2F12A4E8D924}.Debug|x64.ActiveCfg = Debug|x64
		{25B5B3F6-0E51-4544-83FF-2F12A4E8D924}.Debug|x64.Build.0 = Debug|x64
		{25B5B3F6-0E51-4544-83FF-2F12A4E8D924}.Debug|x86.ActiveCfg = Debug|Win32
		{25B5B3F6-0E51-4544-83FF-2F12A4E8D924}.Debug|x86.Build.0 = Debug|Win32
		{25B5B3F6-0E51-4544-83FF-2F12A4E8D924}.Release|x64.ActiveCfg = Release|x64
		{25B5B3F6-0E51-4544-83FF-2F12A4E8D924}.Release|x64.Build.0 = Release|x64
		{25B5B3F6-0E51-4544-83FF-2F12A4E8D924}.Release|x86.ActiveCfg = Release|Win32
		{25B5B3F6-0E51-4544-83FF-2F12A4E8D924}.Release|x86.Build.0 = Release|Win32
		{EACA6649-024C-4FF9-9A03-E8AB99230B10}.Debug|x64.ActiveCfg = Debug|x64
		{EACA6649-024C-4FF9-9A03-E8AB99230B10}.Debug|x64.Build.0 = Debug|x64
		{EACA6649-024C-4FF9-9A03-E8AB99230B10}.Debug|x86.ActiveCfg = Debug|Win32
		{EACA6649-024C-4FF9-9A03-E8AB99230B10}.Debug|x86.Build.0 = Debug|Win32
		{EACA6649-024C-4FF9-9A03-E8AB99230B10}.Release|x64.ActiveCfg = Release|x64
		{EACA6649-024C-4FF9-9A03-E8AB99230B10}.Release|x64.Build.0 = Release|x64
		{EACA6649-024C-4FF9-9A03-E8AB99230B10}.Release|x86.ActiveCfg = Release|Win32
		{EACA6649-024C-4FF9-9A03-E8AB99230B10}.Release|x86.Build.0 = Release|Win32
		{0911C640-45F8-4D43-8F3D-B86FD04F275A}.Debug|x64.ActiveCfg = Debug|x64
		{0911C640-45F8-4D43-8F3D-B86FD04F275A}.Debug|x64.Build.0 = Debug|x64
		{0911C640-45F8-4D43-8F3D-B86FD04F275A}.Debug|x86.ActiveCfg = Debug|Win32
		{0911C640-45F8-4D43-8F3D-B86FD04F275A}.Debug|x86.Build.0 = Debug|Win32
		{0911C640-45F8-4D43-8F3D-B86FD04F275A}.Release|x64.ActiveCfg = Release|x64
		{0911C640-45F8-4D43-8F3D-B86FD04F275A}.Release|x64.Build.0 = Release|x64
		{0911C640-45F8-4D43-8F3D-B86FD04F275A}.Release|x86.ActiveCfg = Release|Win32
		{0911C640-45F8-4D43-8F3D-B86FD04F275A}.Release|x86.Build.0 = Release|Win32
		{A4B986A6-4FE7-4A32-933A-BFC53A5545B8}.Debug|x64.ActiveCfg = Debug|x64
		{A4B986A6-4FE7-4A32-933A-BFC53A5545B8}.Debug|x64.Build.0 = Debug|x64
		{A4B986A6-4FE7-4A32-933A-BFC53A5545B8}.Debug|x86.ActiveCfg = Debug|Win32
		{A4B986A6-4FE7-4A32-933A-BFC53A5545B8}.Debug|x86.Build.0 = Debug|Win32
		{A4B986A6-4FE7-4A32-933A-BFC53A5545B8}.Release|x64.ActiveCfg = Release|x64
		{A4B986A6-4FE7-4A32-933A-BFC53A5545B8}.Release|x64.Build.0 = Release|x64
		{A4B986A6-4FE7-4A32-933A-BFC53A5545B8}.Release|x86.ActiveCfg = Release|Win32
		{A4B986A6-4FE7-4A32-933A-BFC53A5545B8}.Release|x86.Build.0 = Release|Win32
		{1E718213-7894-4B82-837D-9633775CFF28}.Debug|x64.ActiveCfg = Debug|x64
		{1E718213-7894-4B82-837D-9633775CFF28}.Debug|x64.Build.0 = Debug|x64
		{1E718213-7894-4B82-837D-9633775CFF28}.Debug|x86.ActiveCfg = Debug|Win32
		{1E718213-7894-4B82-837D-9633775CFF28}.Debug|x86.Build.0 = Debug|Win32
		{1E718213-7894-4B82-837D-9633775CFF28}.Release|x64.ActiveCfg = Release|x64
		{1E718213-7894-4B82-837D-9633775CFF28}.Release|x64.Build.0 = Release|x64
		{1E718213-7894-4B82-837D-9633775CFF28}.Release|x86.ActiveCfg = Release|Win32
		{1E718213-7894-4B82-837D-9633775CFF28}.Release|x86.Build.0 = Release|Win32
		{34F6830D-C982-4D63-91E3-1479DEDC6B77}.Debug|x64.ActiveCfg = Debug|x64
		{34F6830D-C982-4D63-91E3-1479DEDC6B77}.Debug|x64.Build.0 = Debug|x64
		{34F6830D-C982-4D63-91E3-1479DEDC6B77}.Debug|x86.ActiveCfg = Debug|Win32
		{34F6830D-C982-4D63-91E3-1479DEDC6B77}.Debug|x86.Build.0 = Debug|Win32
		{34F6830D-C982-4D63-91E3-1479DEDC6B77}.Release|x64.ActiveCfg = Release|x64
		{34F6830D-C982-4D63-91E3-1479DEDC6B77}.Release|x64.Build.0 = Release|x64
		{34F6830D-C982-4D63-91E3-1479DEDC6B77}.Release|x86.ActiveCfg = Release|Win32
		{34F6830D-C982-4D63-91E3-1479DEDC6B77}.Release|x86.Build.0 = Release|Win32
		{055BF6DE-6DB6-4E2C-9C59-707378DD5B6D}.Debug|x64.ActiveCfg = Debug|x64
		{055BF6DE-6DB6-4E2C-9C59-707378DD5B6D}.Debug|x64.Build.0 = Debug|x64
		{055BF6DE-6DB6-4E2C-9C59-707378DD5B6D}.Debug|x86.ActiveCfg = Debug|Win32
		{055BF6DE-6DB6-4E2C-9C59-707378DD5B6D}.Debug|x86.Build.0 = Debug|Win32
		{055BF6DE-6DB6-4E2C-9C59-707378DD5B6D}.Release|x64.ActiveCfg = Release|x64
		{055BF6DE-6DB6-4E2C-9C59-707378DD5B6D}.Release|x64.Build.0 = Release|x64
		{055BF6DE-6DB6-4E2C-9C59-707378DD5B6D}.Release|x86.ActiveCfg = Release|Win32
		{055BF6DE-6DB6-4E2C-9C59-707378DD5B6D}.Release|x86.Build.0 = Release|Win32
		{CD425999-92F6-4A4F-9BE5-455CF4633B2E}.Debug|x64.ActiveCfg = Debug|x64
		{CD425999-92F6-4A4F-9BE5-455CF4633B2E}.Debug|x64.Build.0 = Debug|x64
		{CD425999-92F6-4A4F-9BE5-455CF4633B2E}.Debug|x86.ActiveCfg = Debug|Win32
		{CD425999-92F6-4A4F-9BE5-455CF4633B2E}.Debug|x86.Build.0 = Debug|Win32
		{CD425999-92F6-4A4F-9BE5-455CF4633B2E}.Release|x64.ActiveCfg = Release|x64
		{CD425999-92F6-4A4F-9BE5-455CF4633B2E}.Release|x64.Build.0 = Release|x64
		{CD425999-92F6-4A4F-9BE5-455CF4633B2E}.Release|x86.ActiveCfg = Release|Win32
		{CD425999-92F6-4A4F-9BE5-455CF4633B2E}.Release|x86.Build.0 = Release|Win32
		{7DB5EE29-8573-4FC4-B964-6573C477288A}.Debug|x64.ActiveCfg = Debug|x64
		{7DB5EE29-8573-4FC4-B964-6573C477288A}.Debug|x64.Build.0 = Debug|x64
		{7DB5EE29-8573-4FC4-B964-6573C477288A}.Debug|x86.ActiveCfg = Debug|Win32
		{7DB5EE29-8573-4FC4-B964-6573C477288A}.Debug|x86.Build.0 = Debug|Win32
		{7DB5EE29-8573-4FC4-B964-6573C477288A}.Release|x64.ActiveCfg = Release|x64
		{7DB5EE29-8573-4FC4-B964-6573C477288A}.Release|x64.Build.0 = Release|x64
		{7DB5EE29-8573-4FC4-B964-6573C477288A}.Release|x86.ActiveCfg = Release|Win32
		{7DB5EE29-8573-4FC4-B964-6573C477288A}.Release|x86.Build.0 = Release|Win32
		{19649FA6-C094-498B-A9EF-CDF94C4425AC}.Debug|x64.ActiveCfg = Debug|x64
		{19649FA6-C094-498B-A9EF-CDF94C4425AC}.Debug|x64.Build.0 = Debug|x64
		{19649FA6-C094-498B-A9EF-CDF94C4425AC}.Debug|x86.ActiveCfg = Debug|Win32
		{19649FA6-C094-498B-A9EF-CDF94C4425AC}.Debug|x86.Build.0 = Debug|Win32
		{19649FA6-C094-498B-A9EF-CDF94C4425AC}.Release|x64.ActiveCfg = Release|x64
		{19649FA6-C094-498B-A9EF-CDF94C4425AC}.Release|x64.Build.0 = Release|x64
		{19649FA6-C094-498B-A9EF-CDF94C4425AC}.Release|x86.ActiveCfg = Release|Win32
		{19649FA6-C094-498B-A9EF-CDF94C4425AC}.Release|x86.Build.0 = Release|Win32
		{0AFDD25F-61CE-4AF7-BE8A-D4EF2AE79415}.Debug|x64.ActiveCfg = Debug|x64
		{0AFDD25F-61CE-4AF7-BE8A-D4EF2AE79415}.Debug|x64.Build.0 = Debug|x64
		{0AFDD25F-61CE-4AF7-BE8A-D4EF2AE79415}.Debug|x86.ActiveCfg = Debug|Win32
		{0AFDD25F-61CE-4AF7-BE8A-D4EF2AE79415}.Debug|x86.Build.0 = Debug|Win32
		{0AFDD25F-61CE-4AF7-BE8A-D4EF2AE79415}.Release|x64.ActiveCfg = Release|x64
		{0AFDD25F-61CE-4AF7-BE8A-D4EF2AE79415}.Release|x64.Build.0 = Release|x64
		{0AFDD25F-61CE-4AF7-BE8A-D4EF2AE79415}.Release|x86.ActiveCfg = Release|Win32
		{0AFDD25F-61CE-4AF7-BE8A-D4EF2AE79415}.Release|x86.Build.0 = Release|Win32
		{9554C06F-3117-4C13-B53E-E878E0007AED}.Debug|x64.ActiveCfg = Debug|x64
		{9554C06F-3117-4C13-B53E-E878E0007AED}.Debug|x64.Build.0 = Debug|x64
		{9554C06F-3117-4C13-B53E-E878E0007AED}.Debug|x86.ActiveCfg = Debug|Win32
		{9554C06F-3117-4C13-B53E-E878E0007AED}.Debug|x86.Build.0 = Debug|Win32
		{9554C06F-3117-4C13-B53E-E878E0007AED}.Release|x64.ActiveCfg = Release|x64
		{9554C06F-3117-4C13-B53E-E878E0007AED}.Release|x64.Build.0 = Release|x64
		{9554C06F-3117-4C13-B53E-E878E0007AED}.Release|x86.ActiveCfg = Release|Win32
		{9554C06F-3117-4C13-B53E-E878E0007AED}.Release|x86.Build.0 = Release|Win32
		{B22347EA-436E-4533-89D8-0E7847350354}.Debug|x64.ActiveCfg = Debug|x64
		{B22347EA-436E-4533-89D8-0E7847350354}.Debug|x64.Build.0 = Debug|x64
		{B22347EA-436E-4533-89D8-0E7847350354}.Debug|x86.ActiveCfg = Debug|Win32
		{B22347EA-436E-4533-89D8-0E7847350354}.Debug|x86.Build.0 = Debug|Win32
		{B22347EA-436E-4533-89D8-0E7847350354}.Release|x64.ActiveCfg = Release|x64
		{B22347EA-436E-4533-89D8-0E7847350354}.Release|x64.Build.0 = Release|x64
		{B22347EA-436E-4533-89D8-0E7847350354}.Release|x86.ActiveCfg = Release|Win32
		{B22347EA-436E-4533-89D8-0E7847350354}.Release|x86.Build.0 = Release|Win32
		{675F2317-570E-4B6C-9B63-CD228A6F309D}.Debug|x64.ActiveCfg = Debug|x64
		{675F2317-570E-4B6C-9B63-CD228A6F309D}.Debug|x64.Build.0 = Debug|x64
		{675F2317-570E-4B6C-9B63-CD228A6F309D}.Debug|x86.ActiveCfg = Debug|Win32
		{675F2317-570E-4B6C-9B63-CD228A6F309D}.Debug|x86.Build.0 = Debug|Win32
		{675F2317-570E-4B6C-9B63-CD228A6F309D}.Release|x64.ActiveCfg = Release|x64
		{675F2317-570E-4B6C-9B63-CD228A6F309D}.Release|x64.Build.0 = Release|x64
		{675F2317-570E-4B6C-9B63-CD228A6F309D}.Release|x86.ActiveCfg = Release|Win32
		{675F2317-570E-4B6C-9B63-CD228A6F309D}.Release|x86.Build.0 = Release|Win32
		{18595392-D77C-4A7D-93DC-AB8BD7641B49}.Debug|x64.ActiveCfg = Debug|x64
		{18595392-D77C-4A7D-93DC-AB8BD7641B49}.Debug|x64.Build.0 = Debug|x64
		{18595392-D77C-4A7D-93DC-AB8BD7641B49}.Debug|x86.ActiveCfg = Debug|Win32
		{18595392-D77C-4A7D-93DC-AB8BD7641B49}.Debug|x86.Build.0 = Debug|Win32
		{18595392-D77C-4A7D-93DC-AB8BD7641B49}.Release|x64.ActiveCfg = Release|x64
		{18595392-D77C-4A7D-93DC-AB8BD7641B49}.Release|x64.Build.0 = Release|x64
		{18595392-D77C-4A7D-93DC-AB8BD7641B49}.Release|x86.ActiveCfg = Release|Win32
		{18595392-D77C-4A7D-93DC-AB8BD7641B49}.Release|x86.Build.0 = Release|Win32
		{68396203-C89D-4222-B811-F6A4EC6F6F0D}.Debug|x64.ActiveCfg = Debug|x64
		{68396203-C89D-4222-B811-F6A4EC6F6F0D}.Debug|x64.Build.0 = Debug|x64
		{68396203-C89D-4222-B811-F6A4EC6F6F0D}.Debug|x86.ActiveCfg = Debug|Win32
		{68396203-C89D-4222-B811-F6A4EC6F6F0D}.Debug|x86.Build.0 = Debug|Win32
		{68396203-C89D-4222-B811-F6A4EC6F6F0D}.Release|x64.ActiveCfg = Release|x64
		{68396203-C89D-4222-B811-F6A4EC6F6F0D}.Release|x64.Build.0 = Release|x64
		{68396203-C89D-4222-B811-F6A4EC6F6F0D}.Release|x86.ActiveCfg = Release|Win32
		{68396203-C89D-4222-B811-F6A4EC6F6F0D}.Release|x86.Build.0 = Release|Win32
		{DA3132AC-4DB1-4F56-BBD9-1DA0F669B875}.Debug|x64.ActiveCfg = Debug|x64
		{DA3132AC-4DB1-4F56-BBD9-1DA0F669B875}.Debug|x64.Build.0 = Debug|x64
		{DA3132AC-4DB1-4F56-BBD9-1DA0F669B875}.Debug|x86.ActiveCfg = Debug|Win32
		{DA3132AC-4DB1-4F56-BBD9-1DA0F669B875}.Debug|x86.Build.0 = Debug|Win32
		{DA3132AC-4DB1-4F56-BBD9-1DA0F669B875}.Release|x64.ActiveCfg = Release|x64
		{DA3132AC-4DB1-4F56-BBD9-1DA0F669B875}.Release|x64.Build.0 = Release|x64
		{DA3132AC-4DB1-4F56-BBD9-1DA0F669B875}.Release|x86.ActiveCfg = Release|Win32
		{DA3132AC-4DB1-4F56-BBD9-1DA0F669B875}.Release|x86.Build.0 = Release|Win32
		{7A931C42-09A3-4DC4-8FAC-BBC26DCBA4F2}.Debug|x64.ActiveCfg = Debug|x64
		{7A931C42-09A3-4DC4-8FAC-BBC26DCBA4F2}.Debug|x64.Build.0 = Debug|x64
		{7A931C42-09A3-4DC4-8FAC-BBC26DCBA4F2}.Debug|x86.ActiveCfg = Debug|Win32
		{7A931C42-09A3-4DC4-8FAC-BBC26DCBA4F2}.Debug|x86.Build.0 = Debug|Win32
		{7A931C42-09A3-4DC4-8FAC-BBC26DCBA4F2}.Release|x64.ActiveCfg = Release|x64
		{7A931C42-09A3-4DC4-8FAC-BBC26DCBA4F2}.Release|x64.Build.0 = Release|x64
		{7A931C42-09A3-4DC4-8FAC-BBC26DCBA4F2}.Release|x86.ActiveCfg = Release|Win32
		{7A931C42-09A3-4DC4-8FAC-BBC26DCBA4F2}.Release|x86.Build.0 = Release|Win32
		{953A2193-0FC7-4862-A6EC-050773DADD2B}.Debug|x64.ActiveCfg = Debug|x64
		{953A2193-0FC7-4862-A6EC-050773DADD2B}.Debug|x64.Build.0 = Debug|x64
		{953A2193-0FC7-4862-A6EC-050773DADD2B}.Debug|x86.ActiveCfg = Debug|Win32
		{953A2193-0FC7-4862-A6EC-050773DADD2B}.Debug|x86.Build.0 = Debug|Win32
		{953A2193-0FC7-4862-A6EC-050773DADD2B}.Release|x64.ActiveCfg = Release|x64
		{953A2193-0FC7-4862-A6EC-050773DADD2B}.Release|x64.Build.0 = Release|x64
		{953A2193-0FC7-4862-A6EC-050773DADD2B}.Release|x86.ActiveCfg = Release|Win32
		{953A2193-0FC7-4862-A6EC-050773DADD2B}.Release|x86.Build.0 = Release|Win32
		{BF896214-3344-4189-8CBB-043B01AB134F}.Debug|x64.ActiveCfg = Debug|x64
		{BF896214-3344-4189-8CBB-043B01AB134F}.Debug|x64.Build.0 = Debug|x64
		{BF896214-3344-4189-8CBB-043B01AB134F}.Debug|x86.ActiveCfg = Debug|Win32
		{BF896214-3344-4189-8CBB-043B01AB134F}.Debug|x86.Build.0 = Debug|Win32
		{BF896214-3344-4189-8CBB-043B01AB134F}.Release|x64.ActiveCfg = Release|x64
		{BF896214-3344-4189-8CBB-043B01AB134F}.Release|x64.Build.0 = Release|x64
		{BF896214-3344-4189-8CBB-043B01AB134F}.Release|x86.ActiveCfg = Release|Win32
		{BF896214-3344-4189-8CBB-043B01AB134F}.Release|x86.Build.0 = Release|Win32
		{7E221A65-96BE-4FB4-9D60-DE4D967064C1}.Debug|x64.ActiveCfg = Debug|x64
		{7E221A65-96BE-4FB4-9D60-DE4D967064C1}.Debug|x64.Build.0 = Debug|x64
		{7E221A65-96BE-4FB4-9D60-DE4D967064C1}.Debug|x86.ActiveCfg = Debug|Win32
		{7E221A65-96BE-4FB4-9D60-DE4D967064C1}.Debug|x86.Build.0 = Debug|Win32
		{7E221A65-96BE-4FB4-9D60-DE4D967064C1}.Release|x64.ActiveCfg = Release|x64
		{7E221A65-96BE-4FB4-9D60-DE4D967064C1}.Release|x64.Build.0 = Release|x64
		{7E221A65-96BE-4FB4-9D60-DE4D967064C1}.Release|x86.ActiveCfg = Release|Win32
		{7E221A65-96BE-4FB4-9D60-DE4D967064C1}.Release|x86.Build.0 = Release|Win32
		{58F2F8C9-0591-4428-BDCA-F98972BD3BBA}.Debug|x64.ActiveCfg = Debug|x64
		{58F2F8C9-0591-4428-BDCA-F98972BD3BBA}.Debug|x64.Build.0 = Debug|x64
		{58F2F8C9-0591-4428-BDCA-F98972BD3BBA}.Debug|x86.ActiveCfg = Debug|Win32
		{58F2F8C9-0591-4428-BDCA-F98972BD3BBA}.Debug|x86.Build.0 = Debug|Win32
		{58F2F8C9-0591-4428-BDCA-F98972BD3BBA}.Release|x64.ActiveCfg = Release|x64
		{58F2F8C9-0591-4428-BDCA-F98972BD3BBA}.Release|x64.Build.0 = Release|x64
		{58F2F8C9-0591-4428-BDCA-F98972BD3BBA}.Release|x86.ActiveCfg = Release|Win32
		{58F2F8C9-0591-4428-BDCA-F98972BD3BBA}.Release|x86.Build.0 = Release|Win32
		{2CB6B613-DFF8-4CC4-A799-740290B7B41B}.Debug|x64.ActiveCfg = Debug|x64
		{2CB6B613-DFF8-4CC4-A799-740290B7B41B}.Debug|x64.Build.0 = Debug|x64
		{2CB6B613-DFF8-4CC4-A799-740290B7B41B}.Debug|x86.ActiveCfg = Debug|Win32
		{2CB6B613-DFF8-4CC4-A799-740290B7B41B}.Debug|x86.Build.0 = Debug|Win32
		{2CB6B613-DFF8-4CC4-A799-740290B7B41B}.Release|x64.ActiveCfg = Release|x64
		{2CB6B613-DFF8-4CC4-A799-740290B7B41B}.Release|x64.Build.0 = Release|x64
		{2CB6B613-DFF8-4CC4-A799-740290B7B41B}.Release|x86.ActiveCfg = Release|Win32
		{2CB6B613-DFF8-4CC4-A799-740290B7B41B}.Release|x86.Build.0 = Release|Win32
	EndGlobalSection
	GlobalSection(SolutionProperties) = preSolution
		HideSolutionNode = FALSE
	EndGlobalSection
	GlobalSection(NestedProjects) = preSolution
		{21CB7486-60AF-467F-A2C5-EEB557556FB9} = {A5E4AECA-9FC0-49CA-B85D-F2FB71E2D643}
		{4480F59A-BA30-40E6-AA7F-FAD45D2185E0} = {A5E4AECA-9FC0-49CA-B85D-F2FB71E2D643}
		{EBC59017-3320-4DEE-925B-0882C843838B} = {A5E4AECA-9FC0-49CA-B85D-F2FB71E2D643}
		{DCF00822-A390-4783-B80B-24742A573763} = {A5E4AECA-9FC0-49CA-B85D-F2FB71E2D643}
		{5D922DB2-9475-4A43-9E38-9230A789A33E} = {A5E4AECA-9FC0-49CA-B85D-F2FB71E2D643}
		{2B74A076-0C5D-47FD-A3D7-BB0E6E0DDC83} = {A5E4AECA-9FC0-49CA-B85D-F2FB71E2D643}
		{DB65B7B2-DD21-478E-9698-B0E41514BA2F} = {A5E4AECA-9FC0-49CA-B85D-F2FB71E2D643}
		{25D8CAD1-4FAD-40B8-B15C-0CC0958FB222} = {A5E4AECA-9FC0-49CA-B85D-F2FB71E2D643}
		{FBE25FFC-0D68-4DFF-A13E-46F0FF6DD92E} = {A5E4AECA-9FC0-49CA-B85D-F2FB71E2D643}
		{469DB203-0341-4878-86EE-5F2BAA517997} = {125A7581-ACCD-457B-9558-7AECD0661286}
		{B945B989-88BF-4749-BDCD-13B10C7676A8} = {125A7581-ACCD-457B-9558-7AECD0661286}
		{6E1C20DE-FF3B-4379-B72F-0D7C828690AA} = {125A7581-ACCD-457B-9558-7AECD0661286}
		{61C8BF1E-3C56-47F2-8899-727011460E78} = {125A7581-ACCD-457B-9558-7AECD0661286}
		{8F284710-DFE9-48A4-844A-4EF35FBC779F} = {125A7581-ACCD-457B-9558-7AECD0661286}
		{BFB080B4-0839-4667-A779-DDCCB9B09D85} = {125A7581-ACCD-457B-9558-7AECD0661286}
		{1E170C21-184A-4E56-93CE-A9CAF9BF39E6} = {125A7581-ACCD-457B-9558-7AECD0661286}
		{83ED9D33-A5D1-4F4F-AB40-E29D9408CD68} = {125A7581-ACCD-457B-9558-7AECD0661286}
		{7A4B2FA1-9934-4269-A153-179CE3698817} = {125A7581-ACCD-457B-9558-7AECD0661286}
		{A0BCCD42-2D40-4EC9-8226-4250076A6AD4} = {702A6CAD-E852-4C7C-B2AC-5EBC027469A7}
		{834F783B-851C-41BD-958A-DBA345531EC4} = {702A6CAD-E852-4C7C-B2AC-5EBC027469A7}
		{F6ABAC66-4730-4A04-B6CD-6737DFAAFB72} = {702A6CAD-E852-4C7C-B2AC-5EBC027469A7}
		{7FBBEA22-7417-4D41-9B23-215EB5262461} = {702A6CAD-E852-4C7C-B2AC-5EBC027469A7}
		{BEFCE8DE-118F-44C7-B6FD-7EB808888620} = {702A6CAD-E852-4C7C-B2AC-5EBC027469A7}
		{07738D2D-F28E-4114-98CA-A6872C5CB79A} = {702A6CAD-E852-4C7C-B2AC-5EBC027469A7}
		{1D82EE93-1A87-450E-AD62-E495E64B0B95} = {702A6CAD-E852-4C7C-B2AC-5EBC027469A7}
		{C7C4F1FD-7CB8-4489-91B0-84632C7CAB06} = {2E86F1F8-24A5-42BA-9B7E-BB2C6621EB0B}
		{9E77AA93-82BE-46DF-AC00-A27ABD19EE1D} = {2E86F1F8-24A5-42BA-9B7E-BB2C6621EB0B}
		{AB2DCF61-996F-4574-9E02-1C88CB7CDF73} = {2E86F1F8-24A5-42BA-9B7E-BB2C6621EB0B}
		{1C7D5EBD-6AA4-4A04-BCA1-3F37602ED6C7} = {2E86F1F8-24A5-42BA-9B7E-BB2C6621EB0B}
		{FD8130DD-A234-4E59-9B1B-1B312DD48E15} = {2E86F1F8-24A5-42BA-9B7E-BB2C6621EB0B}
		{B6C9927B-96E0-4212-A84E-DE3A04BAC0CC} = {2E86F1F8-24A5-42BA-9B7E-BB2C6621EB0B}
		{9976121C-6AA5-4F89-9B67-1E5D236F9174} = {2E86F1F8-24A5-42BA-9B7E-BB2C6621EB0B}
		{270C4A31-0F2A-4230-B244-5557546F62E4} = {2E86F1F8-24A5-42BA-9B7E-BB2C6621EB0B}
		{8632C279-3783-46EE-BFA2-0782B4898A51} = {12E6B2C4-8BB3-4194-9406-5A9FF968D1D2}
		{13CD826D-E625-43D8-A1FD-0A2F74351E85} = {12E6B2C4-8BB3-4194-9406-5A9FF968D1D2}
		{94FD10C8-48BA-4CC6-B438-AEF5DAFAA59B} = {12E6B2C4-8BB3-4194-9406-5A9FF968D1D2}
		{64F21490-4D10-4D9B-A8C8-96DA119A4136} = {12E6B2C4-8BB3-4194-9406-5A9FF968D1D2}
		{3F10C4BF-2CC7-4761-B5C5-1BE9643D8FC0} = {12E6B2C4-8BB3-4194-9406-5A9FF968D1D2}
		{A90C891B-EEC0-4282-B1F4-C8B40C4F791D} = {12E6B2C4-8BB3-4194-9406-5A9FF968D1D2}
		{CE31DCD0-DFA6-4C6E-97F7-3DDFA057507A} = {12E6B2C4-8BB3-4194-9406-5A9FF968D1D2}
		{C4136D3D-B7ED-4010-8DBA-9F04FEF18E16} = {12E6B2C4-8BB3-4194-9406-5A9FF968D1D2}
		{25B5B3F6-0E51-4544-83FF-2F12A4E8D924} = {12E6B2C4-8BB3-4194-9406-5A9FF968D1D2}
		{EACA6649-024C-4FF9-9A03-E8AB99230B10} = {12E6B2C4-8BB3-4194-9406-5A9FF968D1D2}
		{0911C640-45F8-4D43-8F3D-B86FD04F275A} = {12E6B2C4-8BB3-4194-9406-5A9FF968D1D2}
		{A4B986A6-4FE7-4A32-933A-BFC53A5545B8} = {12E6B2C4-8BB3-4194-9406-5A9FF968D1D2}
		{1E718213-7894-4B82-837D-9633775CFF28} = {5DE65848-9AE2-4963-AC0E-09FE6EA1DB39}
		{34F6830D-C982-4D63-91E3-1479DEDC6B77} = {5DE65848-9AE2-4963-AC0E-09FE6EA1DB39}
		{055BF6DE-6DB6-4E2C-9C59-707378DD5B6D} = {5DE65848-9AE2-4963-AC0E-09FE6EA1DB39}
		{CD425999-92F6-4A4F-9BE5-455CF4633B2E} = {5DE65848-9AE2-4963-AC0E-09FE6EA1DB39}
		{7DB5EE29-8573-4FC4-B964-6573C477288A} = {5DE65848-9AE2-4963-AC0E-09FE6EA1DB39}
		{19649FA6-C094-498B-A9EF-CDF94C4425AC} = {5DE65848-9AE2-4963-AC0E-09FE6EA1DB39}
		{0AFDD25F-61CE-4AF7-BE8A-D4EF2AE79415} = {5DE65848-9AE2-4963-AC0E-09FE6EA1DB39}
		{9554C06F-3117-4C13-B53E-E878E0007AED} = {5DE65848-9AE2-4963-AC0E-09FE6EA1DB39}
		{B22347EA-436E-4533-89D8-0E7847350354} = {5DE65848-9AE2-4963-AC0E-09FE6EA1DB39}
		{675F2317-570E-4B6C-9B63-CD228A6F309D} = {18D87D8D-CA5B-48DD-9BB6-BE0A75215EFF}
		{18595392-D77C-4A7D-93DC-AB8BD7641B49} = {18D87D8D-CA5B-48DD-9BB6-BE0A75215EFF}
		{68396203-C89D-4222-B811-F6A4EC6F6F0D} = {18D87D8D-CA5B-48DD-9BB6-BE0A75215EFF}
		{DA3132AC-4DB1-4F56-BBD9-1DA0F669B875} = {18D87D8D-CA5B-48DD-9BB6-BE0A75215EFF}
		{7A931C42-09A3-4DC4-8FAC-BBC26DCBA4F2} = {18D87D8D-CA5B-48DD-9BB6-BE0A75215EFF}
		{953A2193-0FC7-4862-A6EC-050773DADD2B} = {18D87D8D-CA5B-48DD-9BB6-BE0A75215EFF}
		{BF896214-3344-4189-8CBB-043B01AB134F} = {18D87D8D-CA5B-48DD-9BB6-BE0A75215EFF}
		{7E221A65-96BE-4FB4-9D60-DE4D967064C1} = {18D87D8D-CA5B-48DD-9BB6-BE0A75215EFF}
		{58F2F8C9-0591-4428-BDCA-F98972BD3BBA} = {18D87D8D-CA5B-48DD-9BB6-BE0A75215EFF}
		{2CB6B613-DFF8-4CC4-A799-740290B7B41B} = {18D87D8D-CA5B-48DD-9BB6-BE0A75215EFF}
	EndGlobalSection
	GlobalSection(ExtensibilityGlobals) = postSolution
		SolutionGuid = {1F1FE35F-1AFD-4A05-BF5F-402B589ECAD6}
	EndGlobalSection
EndGlobal
