
Microsoft Visual Studio Solution File, Format Version 12.00
# Visual Studio Version 17
VisualStudioVersion = 17.3.32929.385
MinimumVisualStudioVersion = 10.0.40219.1
Project("{9A19103F-16F7-4668-BE54-9A1E7A4F7556}") = "01.SingleInheritance", "Lab01 - Inheritance\01.SingleInheritance\01.SingleInheritance.csproj", "{DE0F440E-BC6A-44BE-BF0A-367FA6986B8A}"
EndProject
Project("{2150E333-8FDC-42A3-9474-1A3956D46DE8}") = "Lab01 - Inheritance", "Lab01 - Inheritance", "{81365905-4FDF-4B43-8E8A-331E37D2794E}"
EndProject
Project("{9A19103F-16F7-4668-BE54-9A1E7A4F7556}") = "02.MultipleInheritance", "Lab01 - Inheritance\02.MultipleInheritance\02.MultipleInheritance.csproj", "{221DD83C-70C7-4F6A-8251-A442A347635B}"
EndProject
Project("{9A19103F-16F7-4668-BE54-9A1E7A4F7556}") = "03.HierarchicalInheritance", "Lab01 - Inheritance\03.HierarchicalInheritance\03.HierarchicalInheritance.csproj", "{51A0102F-CDBE-468C-9065-16747546E202}"
EndProject
Project("{9A19103F-16F7-4668-BE54-9A1E7A4F7556}") = "04.RandomList", "Lab01 - Inheritance\04.RandomList\04.RandomList.csproj", "{24482F15-889D-482E-B8E1-97973CF61BE6}"
EndProject
Project("{9A19103F-16F7-4668-BE54-9A1E7A4F7556}") = "05.StackOfStrings", "Lab01 - Inheritance\05.StackOfStrings\05.StackOfStrings.csproj", "{C84CFB83-9040-4E57-8028-0A216767BBCD}"
EndProject
Project("{2150E333-8FDC-42A3-9474-1A3956D46DE8}") = "Exercise01 - Inheritance", "Exercise01 - Inheritance", "{235E2C5C-9949-4478-9248-438511A458BD}"
EndProject
Project("{2150E333-8FDC-42A3-9474-1A3956D46DE8}") = "Lab02 - Encapsulation", "Lab02 - Encapsulation", "{3599A30A-80E5-4680-8BDA-A1EF033602C6}"
EndProject
Project("{9A19103F-16F7-4668-BE54-9A1E7A4F7556}") = "01.SortPersonsByNameAndAge", "Lab02 - Encapsulation\01.SortPersonsByNameAndAge\01.SortPersonsByNameAndAge.csproj", "{83574EC9-5528-47EF-A239-DA08D87B7AB5}"
EndProject
Project("{9A19103F-16F7-4668-BE54-9A1E7A4F7556}") = "02.SalaryIncrease", "Lab02 - Encapsulation\02.SalaryIncrease\02.SalaryIncrease.csproj", "{5DFBCED5-A27E-414F-A015-8FE82B4C9CA5}"
EndProject
Project("{9A19103F-16F7-4668-BE54-9A1E7A4F7556}") = "03.ValidationOfData", "Lab02 - Encapsulation\03.ValidationOfData\03.ValidationOfData.csproj", "{6087215C-FED8-4A2E-B300-29E39742659E}"
EndProject
Project("{9A19103F-16F7-4668-BE54-9A1E7A4F7556}") = "04.FirstAndReserveTeam", "Lab02 - Encapsulation\04.FirstAndReserveTeam\04.FirstAndReserveTeam.csproj", "{0534022D-40A2-4591-9C74-1B4DB6A9F54D}"
EndProject
Project("{9A19103F-16F7-4668-BE54-9A1E7A4F7556}") = "01.Person", "Exercise01 - Inheritance\01.Person\01.Person.csproj", "{B8B6CDD8-6B65-4DC3-83DB-7A5FE9D7BD19}"
EndProject
Project("{9A19103F-16F7-4668-BE54-9A1E7A4F7556}") = "02.Zoo", "Exercise01 - Inheritance\02.Zoo\02.Zoo.csproj", "{5D19B716-C104-4270-BB26-111C088B0F35}"
EndProject
Project("{9A19103F-16F7-4668-BE54-9A1E7A4F7556}") = "03.PlayersAndMonsters", "Exercise01 - Inheritance\03.PlayersAndMonsters\03.PlayersAndMonsters.csproj", "{1771B1B4-5D9E-4DDA-859D-50AD3B68C96F}"
EndProject
Project("{9A19103F-16F7-4668-BE54-9A1E7A4F7556}") = "04.NeedForSpeed", "Exercise01 - Inheritance\04.NeedForSpeed\04.NeedForSpeed.csproj", "{2A683F08-C6E6-48FC-9207-E94C2DE3546A}"
EndProject
Project("{9A19103F-16F7-4668-BE54-9A1E7A4F7556}") = "05.Restaurant", "Exercise01 - Inheritance\05.Restaurant\05.Restaurant.csproj", "{DB752154-7ADA-4F11-8DF3-59DC2DBCAFE0}"
EndProject
Project("{9A19103F-16F7-4668-BE54-9A1E7A4F7556}") = "06.Animals", "Exercise01 - Inheritance\06.Animals\06.Animals.csproj", "{5140117D-F2BC-409E-9D81-10E34B5DECD5}"
EndProject
Project("{2150E333-8FDC-42A3-9474-1A3956D46DE8}") = "Exercise02 - Encapsulation", "Exercise02 - Encapsulation", "{5BB41B28-EE51-4524-8769-B926BDCF056C}"
EndProject
Project("{2150E333-8FDC-42A3-9474-1A3956D46DE8}") = "Lab03 - Interfaces and Abstraction", "Lab03 - Interfaces and Abstraction", "{D3B37AF6-E36C-4C12-BD56-D5E0F5F2ADEC}"
EndProject
Project("{9A19103F-16F7-4668-BE54-9A1E7A4F7556}") = "01.Shapes", "Lab03 - Interfaces and Abstraction\01.Shapes\01.Shapes.csproj", "{816BB5F5-588C-44C7-953A-E48E620DC3BE}"
EndProject
Project("{9A19103F-16F7-4668-BE54-9A1E7A4F7556}") = "02.Cars", "Lab03 - Interfaces and Abstraction\02.Cars\02.Cars.csproj", "{0A258809-157A-4298-A079-5D5A6EFA8F01}"
EndProject
Project("{9A19103F-16F7-4668-BE54-9A1E7A4F7556}") = "01.ClassBoxData", "Exercise02 - Encapsulation\01.ClassBoxData\01.ClassBoxData.csproj", "{24E3A546-F191-46BF-9E49-7E8F4F7E36C2}"
EndProject
Project("{9A19103F-16F7-4668-BE54-9A1E7A4F7556}") = "02.AnimalFarm", "Exercise02 - Encapsulation\02. Animal Farm_Skeleton\AnimalFarm\AnimalFarm\02.AnimalFarm.csproj", "{3736B28E-F7C7-4C18-8855-952EA92517DE}"
EndProject
Project("{9A19103F-16F7-4668-BE54-9A1E7A4F7556}") = "03.ShoppingSpree", "Exercise02 - Encapsulation\03.ShoppingSpree\03.ShoppingSpree.csproj", "{6D335290-D167-44EC-805C-7156BD9F99E4}"
EndProject
Project("{9A19103F-16F7-4668-BE54-9A1E7A4F7556}") = "04.PizzaCalories", "Exercise02 - Encapsulation\04.PizzaCalories\04.PizzaCalories.csproj", "{42C1A5CB-92AD-4AED-AB29-BE959098BD9E}"
EndProject
Project("{9A19103F-16F7-4668-BE54-9A1E7A4F7556}") = "05.FootballTeamGenerator", "Exercise02 - Encapsulation\05.FootballTeamGenerator\05.FootballTeamGenerator.csproj", "{81B2F16F-5EE4-4946-8E1B-94060CA4CD32}"
EndProject
Project("{2150E333-8FDC-42A3-9474-1A3956D46DE8}") = "Exercise03 - Interfaces and Abstraction", "Exercise03 - Interfaces and Abstraction", "{29935164-6B60-4DB0-99D0-C0FCFBB67D0F}"
EndProject
Project("{2150E333-8FDC-42A3-9474-1A3956D46DE8}") = "Lab04 - Polymorphism", "Lab04 - Polymorphism", "{B7F19299-0E24-4546-A13E-496F30630601}"
EndProject
Project("{9A19103F-16F7-4668-BE54-9A1E7A4F7556}") = "01.MathOperation", "Lab04 - Polymorphism\01.MathOperation\01.MathOperation.csproj", "{D29B17DF-50E6-4AD6-93EB-0F97E1ACE1F4}"
EndProject
Project("{9A19103F-16F7-4668-BE54-9A1E7A4F7556}") = "02.Animals", "Lab04 - Polymorphism\02.Animals\02.Animals.csproj", "{66E8604C-B64A-47FD-9BD6-BCC0428D66F8}"
EndProject
Project("{9A19103F-16F7-4668-BE54-9A1E7A4F7556}") = "03.Shapes", "Lab04 - Polymorphism\03.Shapes\03.Shapes.csproj", "{EF48BAB7-6F93-4C8B-A476-680C59D4171D}"
EndProject
Project("{9A19103F-16F7-4668-BE54-9A1E7A4F7556}") = "01.DefineAnInterfaceIPerson", "Exercise03 - Interfaces and Abstraction\01.DefineAnInterfaceIPerson\01.DefineAnInterfaceIPerson.csproj", "{4A58E3DC-B94E-4859-8E82-57EE0C21B44C}"
EndProject
Project("{9A19103F-16F7-4668-BE54-9A1E7A4F7556}") = "02.MultipleImplementation", "Exercise03 - Interfaces and Abstraction\02.MultipleImplementation\02.MultipleImplementation.csproj", "{6982002B-D8DA-47AF-95F4-60211B16AB9F}"
EndProject
Project("{9A19103F-16F7-4668-BE54-9A1E7A4F7556}") = "03.Telephony", "Exercise03 - Interfaces and Abstraction\03.Telephony\03.Telephony.csproj", "{BD7C308A-BC7F-4A4C-BF70-BDF4C8CF8906}"
EndProject
Project("{9A19103F-16F7-4668-BE54-9A1E7A4F7556}") = "04.BorderControl", "Exercise03 - Interfaces and Abstraction\04.BorderControl\04.BorderControl.csproj", "{9F84A671-D876-4580-8D54-C4F7E843AF34}"
EndProject
Project("{9A19103F-16F7-4668-BE54-9A1E7A4F7556}") = "05.BirthdayCelebrations", "Exercise03 - Interfaces and Abstraction\05.BirthdayCelebrations\05.BirthdayCelebrations.csproj", "{D89DB7C3-5946-46DE-8B13-8560BE47A4A6}"
EndProject
Project("{9A19103F-16F7-4668-BE54-9A1E7A4F7556}") = "06.FoodShortage", "Exercise03 - Interfaces and Abstraction\06.FoodShortage\06.FoodShortage.csproj", "{F7B9BF20-BC88-4E2E-A226-0795C7E9A8D2}"
EndProject
Project("{2150E333-8FDC-42A3-9474-1A3956D46DE8}") = "Exercise04 - Polymorphism", "Exercise04 - Polymorphism", "{C6D7195D-7FD5-4130-8B21-8D5AD0968C02}"
EndProject
Project("{9A19103F-16F7-4668-BE54-9A1E7A4F7556}") = "01.Vehicles", "Exercise04 - Polymorphism\01.Vehicles\01.Vehicles.csproj", "{0C7A1BB2-3A3F-441A-A347-D1AC877C04DF}"
EndProject
Project("{FAE04EC0-301F-11D3-BF4B-00C04F79EFBC}") = "02.VehiclesExtension", "Exercise04 - Polymorphism\02.VehiclesExtension\02.VehiclesExtension.csproj", "{835AA5E9-93F4-45DD-80A9-367FB53B879B}"
EndProject
Global
	GlobalSection(SolutionConfigurationPlatforms) = preSolution
		Debug|Any CPU = Debug|Any CPU
		Release|Any CPU = Release|Any CPU
	EndGlobalSection
	GlobalSection(ProjectConfigurationPlatforms) = postSolution
		{DE0F440E-BC6A-44BE-BF0A-367FA6986B8A}.Debug|Any CPU.ActiveCfg = Debug|Any CPU
		{DE0F440E-BC6A-44BE-BF0A-367FA6986B8A}.Debug|Any CPU.Build.0 = Debug|Any CPU
		{DE0F440E-BC6A-44BE-BF0A-367FA6986B8A}.Release|Any CPU.ActiveCfg = Release|Any CPU
		{DE0F440E-BC6A-44BE-BF0A-367FA6986B8A}.Release|Any CPU.Build.0 = Release|Any CPU
		{221DD83C-70C7-4F6A-8251-A442A347635B}.Debug|Any CPU.ActiveCfg = Debug|Any CPU
		{221DD83C-70C7-4F6A-8251-A442A347635B}.Debug|Any CPU.Build.0 = Debug|Any CPU
		{221DD83C-70C7-4F6A-8251-A442A347635B}.Release|Any CPU.ActiveCfg = Release|Any CPU
		{221DD83C-70C7-4F6A-8251-A442A347635B}.Release|Any CPU.Build.0 = Release|Any CPU
		{51A0102F-CDBE-468C-9065-16747546E202}.Debug|Any CPU.ActiveCfg = Debug|Any CPU
		{51A0102F-CDBE-468C-9065-16747546E202}.Debug|Any CPU.Build.0 = Debug|Any CPU
		{51A0102F-CDBE-468C-9065-16747546E202}.Release|Any CPU.ActiveCfg = Release|Any CPU
		{51A0102F-CDBE-468C-9065-16747546E202}.Release|Any CPU.Build.0 = Release|Any CPU
		{24482F15-889D-482E-B8E1-97973CF61BE6}.Debug|Any CPU.ActiveCfg = Debug|Any CPU
		{24482F15-889D-482E-B8E1-97973CF61BE6}.Debug|Any CPU.Build.0 = Debug|Any CPU
		{24482F15-889D-482E-B8E1-97973CF61BE6}.Release|Any CPU.ActiveCfg = Release|Any CPU
		{24482F15-889D-482E-B8E1-97973CF61BE6}.Release|Any CPU.Build.0 = Release|Any CPU
		{C84CFB83-9040-4E57-8028-0A216767BBCD}.Debug|Any CPU.ActiveCfg = Debug|Any CPU
		{C84CFB83-9040-4E57-8028-0A216767BBCD}.Debug|Any CPU.Build.0 = Debug|Any CPU
		{C84CFB83-9040-4E57-8028-0A216767BBCD}.Release|Any CPU.ActiveCfg = Release|Any CPU
		{C84CFB83-9040-4E57-8028-0A216767BBCD}.Release|Any CPU.Build.0 = Release|Any CPU
		{83574EC9-5528-47EF-A239-DA08D87B7AB5}.Debug|Any CPU.ActiveCfg = Debug|Any CPU
		{83574EC9-5528-47EF-A239-DA08D87B7AB5}.Debug|Any CPU.Build.0 = Debug|Any CPU
		{83574EC9-5528-47EF-A239-DA08D87B7AB5}.Release|Any CPU.ActiveCfg = Release|Any CPU
		{83574EC9-5528-47EF-A239-DA08D87B7AB5}.Release|Any CPU.Build.0 = Release|Any CPU
		{5DFBCED5-A27E-414F-A015-8FE82B4C9CA5}.Debug|Any CPU.ActiveCfg = Debug|Any CPU
		{5DFBCED5-A27E-414F-A015-8FE82B4C9CA5}.Debug|Any CPU.Build.0 = Debug|Any CPU
		{5DFBCED5-A27E-414F-A015-8FE82B4C9CA5}.Release|Any CPU.ActiveCfg = Release|Any CPU
		{5DFBCED5-A27E-414F-A015-8FE82B4C9CA5}.Release|Any CPU.Build.0 = Release|Any CPU
		{6087215C-FED8-4A2E-B300-29E39742659E}.Debug|Any CPU.ActiveCfg = Debug|Any CPU
		{6087215C-FED8-4A2E-B300-29E39742659E}.Debug|Any CPU.Build.0 = Debug|Any CPU
		{6087215C-FED8-4A2E-B300-29E39742659E}.Release|Any CPU.ActiveCfg = Release|Any CPU
		{6087215C-FED8-4A2E-B300-29E39742659E}.Release|Any CPU.Build.0 = Release|Any CPU
		{0534022D-40A2-4591-9C74-1B4DB6A9F54D}.Debug|Any CPU.ActiveCfg = Debug|Any CPU
		{0534022D-40A2-4591-9C74-1B4DB6A9F54D}.Debug|Any CPU.Build.0 = Debug|Any CPU
		{0534022D-40A2-4591-9C74-1B4DB6A9F54D}.Release|Any CPU.ActiveCfg = Release|Any CPU
		{0534022D-40A2-4591-9C74-1B4DB6A9F54D}.Release|Any CPU.Build.0 = Release|Any CPU
		{B8B6CDD8-6B65-4DC3-83DB-7A5FE9D7BD19}.Debug|Any CPU.ActiveCfg = Debug|Any CPU
		{B8B6CDD8-6B65-4DC3-83DB-7A5FE9D7BD19}.Debug|Any CPU.Build.0 = Debug|Any CPU
		{B8B6CDD8-6B65-4DC3-83DB-7A5FE9D7BD19}.Release|Any CPU.ActiveCfg = Release|Any CPU
		{B8B6CDD8-6B65-4DC3-83DB-7A5FE9D7BD19}.Release|Any CPU.Build.0 = Release|Any CPU
		{5D19B716-C104-4270-BB26-111C088B0F35}.Debug|Any CPU.ActiveCfg = Debug|Any CPU
		{5D19B716-C104-4270-BB26-111C088B0F35}.Debug|Any CPU.Build.0 = Debug|Any CPU
		{5D19B716-C104-4270-BB26-111C088B0F35}.Release|Any CPU.ActiveCfg = Release|Any CPU
		{5D19B716-C104-4270-BB26-111C088B0F35}.Release|Any CPU.Build.0 = Release|Any CPU
		{1771B1B4-5D9E-4DDA-859D-50AD3B68C96F}.Debug|Any CPU.ActiveCfg = Debug|Any CPU
		{1771B1B4-5D9E-4DDA-859D-50AD3B68C96F}.Debug|Any CPU.Build.0 = Debug|Any CPU
		{1771B1B4-5D9E-4DDA-859D-50AD3B68C96F}.Release|Any CPU.ActiveCfg = Release|Any CPU
		{1771B1B4-5D9E-4DDA-859D-50AD3B68C96F}.Release|Any CPU.Build.0 = Release|Any CPU
		{2A683F08-C6E6-48FC-9207-E94C2DE3546A}.Debug|Any CPU.ActiveCfg = Debug|Any CPU
		{2A683F08-C6E6-48FC-9207-E94C2DE3546A}.Debug|Any CPU.Build.0 = Debug|Any CPU
		{2A683F08-C6E6-48FC-9207-E94C2DE3546A}.Release|Any CPU.ActiveCfg = Release|Any CPU
		{2A683F08-C6E6-48FC-9207-E94C2DE3546A}.Release|Any CPU.Build.0 = Release|Any CPU
		{DB752154-7ADA-4F11-8DF3-59DC2DBCAFE0}.Debug|Any CPU.ActiveCfg = Debug|Any CPU
		{DB752154-7ADA-4F11-8DF3-59DC2DBCAFE0}.Debug|Any CPU.Build.0 = Debug|Any CPU
		{DB752154-7ADA-4F11-8DF3-59DC2DBCAFE0}.Release|Any CPU.ActiveCfg = Release|Any CPU
		{DB752154-7ADA-4F11-8DF3-59DC2DBCAFE0}.Release|Any CPU.Build.0 = Release|Any CPU
		{5140117D-F2BC-409E-9D81-10E34B5DECD5}.Debug|Any CPU.ActiveCfg = Debug|Any CPU
		{5140117D-F2BC-409E-9D81-10E34B5DECD5}.Debug|Any CPU.Build.0 = Debug|Any CPU
		{5140117D-F2BC-409E-9D81-10E34B5DECD5}.Release|Any CPU.ActiveCfg = Release|Any CPU
		{5140117D-F2BC-409E-9D81-10E34B5DECD5}.Release|Any CPU.Build.0 = Release|Any CPU
		{816BB5F5-588C-44C7-953A-E48E620DC3BE}.Debug|Any CPU.ActiveCfg = Debug|Any CPU
		{816BB5F5-588C-44C7-953A-E48E620DC3BE}.Debug|Any CPU.Build.0 = Debug|Any CPU
		{816BB5F5-588C-44C7-953A-E48E620DC3BE}.Release|Any CPU.ActiveCfg = Release|Any CPU
		{816BB5F5-588C-44C7-953A-E48E620DC3BE}.Release|Any CPU.Build.0 = Release|Any CPU
		{0A258809-157A-4298-A079-5D5A6EFA8F01}.Debug|Any CPU.ActiveCfg = Debug|Any CPU
		{0A258809-157A-4298-A079-5D5A6EFA8F01}.Debug|Any CPU.Build.0 = Debug|Any CPU
		{0A258809-157A-4298-A079-5D5A6EFA8F01}.Release|Any CPU.ActiveCfg = Release|Any CPU
		{0A258809-157A-4298-A079-5D5A6EFA8F01}.Release|Any CPU.Build.0 = Release|Any CPU
		{24E3A546-F191-46BF-9E49-7E8F4F7E36C2}.Debug|Any CPU.ActiveCfg = Debug|Any CPU
		{24E3A546-F191-46BF-9E49-7E8F4F7E36C2}.Debug|Any CPU.Build.0 = Debug|Any CPU
		{24E3A546-F191-46BF-9E49-7E8F4F7E36C2}.Release|Any CPU.ActiveCfg = Release|Any CPU
		{24E3A546-F191-46BF-9E49-7E8F4F7E36C2}.Release|Any CPU.Build.0 = Release|Any CPU
		{3736B28E-F7C7-4C18-8855-952EA92517DE}.Debug|Any CPU.ActiveCfg = Debug|Any CPU
		{3736B28E-F7C7-4C18-8855-952EA92517DE}.Debug|Any CPU.Build.0 = Debug|Any CPU
		{3736B28E-F7C7-4C18-8855-952EA92517DE}.Release|Any CPU.ActiveCfg = Release|Any CPU
		{3736B28E-F7C7-4C18-8855-952EA92517DE}.Release|Any CPU.Build.0 = Release|Any CPU
		{6D335290-D167-44EC-805C-7156BD9F99E4}.Debug|Any CPU.ActiveCfg = Debug|Any CPU
		{6D335290-D167-44EC-805C-7156BD9F99E4}.Debug|Any CPU.Build.0 = Debug|Any CPU
		{6D335290-D167-44EC-805C-7156BD9F99E4}.Release|Any CPU.ActiveCfg = Release|Any CPU
		{6D335290-D167-44EC-805C-7156BD9F99E4}.Release|Any CPU.Build.0 = Release|Any CPU
		{42C1A5CB-92AD-4AED-AB29-BE959098BD9E}.Debug|Any CPU.ActiveCfg = Debug|Any CPU
		{42C1A5CB-92AD-4AED-AB29-BE959098BD9E}.Debug|Any CPU.Build.0 = Debug|Any CPU
		{42C1A5CB-92AD-4AED-AB29-BE959098BD9E}.Release|Any CPU.ActiveCfg = Release|Any CPU
		{42C1A5CB-92AD-4AED-AB29-BE959098BD9E}.Release|Any CPU.Build.0 = Release|Any CPU
		{81B2F16F-5EE4-4946-8E1B-94060CA4CD32}.Debug|Any CPU.ActiveCfg = Debug|Any CPU
		{81B2F16F-5EE4-4946-8E1B-94060CA4CD32}.Debug|Any CPU.Build.0 = Debug|Any CPU
		{81B2F16F-5EE4-4946-8E1B-94060CA4CD32}.Release|Any CPU.ActiveCfg = Release|Any CPU
		{81B2F16F-5EE4-4946-8E1B-94060CA4CD32}.Release|Any CPU.Build.0 = Release|Any CPU
		{D29B17DF-50E6-4AD6-93EB-0F97E1ACE1F4}.Debug|Any CPU.ActiveCfg = Debug|Any CPU
		{D29B17DF-50E6-4AD6-93EB-0F97E1ACE1F4}.Debug|Any CPU.Build.0 = Debug|Any CPU
		{D29B17DF-50E6-4AD6-93EB-0F97E1ACE1F4}.Release|Any CPU.ActiveCfg = Release|Any CPU
		{D29B17DF-50E6-4AD6-93EB-0F97E1ACE1F4}.Release|Any CPU.Build.0 = Release|Any CPU
		{66E8604C-B64A-47FD-9BD6-BCC0428D66F8}.Debug|Any CPU.ActiveCfg = Debug|Any CPU
		{66E8604C-B64A-47FD-9BD6-BCC0428D66F8}.Debug|Any CPU.Build.0 = Debug|Any CPU
		{66E8604C-B64A-47FD-9BD6-BCC0428D66F8}.Release|Any CPU.ActiveCfg = Release|Any CPU
		{66E8604C-B64A-47FD-9BD6-BCC0428D66F8}.Release|Any CPU.Build.0 = Release|Any CPU
		{EF48BAB7-6F93-4C8B-A476-680C59D4171D}.Debug|Any CPU.ActiveCfg = Debug|Any CPU
		{EF48BAB7-6F93-4C8B-A476-680C59D4171D}.Debug|Any CPU.Build.0 = Debug|Any CPU
		{EF48BAB7-6F93-4C8B-A476-680C59D4171D}.Release|Any CPU.ActiveCfg = Release|Any CPU
		{EF48BAB7-6F93-4C8B-A476-680C59D4171D}.Release|Any CPU.Build.0 = Release|Any CPU
		{4A58E3DC-B94E-4859-8E82-57EE0C21B44C}.Debug|Any CPU.ActiveCfg = Debug|Any CPU
		{4A58E3DC-B94E-4859-8E82-57EE0C21B44C}.Debug|Any CPU.Build.0 = Debug|Any CPU
		{4A58E3DC-B94E-4859-8E82-57EE0C21B44C}.Release|Any CPU.ActiveCfg = Release|Any CPU
		{4A58E3DC-B94E-4859-8E82-57EE0C21B44C}.Release|Any CPU.Build.0 = Release|Any CPU
		{6982002B-D8DA-47AF-95F4-60211B16AB9F}.Debug|Any CPU.ActiveCfg = Debug|Any CPU
		{6982002B-D8DA-47AF-95F4-60211B16AB9F}.Debug|Any CPU.Build.0 = Debug|Any CPU
		{6982002B-D8DA-47AF-95F4-60211B16AB9F}.Release|Any CPU.ActiveCfg = Release|Any CPU
		{6982002B-D8DA-47AF-95F4-60211B16AB9F}.Release|Any CPU.Build.0 = Release|Any CPU
		{BD7C308A-BC7F-4A4C-BF70-BDF4C8CF8906}.Debug|Any CPU.ActiveCfg = Debug|Any CPU
		{BD7C308A-BC7F-4A4C-BF70-BDF4C8CF8906}.Debug|Any CPU.Build.0 = Debug|Any CPU
		{BD7C308A-BC7F-4A4C-BF70-BDF4C8CF8906}.Release|Any CPU.ActiveCfg = Release|Any CPU
		{BD7C308A-BC7F-4A4C-BF70-BDF4C8CF8906}.Release|Any CPU.Build.0 = Release|Any CPU
		{9F84A671-D876-4580-8D54-C4F7E843AF34}.Debug|Any CPU.ActiveCfg = Debug|Any CPU
		{9F84A671-D876-4580-8D54-C4F7E843AF34}.Debug|Any CPU.Build.0 = Debug|Any CPU
		{9F84A671-D876-4580-8D54-C4F7E843AF34}.Release|Any CPU.ActiveCfg = Release|Any CPU
		{9F84A671-D876-4580-8D54-C4F7E843AF34}.Release|Any CPU.Build.0 = Release|Any CPU
		{D89DB7C3-5946-46DE-8B13-8560BE47A4A6}.Debug|Any CPU.ActiveCfg = Debug|Any CPU
		{D89DB7C3-5946-46DE-8B13-8560BE47A4A6}.Debug|Any CPU.Build.0 = Debug|Any CPU
		{D89DB7C3-5946-46DE-8B13-8560BE47A4A6}.Release|Any CPU.ActiveCfg = Release|Any CPU
		{D89DB7C3-5946-46DE-8B13-8560BE47A4A6}.Release|Any CPU.Build.0 = Release|Any CPU
		{F7B9BF20-BC88-4E2E-A226-0795C7E9A8D2}.Debug|Any CPU.ActiveCfg = Debug|Any CPU
		{F7B9BF20-BC88-4E2E-A226-0795C7E9A8D2}.Debug|Any CPU.Build.0 = Debug|Any CPU
		{F7B9BF20-BC88-4E2E-A226-0795C7E9A8D2}.Release|Any CPU.ActiveCfg = Release|Any CPU
		{F7B9BF20-BC88-4E2E-A226-0795C7E9A8D2}.Release|Any CPU.Build.0 = Release|Any CPU
		{0C7A1BB2-3A3F-441A-A347-D1AC877C04DF}.Debug|Any CPU.ActiveCfg = Debug|Any CPU
		{0C7A1BB2-3A3F-441A-A347-D1AC877C04DF}.Debug|Any CPU.Build.0 = Debug|Any CPU
		{0C7A1BB2-3A3F-441A-A347-D1AC877C04DF}.Release|Any CPU.ActiveCfg = Release|Any CPU
		{0C7A1BB2-3A3F-441A-A347-D1AC877C04DF}.Release|Any CPU.Build.0 = Release|Any CPU
		{835AA5E9-93F4-45DD-80A9-367FB53B879B}.Debug|Any CPU.ActiveCfg = Debug|Any CPU
		{835AA5E9-93F4-45DD-80A9-367FB53B879B}.Debug|Any CPU.Build.0 = Debug|Any CPU
		{835AA5E9-93F4-45DD-80A9-367FB53B879B}.Release|Any CPU.ActiveCfg = Release|Any CPU
		{835AA5E9-93F4-45DD-80A9-367FB53B879B}.Release|Any CPU.Build.0 = Release|Any CPU
	EndGlobalSection
	GlobalSection(SolutionProperties) = preSolution
		HideSolutionNode = FALSE
	EndGlobalSection
	GlobalSection(NestedProjects) = preSolution
		{DE0F440E-BC6A-44BE-BF0A-367FA6986B8A} = {81365905-4FDF-4B43-8E8A-331E37D2794E}
		{221DD83C-70C7-4F6A-8251-A442A347635B} = {81365905-4FDF-4B43-8E8A-331E37D2794E}
		{51A0102F-CDBE-468C-9065-16747546E202} = {81365905-4FDF-4B43-8E8A-331E37D2794E}
		{24482F15-889D-482E-B8E1-97973CF61BE6} = {81365905-4FDF-4B43-8E8A-331E37D2794E}
		{C84CFB83-9040-4E57-8028-0A216767BBCD} = {81365905-4FDF-4B43-8E8A-331E37D2794E}
		{83574EC9-5528-47EF-A239-DA08D87B7AB5} = {3599A30A-80E5-4680-8BDA-A1EF033602C6}
		{5DFBCED5-A27E-414F-A015-8FE82B4C9CA5} = {3599A30A-80E5-4680-8BDA-A1EF033602C6}
		{6087215C-FED8-4A2E-B300-29E39742659E} = {3599A30A-80E5-4680-8BDA-A1EF033602C6}
		{0534022D-40A2-4591-9C74-1B4DB6A9F54D} = {3599A30A-80E5-4680-8BDA-A1EF033602C6}
		{B8B6CDD8-6B65-4DC3-83DB-7A5FE9D7BD19} = {235E2C5C-9949-4478-9248-438511A458BD}
		{5D19B716-C104-4270-BB26-111C088B0F35} = {235E2C5C-9949-4478-9248-438511A458BD}
		{1771B1B4-5D9E-4DDA-859D-50AD3B68C96F} = {235E2C5C-9949-4478-9248-438511A458BD}
		{2A683F08-C6E6-48FC-9207-E94C2DE3546A} = {235E2C5C-9949-4478-9248-438511A458BD}
		{DB752154-7ADA-4F11-8DF3-59DC2DBCAFE0} = {235E2C5C-9949-4478-9248-438511A458BD}
		{5140117D-F2BC-409E-9D81-10E34B5DECD5} = {235E2C5C-9949-4478-9248-438511A458BD}
		{816BB5F5-588C-44C7-953A-E48E620DC3BE} = {D3B37AF6-E36C-4C12-BD56-D5E0F5F2ADEC}
		{0A258809-157A-4298-A079-5D5A6EFA8F01} = {D3B37AF6-E36C-4C12-BD56-D5E0F5F2ADEC}
		{24E3A546-F191-46BF-9E49-7E8F4F7E36C2} = {5BB41B28-EE51-4524-8769-B926BDCF056C}
		{3736B28E-F7C7-4C18-8855-952EA92517DE} = {5BB41B28-EE51-4524-8769-B926BDCF056C}
		{6D335290-D167-44EC-805C-7156BD9F99E4} = {5BB41B28-EE51-4524-8769-B926BDCF056C}
		{42C1A5CB-92AD-4AED-AB29-BE959098BD9E} = {5BB41B28-EE51-4524-8769-B926BDCF056C}
		{81B2F16F-5EE4-4946-8E1B-94060CA4CD32} = {5BB41B28-EE51-4524-8769-B926BDCF056C}
		{D29B17DF-50E6-4AD6-93EB-0F97E1ACE1F4} = {B7F19299-0E24-4546-A13E-496F30630601}
		{66E8604C-B64A-47FD-9BD6-BCC0428D66F8} = {B7F19299-0E24-4546-A13E-496F30630601}
		{EF48BAB7-6F93-4C8B-A476-680C59D4171D} = {B7F19299-0E24-4546-A13E-496F30630601}
		{4A58E3DC-B94E-4859-8E82-57EE0C21B44C} = {29935164-6B60-4DB0-99D0-C0FCFBB67D0F}
		{6982002B-D8DA-47AF-95F4-60211B16AB9F} = {29935164-6B60-4DB0-99D0-C0FCFBB67D0F}
		{BD7C308A-BC7F-4A4C-BF70-BDF4C8CF8906} = {29935164-6B60-4DB0-99D0-C0FCFBB67D0F}
		{9F84A671-D876-4580-8D54-C4F7E843AF34} = {29935164-6B60-4DB0-99D0-C0FCFBB67D0F}
		{D89DB7C3-5946-46DE-8B13-8560BE47A4A6} = {29935164-6B60-4DB0-99D0-C0FCFBB67D0F}
		{F7B9BF20-BC88-4E2E-A226-0795C7E9A8D2} = {29935164-6B60-4DB0-99D0-C0FCFBB67D0F}
		{0C7A1BB2-3A3F-441A-A347-D1AC877C04DF} = {C6D7195D-7FD5-4130-8B21-8D5AD0968C02}
		{835AA5E9-93F4-45DD-80A9-367FB53B879B} = {C6D7195D-7FD5-4130-8B21-8D5AD0968C02}
	EndGlobalSection
	GlobalSection(ExtensibilityGlobals) = postSolution
		SolutionGuid = {A5D3450F-31EA-4BED-A1BC-3C2409010C69}
	EndGlobalSection
EndGlobal
