
Microsoft Visual Studio Solution File, Format Version 12.00
# Visual Studio Version 17
VisualStudioVersion = 17.3.32929.385
MinimumVisualStudioVersion = 10.0.40219.1
Project("{9A19103F-16F7-4668-BE54-9A1E7A4F7556}") = "01.SingleInheritance", "Lab01 - Inheritance\01.SingleInheritance\01.SingleInheritance.csproj", "{DE0F440E-BC6A-44BE-BF0A-367FA6986B8A}"
EndProject
Project("{2150E333-8FDC-42A3-9474-1A3956D46DE8}") = "Lab01 - Inheritance", "Lab01 - Inheritance", "{81365905-4FDF-4B43-8E8A-331E37D2794E}"
EndProject
Project("{9A19103F-16F7-4668-BE54-9A1E7A4F7556}") = "02.MultipleInheritance", "Lab01 - Inheritance\02.MultipleInheritance\02.MultipleInheritance.csproj", "{221DD83C-70C7-4F6A-8251-A442A347635B}"
EndProject
Project("{9A19103F-16F7-4668-BE54-9A1E7A4F7556}") = "03.HierarchicalInheritance", "Lab01 - Inheritance\03.HierarchicalInheritance\03.HierarchicalInheritance.csproj", "{51A0102F-CDBE-468C-9065-16747546E202}"
EndProject
Project("{9A19103F-16F7-4668-BE54-9A1E7A4F7556}") = "04.RandomList", "Lab01 - Inheritance\04.RandomList\04.RandomList.csproj", "{24482F15-889D-482E-B8E1-97973CF61BE6}"
EndProject
Project("{9A19103F-16F7-4668-BE54-9A1E7A4F7556}") = "05.StackOfStrings", "Lab01 - Inheritance\05.StackOfStrings\05.StackOfStrings.csproj", "{C84CFB83-9040-4E57-8028-0A216767BBCD}"
EndProject
Project("{2150E333-8FDC-42A3-9474-1A3956D46DE8}") = "Exercise01 - Inheritance", "Exercise01 - Inheritance", "{235E2C5C-9949-4478-9248-438511A458BD}"
EndProject
Project("{2150E333-8FDC-42A3-9474-1A3956D46DE8}") = "Lab02 - Encapsulation", "Lab02 - Encapsulation", "{3599A30A-80E5-4680-8BDA-A1EF033602C6}"
EndProject
Project("{9A19103F-16F7-4668-BE54-9A1E7A4F7556}") = "01.SortPersonsByNameAndAge", "Lab02 - Encapsulation\01.SortPersonsByNameAndAge\01.SortPersonsByNameAndAge.csproj", "{83574EC9-5528-47EF-A239-DA08D87B7AB5}"
EndProject
Project("{9A19103F-16F7-4668-BE54-9A1E7A4F7556}") = "02.SalaryIncrease", "Lab02 - Encapsulation\02.SalaryIncrease\02.SalaryIncrease.csproj", "{5DFBCED5-A27E-414F-A015-8FE82B4C9CA5}"
EndProject
Project("{9A19103F-16F7-4668-BE54-9A1E7A4F7556}") = "03.ValidationOfData", "Lab02 - Encapsulation\03.ValidationOfData\03.ValidationOfData.csproj", "{6087215C-FED8-4A2E-B300-29E39742659E}"
EndProject
Project("{9A19103F-16F7-4668-BE54-9A1E7A4F7556}") = "04.FirstAndReserveTeam", "Lab02 - Encapsulation\04.FirstAndReserveTeam\04.FirstAndReserveTeam.csproj", "{0534022D-40A2-4591-9C74-1B4DB6A9F54D}"
EndProject
Project("{FAE04EC0-301F-11D3-BF4B-00C04F79EFBC}") = "01.Person", "Exercise01 - Inheritance\01.Person\01.Person.csproj", "{B8B6CDD8-6B65-4DC3-83DB-7A5FE9D7BD19}"
EndProject
Project("{FAE04EC0-301F-11D3-BF4B-00C04F79EFBC}") = "02.Zoo", "Exercise01 - Inheritance\02.Zoo\02.Zoo.csproj", "{5D19B716-C104-4270-BB26-111C088B0F35}"
EndProject
Project("{FAE04EC0-301F-11D3-BF4B-00C04F79EFBC}") = "03.PlayersAndMonsters", "Exercise01 - Inheritance\03.PlayersAndMonsters\03.PlayersAndMonsters.csproj", "{1771B1B4-5D9E-4DDA-859D-50AD3B68C96F}"
EndProject
Project("{FAE04EC0-301F-11D3-BF4B-00C04F79EFBC}") = "04.NeedForSpeed", "Exercise01 - Inheritance\04.NeedForSpeed\04.NeedForSpeed.csproj", "{2A683F08-C6E6-48FC-9207-E94C2DE3546A}"
EndProject
Project("{FAE04EC0-301F-11D3-BF4B-00C04F79EFBC}") = "05.Restaurant", "Exercise01 - Inheritance\05.Restaurant\05.Restaurant.csproj", "{DB752154-7ADA-4F11-8DF3-59DC2DBCAFE0}"
EndProject
Project("{FAE04EC0-301F-11D3-BF4B-00C04F79EFBC}") = "06.Animals", "Exercise01 - Inheritance\06.Animals\06.Animals.csproj", "{5140117D-F2BC-409E-9D81-10E34B5DECD5}"
EndProject
Global
	GlobalSection(SolutionConfigurationPlatforms) = preSolution
		Debug|Any CPU = Debug|Any CPU
		Release|Any CPU = Release|Any CPU
	EndGlobalSection
	GlobalSection(ProjectConfigurationPlatforms) = postSolution
		{DE0F440E-BC6A-44BE-BF0A-367FA6986B8A}.Debug|Any CPU.ActiveCfg = Debug|Any CPU
		{DE0F440E-BC6A-44BE-BF0A-367FA6986B8A}.Debug|Any CPU.Build.0 = Debug|Any CPU
		{DE0F440E-BC6A-44BE-BF0A-367FA6986B8A}.Release|Any CPU.ActiveCfg = Release|Any CPU
		{DE0F440E-BC6A-44BE-BF0A-367FA6986B8A}.Release|Any CPU.Build.0 = Release|Any CPU
		{221DD83C-70C7-4F6A-8251-A442A347635B}.Debug|Any CPU.ActiveCfg = Debug|Any CPU
		{221DD83C-70C7-4F6A-8251-A442A347635B}.Debug|Any CPU.Build.0 = Debug|Any CPU
		{221DD83C-70C7-4F6A-8251-A442A347635B}.Release|Any CPU.ActiveCfg = Release|Any CPU
		{221DD83C-70C7-4F6A-8251-A442A347635B}.Release|Any CPU.Build.0 = Release|Any CPU
		{51A0102F-CDBE-468C-9065-16747546E202}.Debug|Any CPU.ActiveCfg = Debug|Any CPU
		{51A0102F-CDBE-468C-9065-16747546E202}.Debug|Any CPU.Build.0 = Debug|Any CPU
		{51A0102F-CDBE-468C-9065-16747546E202}.Release|Any CPU.ActiveCfg = Release|Any CPU
		{51A0102F-CDBE-468C-9065-16747546E202}.Release|Any CPU.Build.0 = Release|Any CPU
		{24482F15-889D-482E-B8E1-97973CF61BE6}.Debug|Any CPU.ActiveCfg = Debug|Any CPU
		{24482F15-889D-482E-B8E1-97973CF61BE6}.Debug|Any CPU.Build.0 = Debug|Any CPU
		{24482F15-889D-482E-B8E1-97973CF61BE6}.Release|Any CPU.ActiveCfg = Release|Any CPU
		{24482F15-889D-482E-B8E1-97973CF61BE6}.Release|Any CPU.Build.0 = Release|Any CPU
		{C84CFB83-9040-4E57-8028-0A216767BBCD}.Debug|Any CPU.ActiveCfg = Debug|Any CPU
		{C84CFB83-9040-4E57-8028-0A216767BBCD}.Debug|Any CPU.Build.0 = Debug|Any CPU
		{C84CFB83-9040-4E57-8028-0A216767BBCD}.Release|Any CPU.ActiveCfg = Release|Any CPU
		{C84CFB83-9040-4E57-8028-0A216767BBCD}.Release|Any CPU.Build.0 = Release|Any CPU
		{83574EC9-5528-47EF-A239-DA08D87B7AB5}.Debug|Any CPU.ActiveCfg = Debug|Any CPU
		{83574EC9-5528-47EF-A239-DA08D87B7AB5}.Debug|Any CPU.Build.0 = Debug|Any CPU
		{83574EC9-5528-47EF-A239-DA08D87B7AB5}.Release|Any CPU.ActiveCfg = Release|Any CPU
		{83574EC9-5528-47EF-A239-DA08D87B7AB5}.Release|Any CPU.Build.0 = Release|Any CPU
		{5DFBCED5-A27E-414F-A015-8FE82B4C9CA5}.Debug|Any CPU.ActiveCfg = Debug|Any CPU
		{5DFBCED5-A27E-414F-A015-8FE82B4C9CA5}.Debug|Any CPU.Build.0 = Debug|Any CPU
		{5DFBCED5-A27E-414F-A015-8FE82B4C9CA5}.Release|Any CPU.ActiveCfg = Release|Any CPU
		{5DFBCED5-A27E-414F-A015-8FE82B4C9CA5}.Release|Any CPU.Build.0 = Release|Any CPU
		{6087215C-FED8-4A2E-B300-29E39742659E}.Debug|Any CPU.ActiveCfg = Debug|Any CPU
		{6087215C-FED8-4A2E-B300-29E39742659E}.Debug|Any CPU.Build.0 = Debug|Any CPU
		{6087215C-FED8-4A2E-B300-29E39742659E}.Release|Any CPU.ActiveCfg = Release|Any CPU
		{6087215C-FED8-4A2E-B300-29E39742659E}.Release|Any CPU.Build.0 = Release|Any CPU
		{0534022D-40A2-4591-9C74-1B4DB6A9F54D}.Debug|Any CPU.ActiveCfg = Debug|Any CPU
		{0534022D-40A2-4591-9C74-1B4DB6A9F54D}.Debug|Any CPU.Build.0 = Debug|Any CPU
		{0534022D-40A2-4591-9C74-1B4DB6A9F54D}.Release|Any CPU.ActiveCfg = Release|Any CPU
		{0534022D-40A2-4591-9C74-1B4DB6A9F54D}.Release|Any CPU.Build.0 = Release|Any CPU
		{B8B6CDD8-6B65-4DC3-83DB-7A5FE9D7BD19}.Debug|Any CPU.ActiveCfg = Debug|Any CPU
		{B8B6CDD8-6B65-4DC3-83DB-7A5FE9D7BD19}.Debug|Any CPU.Build.0 = Debug|Any CPU
		{B8B6CDD8-6B65-4DC3-83DB-7A5FE9D7BD19}.Release|Any CPU.ActiveCfg = Release|Any CPU
		{B8B6CDD8-6B65-4DC3-83DB-7A5FE9D7BD19}.Release|Any CPU.Build.0 = Release|Any CPU
		{5D19B716-C104-4270-BB26-111C088B0F35}.Debug|Any CPU.ActiveCfg = Debug|Any CPU
		{5D19B716-C104-4270-BB26-111C088B0F35}.Debug|Any CPU.Build.0 = Debug|Any CPU
		{5D19B716-C104-4270-BB26-111C088B0F35}.Release|Any CPU.ActiveCfg = Release|Any CPU
		{5D19B716-C104-4270-BB26-111C088B0F35}.Release|Any CPU.Build.0 = Release|Any CPU
		{1771B1B4-5D9E-4DDA-859D-50AD3B68C96F}.Debug|Any CPU.ActiveCfg = Debug|Any CPU
		{1771B1B4-5D9E-4DDA-859D-50AD3B68C96F}.Debug|Any CPU.Build.0 = Debug|Any CPU
		{1771B1B4-5D9E-4DDA-859D-50AD3B68C96F}.Release|Any CPU.ActiveCfg = Release|Any CPU
		{1771B1B4-5D9E-4DDA-859D-50AD3B68C96F}.Release|Any CPU.Build.0 = Release|Any CPU
		{2A683F08-C6E6-48FC-9207-E94C2DE3546A}.Debug|Any CPU.ActiveCfg = Debug|Any CPU
		{2A683F08-C6E6-48FC-9207-E94C2DE3546A}.Debug|Any CPU.Build.0 = Debug|Any CPU
		{2A683F08-C6E6-48FC-9207-E94C2DE3546A}.Release|Any CPU.ActiveCfg = Release|Any CPU
		{2A683F08-C6E6-48FC-9207-E94C2DE3546A}.Release|Any CPU.Build.0 = Release|Any CPU
		{DB752154-7ADA-4F11-8DF3-59DC2DBCAFE0}.Debug|Any CPU.ActiveCfg = Debug|Any CPU
		{DB752154-7ADA-4F11-8DF3-59DC2DBCAFE0}.Debug|Any CPU.Build.0 = Debug|Any CPU
		{DB752154-7ADA-4F11-8DF3-59DC2DBCAFE0}.Release|Any CPU.ActiveCfg = Release|Any CPU
		{DB752154-7ADA-4F11-8DF3-59DC2DBCAFE0}.Release|Any CPU.Build.0 = Release|Any CPU
		{5140117D-F2BC-409E-9D81-10E34B5DECD5}.Debug|Any CPU.ActiveCfg = Debug|Any CPU
		{5140117D-F2BC-409E-9D81-10E34B5DECD5}.Debug|Any CPU.Build.0 = Debug|Any CPU
		{5140117D-F2BC-409E-9D81-10E34B5DECD5}.Release|Any CPU.ActiveCfg = Release|Any CPU
		{5140117D-F2BC-409E-9D81-10E34B5DECD5}.Release|Any CPU.Build.0 = Release|Any CPU
	EndGlobalSection
	GlobalSection(SolutionProperties) = preSolution
		HideSolutionNode = FALSE
	EndGlobalSection
	GlobalSection(NestedProjects) = preSolution
		{DE0F440E-BC6A-44BE-BF0A-367FA6986B8A} = {81365905-4FDF-4B43-8E8A-331E37D2794E}
		{221DD83C-70C7-4F6A-8251-A442A347635B} = {81365905-4FDF-4B43-8E8A-331E37D2794E}
		{51A0102F-CDBE-468C-9065-16747546E202} = {81365905-4FDF-4B43-8E8A-331E37D2794E}
		{24482F15-889D-482E-B8E1-97973CF61BE6} = {81365905-4FDF-4B43-8E8A-331E37D2794E}
		{C84CFB83-9040-4E57-8028-0A216767BBCD} = {81365905-4FDF-4B43-8E8A-331E37D2794E}
		{83574EC9-5528-47EF-A239-DA08D87B7AB5} = {3599A30A-80E5-4680-8BDA-A1EF033602C6}
		{5DFBCED5-A27E-414F-A015-8FE82B4C9CA5} = {3599A30A-80E5-4680-8BDA-A1EF033602C6}
		{6087215C-FED8-4A2E-B300-29E39742659E} = {3599A30A-80E5-4680-8BDA-A1EF033602C6}
		{0534022D-40A2-4591-9C74-1B4DB6A9F54D} = {3599A30A-80E5-4680-8BDA-A1EF033602C6}
		{B8B6CDD8-6B65-4DC3-83DB-7A5FE9D7BD19} = {235E2C5C-9949-4478-9248-438511A458BD}
		{5D19B716-C104-4270-BB26-111C088B0F35} = {235E2C5C-9949-4478-9248-438511A458BD}
		{1771B1B4-5D9E-4DDA-859D-50AD3B68C96F} = {235E2C5C-9949-4478-9248-438511A458BD}
		{2A683F08-C6E6-48FC-9207-E94C2DE3546A} = {235E2C5C-9949-4478-9248-438511A458BD}
		{DB752154-7ADA-4F11-8DF3-59DC2DBCAFE0} = {235E2C5C-9949-4478-9248-438511A458BD}
		{5140117D-F2BC-409E-9D81-10E34B5DECD5} = {235E2C5C-9949-4478-9248-438511A458BD}
	EndGlobalSection
	GlobalSection(ExtensibilityGlobals) = postSolution
		SolutionGuid = {A5D3450F-31EA-4BED-A1BC-3C2409010C69}
	EndGlobalSection
EndGlobal
