
Microsoft Visual Studio Solution File, Format Version 12.00
# Visual Studio Version 17
VisualStudioVersion = 17.7.34024.191
MinimumVisualStudioVersion = 10.0.40219.1
Project("{2150E333-8FDC-42A3-9474-1A3956D46DE8}") = "Tests and Experiments", "Tests and Experiments", "{91CAA42A-72C1-4CED-8331-5A4A6FD7AA65}"
EndProject
Project("{9A19103F-16F7-4668-BE54-9A1E7A4F7556}") = "ADO.NETTesting", "Tests and Experiments\ADO.NETTesting\ADO.NETTesting.csproj", "{696229BC-0FFE-4BCA-8CA6-38E8BC131688}"
EndProject
Project("{2150E333-8FDC-42A3-9474-1A3956D46DE8}") = "01 - ADO.NET", "01 - ADO.NET", "{708DE3E0-FABF-4165-AA86-464FD2131839}"
EndProject
Project("{9A19103F-16F7-4668-BE54-9A1E7A4F7556}") = "02.VillainNames", "01 - ADO.NET\02.VillainNames\02.VillainNames.csproj", "{F9FB5B28-2C02-464C-9DB6-57A34C1B6582}"
EndProject
Project("{9A19103F-16F7-4668-BE54-9A1E7A4F7556}") = "03.MinionNames", "01 - ADO.NET\03.MinionNames\03.MinionNames.csproj", "{A1DD2AD9-5E18-467D-92FF-00F18ADA95E5}"
EndProject
Project("{9A19103F-16F7-4668-BE54-9A1E7A4F7556}") = "04.AddMinion", "01 - ADO.NET\04.AddMinion\04.AddMinion.csproj", "{9481026E-7192-42D2-AE08-CD4ADA2FFBEF}"
EndProject
Project("{9A19103F-16F7-4668-BE54-9A1E7A4F7556}") = "05.ChangeTownNamesCasing", "01 - ADO.NET\05.ChangeTownNamesCasing\05.ChangeTownNamesCasing.csproj", "{26C7959E-237F-4453-8B46-04396B1558F5}"
EndProject
Project("{9A19103F-16F7-4668-BE54-9A1E7A4F7556}") = "06.RemoveVillain", "01 - ADO.NET\06.RemoveVillain\06.RemoveVillain.csproj", "{E933957E-E569-4C7C-BE3B-8869BC1E21E2}"
EndProject
Project("{9A19103F-16F7-4668-BE54-9A1E7A4F7556}") = "07.PrintAllMinionNames", "01 - ADO.NET\07.PrintAllMinionNames\07.PrintAllMinionNames.csproj", "{A6B623A5-7832-4197-B7B9-8D7793B29B44}"
EndProject
Project("{9A19103F-16F7-4668-BE54-9A1E7A4F7556}") = "08.IncreaseMinionAge", "01 - ADO.NET\08.IncreaseMinionAge\08.IncreaseMinionAge.csproj", "{AFB2ABC8-61E1-4A71-8E30-A067294B955F}"
EndProject
Project("{9A19103F-16F7-4668-BE54-9A1E7A4F7556}") = "09.IncreaseAgeStoredProcedure", "01 - ADO.NET\09.IncreaseAgeStoredProcedure\09.IncreaseAgeStoredProcedure.csproj", "{5556F42E-4404-4947-B02F-7D7E0DBE6F52}"
EndProject
Project("{9A19103F-16F7-4668-BE54-9A1E7A4F7556}") = "ORMFundamentalsTesting", "Tests and Experiments\ORMFundamentalsTesting\ORMFundamentalsTesting.csproj", "{B369000D-23AD-40DC-9892-592E86BD9AF8}"
EndProject
Project("{2150E333-8FDC-42A3-9474-1A3956D46DE8}") = "02 - ORM Fundamentals", "02 - ORM Fundamentals", "{312F4B56-BA35-41A4-9A68-E25F66396F6B}"
EndProject
Project("{9A19103F-16F7-4668-BE54-9A1E7A4F7556}") = "MiniORM", "02 - ORM Fundamentals\MiniORM\MiniORM.csproj", "{B76F331C-EF12-4994-A58A-4F9BAD4989D7}"
EndProject
Project("{9A19103F-16F7-4668-BE54-9A1E7A4F7556}") = "MiniORM.App", "02 - ORM Fundamentals\MiniORM.App\MiniORM.App.csproj", "{C7ABC1D4-173A-45E9-B381-4C2405A18547}"
EndProject
Project("{9A19103F-16F7-4668-BE54-9A1E7A4F7556}") = "EFCoreTesting", "Tests and Experiments\EFCoreTesting\EFCoreTesting.csproj", "{4F94C0E1-C7E1-4D5A-B1FA-4656C672DB98}"
EndProject
Project("{2150E333-8FDC-42A3-9474-1A3956D46DE8}") = "03 - Entity Framework Introduction", "03 - Entity Framework Introduction", "{CAD55C08-CEF9-4E59-986D-59DC88EBCFEC}"
EndProject
Project("{9A19103F-16F7-4668-BE54-9A1E7A4F7556}") = "SoftUni", "03 - Entity Framework Introduction\SoftUni\SoftUni.csproj", "{57629A71-BA6F-49BA-9419-5EFDCA6D10BA}"
EndProject
Project("{9A19103F-16F7-4668-BE54-9A1E7A4F7556}") = "EntityRelationsDemo", "Tests and Experiments\EntityRelationsDemo\EntityRelationsDemo.csproj", "{B801C2A3-FA16-4CAF-BA6F-39C3B8FB2528}"
EndProject
Project("{2150E333-8FDC-42A3-9474-1A3956D46DE8}") = "04 - Entity Relations", "04 - Entity Relations", "{DC017963-E3DC-455B-9697-13BE6423EE03}"
EndProject
Project("{9A19103F-16F7-4668-BE54-9A1E7A4F7556}") = "1.StudentSystem", "04 - Entity Relations\1.StudentSystem\1.StudentSystem.csproj", "{CEACE99E-336A-4CB0-A16E-0AFE695CCD65}"
EndProject
Project("{9A19103F-16F7-4668-BE54-9A1E7A4F7556}") = "2.FootballBetting", "04 - Entity Relations\2.FootballBetting\2.FootballBetting.csproj", "{5534AE55-4D67-4CBE-B561-5E90BCEDE9DE}"
EndProject
Project("{9A19103F-16F7-4668-BE54-9A1E7A4F7556}") = "2.FootballBetting.Data", "04 - Entity Relations\2.FootballBetting.Data\2.FootballBetting.Data.csproj", "{4EAD46CF-2C11-400E-B5B9-605C346A1F7D}"
EndProject
Project("{9A19103F-16F7-4668-BE54-9A1E7A4F7556}") = "2.FootballBetting.Data.Models", "04 - Entity Relations\2.FootballBetting.Data.Models\2.FootballBetting.Data.Models.csproj", "{F7E0881C-7CB7-497E-A75B-2974A29531BC}"
EndProject
Project("{9A19103F-16F7-4668-BE54-9A1E7A4F7556}") = "2.FootballBetting.Data.Common", "04 - Entity Relations\2.FootballBetting.Data.Common\2.FootballBetting.Data.Common.csproj", "{D68CA747-22B3-4047-8AE6-20D99C505EAC}"
EndProject
Project("{2150E333-8FDC-42A3-9474-1A3956D46DE8}") = "2.FootballBetting", "2.FootballBetting", "{49938CA8-A815-4862-A679-59864131C27D}"
EndProject
Project("{2150E333-8FDC-42A3-9474-1A3956D46DE8}") = "Entity Relations - More Exercices", "Entity Relations - More Exercices", "{CB05C5A7-98EA-479E-B8CC-EFBB96FFDA0A}"
EndProject
Project("{9A19103F-16F7-4668-BE54-9A1E7A4F7556}") = "1.HospitalDatabase", "Entity Relations - More Exercices\01.HospitalDatabase\1.HospitalDatabase\1.HospitalDatabase.csproj", "{6A314607-CF28-4075-92A3-0613DA753907}"
EndProject
Project("{2150E333-8FDC-42A3-9474-1A3956D46DE8}") = "1.HospitalDatabase", "1.HospitalDatabase", "{A9179F6D-8F8C-4AE5-9477-B5908801E44D}"
EndProject
Project("{9A19103F-16F7-4668-BE54-9A1E7A4F7556}") = "1.HospitalDatabase.Data", "Entity Relations - More Exercices\01.HospitalDatabase\1.HospitalDatabase.Data\1.HospitalDatabase.Data.csproj", "{6EA54B5A-D644-4960-AADE-83328163525C}"
EndProject
Project("{9A19103F-16F7-4668-BE54-9A1E7A4F7556}") = "1.HospitalDatabase.Data.Common", "Entity Relations - More Exercices\01.HospitalDatabase\1.HospitalDatabase.Data.Common\1.HospitalDatabase.Data.Common.csproj", "{290C9F0B-806E-443F-88FC-5EC39EFD1134}"
EndProject
Project("{9A19103F-16F7-4668-BE54-9A1E7A4F7556}") = "1.HospitalDatabase.Data.Models", "Entity Relations - More Exercices\01.HospitalDatabase\1.HospitalDatabase.Data.Models\1.HospitalDatabase.Data.Models.csproj", "{67968F89-517C-4EF5-B4A3-448628C1093E}"
EndProject
Project("{2150E333-8FDC-42A3-9474-1A3956D46DE8}") = "2.SalesDatabase", "2.SalesDatabase", "{981B1635-3661-4F71-92C3-FEEF50E26A8C}"
EndProject
Project("{FAE04EC0-301F-11D3-BF4B-00C04F79EFBC}") = "2.SalesDatabase", "Entity Relations - More Exercices\02.SalesDatabase\2.SalesDatabase\2.SalesDatabase.csproj", "{543E061B-EE6D-4A50-8C3D-A032E3D68F22}"
EndProject
Project("{FAE04EC0-301F-11D3-BF4B-00C04F79EFBC}") = "2.SalesDatabase.Data.Common", "Entity Relations - More Exercices\02.SalesDatabase\2.SalesDatabase.Data.Common\2.SalesDatabase.Data.Common.csproj", "{9E984029-D77F-4F16-AF16-01631C57A6F0}"
EndProject
Project("{FAE04EC0-301F-11D3-BF4B-00C04F79EFBC}") = "2.SalesDatabase.Data", "Entity Relations - More Exercices\02.SalesDatabase\2.SalesDatabase.Data\2.SalesDatabase.Data.csproj", "{C5D2D87E-D2DE-4339-883F-69C817AD2D6D}"
EndProject
Project("{FAE04EC0-301F-11D3-BF4B-00C04F79EFBC}") = "2.SalesDatabase.Data.Models", "Entity Relations - More Exercices\02.SalesDatabase\2.SalesDatabase.Data.Models\2.SalesDatabase.Data.Models.csproj", "{26619AF5-6473-44CC-8F91-A09F290B6BA7}"
EndProject
Project("{2150E333-8FDC-42A3-9474-1A3956D46DE8}") = "05 - LINQ", "05 - LINQ", "{119A19A5-5A31-4B75-9287-7D3A3D1E90B9}"
EndProject
Project("{2150E333-8FDC-42A3-9474-1A3956D46DE8}") = "01.MusicHub", "01.MusicHub", "{56845D40-32F1-4399-A71D-8ACEDCE48C25}"
EndProject
Project("{9A19103F-16F7-4668-BE54-9A1E7A4F7556}") = "MusicHub", "05 - LINQ\MusicHub\MusicHub.csproj", "{1D4B4635-A268-4A1F-A1DA-8A8CAB8D975B}"
EndProject
Global
	GlobalSection(SolutionConfigurationPlatforms) = preSolution
		Debug|Any CPU = Debug|Any CPU
		Release|Any CPU = Release|Any CPU
	EndGlobalSection
	GlobalSection(ProjectConfigurationPlatforms) = postSolution
		{696229BC-0FFE-4BCA-8CA6-38E8BC131688}.Debug|Any CPU.ActiveCfg = Debug|Any CPU
		{696229BC-0FFE-4BCA-8CA6-38E8BC131688}.Debug|Any CPU.Build.0 = Debug|Any CPU
		{696229BC-0FFE-4BCA-8CA6-38E8BC131688}.Release|Any CPU.ActiveCfg = Release|Any CPU
		{696229BC-0FFE-4BCA-8CA6-38E8BC131688}.Release|Any CPU.Build.0 = Release|Any CPU
		{F9FB5B28-2C02-464C-9DB6-57A34C1B6582}.Debug|Any CPU.ActiveCfg = Debug|Any CPU
		{F9FB5B28-2C02-464C-9DB6-57A34C1B6582}.Debug|Any CPU.Build.0 = Debug|Any CPU
		{F9FB5B28-2C02-464C-9DB6-57A34C1B6582}.Release|Any CPU.ActiveCfg = Release|Any CPU
		{F9FB5B28-2C02-464C-9DB6-57A34C1B6582}.Release|Any CPU.Build.0 = Release|Any CPU
		{A1DD2AD9-5E18-467D-92FF-00F18ADA95E5}.Debug|Any CPU.ActiveCfg = Debug|Any CPU
		{A1DD2AD9-5E18-467D-92FF-00F18ADA95E5}.Debug|Any CPU.Build.0 = Debug|Any CPU
		{A1DD2AD9-5E18-467D-92FF-00F18ADA95E5}.Release|Any CPU.ActiveCfg = Release|Any CPU
		{A1DD2AD9-5E18-467D-92FF-00F18ADA95E5}.Release|Any CPU.Build.0 = Release|Any CPU
		{9481026E-7192-42D2-AE08-CD4ADA2FFBEF}.Debug|Any CPU.ActiveCfg = Debug|Any CPU
		{9481026E-7192-42D2-AE08-CD4ADA2FFBEF}.Debug|Any CPU.Build.0 = Debug|Any CPU
		{9481026E-7192-42D2-AE08-CD4ADA2FFBEF}.Release|Any CPU.ActiveCfg = Release|Any CPU
		{9481026E-7192-42D2-AE08-CD4ADA2FFBEF}.Release|Any CPU.Build.0 = Release|Any CPU
		{26C7959E-237F-4453-8B46-04396B1558F5}.Debug|Any CPU.ActiveCfg = Debug|Any CPU
		{26C7959E-237F-4453-8B46-04396B1558F5}.Debug|Any CPU.Build.0 = Debug|Any CPU
		{26C7959E-237F-4453-8B46-04396B1558F5}.Release|Any CPU.ActiveCfg = Release|Any CPU
		{26C7959E-237F-4453-8B46-04396B1558F5}.Release|Any CPU.Build.0 = Release|Any CPU
		{E933957E-E569-4C7C-BE3B-8869BC1E21E2}.Debug|Any CPU.ActiveCfg = Debug|Any CPU
		{E933957E-E569-4C7C-BE3B-8869BC1E21E2}.Debug|Any CPU.Build.0 = Debug|Any CPU
		{E933957E-E569-4C7C-BE3B-8869BC1E21E2}.Release|Any CPU.ActiveCfg = Release|Any CPU
		{E933957E-E569-4C7C-BE3B-8869BC1E21E2}.Release|Any CPU.Build.0 = Release|Any CPU
		{A6B623A5-7832-4197-B7B9-8D7793B29B44}.Debug|Any CPU.ActiveCfg = Debug|Any CPU
		{A6B623A5-7832-4197-B7B9-8D7793B29B44}.Debug|Any CPU.Build.0 = Debug|Any CPU
		{A6B623A5-7832-4197-B7B9-8D7793B29B44}.Release|Any CPU.ActiveCfg = Release|Any CPU
		{A6B623A5-7832-4197-B7B9-8D7793B29B44}.Release|Any CPU.Build.0 = Release|Any CPU
		{AFB2ABC8-61E1-4A71-8E30-A067294B955F}.Debug|Any CPU.ActiveCfg = Debug|Any CPU
		{AFB2ABC8-61E1-4A71-8E30-A067294B955F}.Debug|Any CPU.Build.0 = Debug|Any CPU
		{AFB2ABC8-61E1-4A71-8E30-A067294B955F}.Release|Any CPU.ActiveCfg = Release|Any CPU
		{AFB2ABC8-61E1-4A71-8E30-A067294B955F}.Release|Any CPU.Build.0 = Release|Any CPU
		{5556F42E-4404-4947-B02F-7D7E0DBE6F52}.Debug|Any CPU.ActiveCfg = Debug|Any CPU
		{5556F42E-4404-4947-B02F-7D7E0DBE6F52}.Debug|Any CPU.Build.0 = Debug|Any CPU
		{5556F42E-4404-4947-B02F-7D7E0DBE6F52}.Release|Any CPU.ActiveCfg = Release|Any CPU
		{5556F42E-4404-4947-B02F-7D7E0DBE6F52}.Release|Any CPU.Build.0 = Release|Any CPU
		{B369000D-23AD-40DC-9892-592E86BD9AF8}.Debug|Any CPU.ActiveCfg = Debug|Any CPU
		{B369000D-23AD-40DC-9892-592E86BD9AF8}.Debug|Any CPU.Build.0 = Debug|Any CPU
		{B369000D-23AD-40DC-9892-592E86BD9AF8}.Release|Any CPU.ActiveCfg = Release|Any CPU
		{B369000D-23AD-40DC-9892-592E86BD9AF8}.Release|Any CPU.Build.0 = Release|Any CPU
		{B76F331C-EF12-4994-A58A-4F9BAD4989D7}.Debug|Any CPU.ActiveCfg = Debug|Any CPU
		{B76F331C-EF12-4994-A58A-4F9BAD4989D7}.Debug|Any CPU.Build.0 = Debug|Any CPU
		{B76F331C-EF12-4994-A58A-4F9BAD4989D7}.Release|Any CPU.ActiveCfg = Release|Any CPU
		{B76F331C-EF12-4994-A58A-4F9BAD4989D7}.Release|Any CPU.Build.0 = Release|Any CPU
		{C7ABC1D4-173A-45E9-B381-4C2405A18547}.Debug|Any CPU.ActiveCfg = Debug|Any CPU
		{C7ABC1D4-173A-45E9-B381-4C2405A18547}.Debug|Any CPU.Build.0 = Debug|Any CPU
		{C7ABC1D4-173A-45E9-B381-4C2405A18547}.Release|Any CPU.ActiveCfg = Release|Any CPU
		{C7ABC1D4-173A-45E9-B381-4C2405A18547}.Release|Any CPU.Build.0 = Release|Any CPU
		{4F94C0E1-C7E1-4D5A-B1FA-4656C672DB98}.Debug|Any CPU.ActiveCfg = Debug|Any CPU
		{4F94C0E1-C7E1-4D5A-B1FA-4656C672DB98}.Debug|Any CPU.Build.0 = Debug|Any CPU
		{4F94C0E1-C7E1-4D5A-B1FA-4656C672DB98}.Release|Any CPU.ActiveCfg = Release|Any CPU
		{4F94C0E1-C7E1-4D5A-B1FA-4656C672DB98}.Release|Any CPU.Build.0 = Release|Any CPU
		{57629A71-BA6F-49BA-9419-5EFDCA6D10BA}.Debug|Any CPU.ActiveCfg = Debug|Any CPU
		{57629A71-BA6F-49BA-9419-5EFDCA6D10BA}.Debug|Any CPU.Build.0 = Debug|Any CPU
		{57629A71-BA6F-49BA-9419-5EFDCA6D10BA}.Release|Any CPU.ActiveCfg = Release|Any CPU
		{57629A71-BA6F-49BA-9419-5EFDCA6D10BA}.Release|Any CPU.Build.0 = Release|Any CPU
		{B801C2A3-FA16-4CAF-BA6F-39C3B8FB2528}.Debug|Any CPU.ActiveCfg = Debug|Any CPU
		{B801C2A3-FA16-4CAF-BA6F-39C3B8FB2528}.Debug|Any CPU.Build.0 = Debug|Any CPU
		{B801C2A3-FA16-4CAF-BA6F-39C3B8FB2528}.Release|Any CPU.ActiveCfg = Release|Any CPU
		{B801C2A3-FA16-4CAF-BA6F-39C3B8FB2528}.Release|Any CPU.Build.0 = Release|Any CPU
		{CEACE99E-336A-4CB0-A16E-0AFE695CCD65}.Debug|Any CPU.ActiveCfg = Debug|Any CPU
		{CEACE99E-336A-4CB0-A16E-0AFE695CCD65}.Debug|Any CPU.Build.0 = Debug|Any CPU
		{CEACE99E-336A-4CB0-A16E-0AFE695CCD65}.Release|Any CPU.ActiveCfg = Release|Any CPU
		{CEACE99E-336A-4CB0-A16E-0AFE695CCD65}.Release|Any CPU.Build.0 = Release|Any CPU
		{5534AE55-4D67-4CBE-B561-5E90BCEDE9DE}.Debug|Any CPU.ActiveCfg = Debug|Any CPU
		{5534AE55-4D67-4CBE-B561-5E90BCEDE9DE}.Debug|Any CPU.Build.0 = Debug|Any CPU
		{5534AE55-4D67-4CBE-B561-5E90BCEDE9DE}.Release|Any CPU.ActiveCfg = Release|Any CPU
		{5534AE55-4D67-4CBE-B561-5E90BCEDE9DE}.Release|Any CPU.Build.0 = Release|Any CPU
		{4EAD46CF-2C11-400E-B5B9-605C346A1F7D}.Debug|Any CPU.ActiveCfg = Debug|Any CPU
		{4EAD46CF-2C11-400E-B5B9-605C346A1F7D}.Debug|Any CPU.Build.0 = Debug|Any CPU
		{4EAD46CF-2C11-400E-B5B9-605C346A1F7D}.Release|Any CPU.ActiveCfg = Release|Any CPU
		{4EAD46CF-2C11-400E-B5B9-605C346A1F7D}.Release|Any CPU.Build.0 = Release|Any CPU
		{F7E0881C-7CB7-497E-A75B-2974A29531BC}.Debug|Any CPU.ActiveCfg = Debug|Any CPU
		{F7E0881C-7CB7-497E-A75B-2974A29531BC}.Debug|Any CPU.Build.0 = Debug|Any CPU
		{F7E0881C-7CB7-497E-A75B-2974A29531BC}.Release|Any CPU.ActiveCfg = Release|Any CPU
		{F7E0881C-7CB7-497E-A75B-2974A29531BC}.Release|Any CPU.Build.0 = Release|Any CPU
		{D68CA747-22B3-4047-8AE6-20D99C505EAC}.Debug|Any CPU.ActiveCfg = Debug|Any CPU
		{D68CA747-22B3-4047-8AE6-20D99C505EAC}.Debug|Any CPU.Build.0 = Debug|Any CPU
		{D68CA747-22B3-4047-8AE6-20D99C505EAC}.Release|Any CPU.ActiveCfg = Release|Any CPU
		{D68CA747-22B3-4047-8AE6-20D99C505EAC}.Release|Any CPU.Build.0 = Release|Any CPU
		{6A314607-CF28-4075-92A3-0613DA753907}.Debug|Any CPU.ActiveCfg = Debug|Any CPU
		{6A314607-CF28-4075-92A3-0613DA753907}.Debug|Any CPU.Build.0 = Debug|Any CPU
		{6A314607-CF28-4075-92A3-0613DA753907}.Release|Any CPU.ActiveCfg = Release|Any CPU
		{6A314607-CF28-4075-92A3-0613DA753907}.Release|Any CPU.Build.0 = Release|Any CPU
		{6EA54B5A-D644-4960-AADE-83328163525C}.Debug|Any CPU.ActiveCfg = Debug|Any CPU
		{6EA54B5A-D644-4960-AADE-83328163525C}.Debug|Any CPU.Build.0 = Debug|Any CPU
		{6EA54B5A-D644-4960-AADE-83328163525C}.Release|Any CPU.ActiveCfg = Release|Any CPU
		{6EA54B5A-D644-4960-AADE-83328163525C}.Release|Any CPU.Build.0 = Release|Any CPU
		{290C9F0B-806E-443F-88FC-5EC39EFD1134}.Debug|Any CPU.ActiveCfg = Debug|Any CPU
		{290C9F0B-806E-443F-88FC-5EC39EFD1134}.Debug|Any CPU.Build.0 = Debug|Any CPU
		{290C9F0B-806E-443F-88FC-5EC39EFD1134}.Release|Any CPU.ActiveCfg = Release|Any CPU
		{290C9F0B-806E-443F-88FC-5EC39EFD1134}.Release|Any CPU.Build.0 = Release|Any CPU
		{67968F89-517C-4EF5-B4A3-448628C1093E}.Debug|Any CPU.ActiveCfg = Debug|Any CPU
		{67968F89-517C-4EF5-B4A3-448628C1093E}.Debug|Any CPU.Build.0 = Debug|Any CPU
		{67968F89-517C-4EF5-B4A3-448628C1093E}.Release|Any CPU.ActiveCfg = Release|Any CPU
		{67968F89-517C-4EF5-B4A3-448628C1093E}.Release|Any CPU.Build.0 = Release|Any CPU
		{543E061B-EE6D-4A50-8C3D-A032E3D68F22}.Debug|Any CPU.ActiveCfg = Debug|Any CPU
		{543E061B-EE6D-4A50-8C3D-A032E3D68F22}.Debug|Any CPU.Build.0 = Debug|Any CPU
		{543E061B-EE6D-4A50-8C3D-A032E3D68F22}.Release|Any CPU.ActiveCfg = Release|Any CPU
		{543E061B-EE6D-4A50-8C3D-A032E3D68F22}.Release|Any CPU.Build.0 = Release|Any CPU
		{9E984029-D77F-4F16-AF16-01631C57A6F0}.Debug|Any CPU.ActiveCfg = Debug|Any CPU
		{9E984029-D77F-4F16-AF16-01631C57A6F0}.Debug|Any CPU.Build.0 = Debug|Any CPU
		{9E984029-D77F-4F16-AF16-01631C57A6F0}.Release|Any CPU.ActiveCfg = Release|Any CPU
		{9E984029-D77F-4F16-AF16-01631C57A6F0}.Release|Any CPU.Build.0 = Release|Any CPU
		{C5D2D87E-D2DE-4339-883F-69C817AD2D6D}.Debug|Any CPU.ActiveCfg = Debug|Any CPU
		{C5D2D87E-D2DE-4339-883F-69C817AD2D6D}.Debug|Any CPU.Build.0 = Debug|Any CPU
		{C5D2D87E-D2DE-4339-883F-69C817AD2D6D}.Release|Any CPU.ActiveCfg = Release|Any CPU
		{C5D2D87E-D2DE-4339-883F-69C817AD2D6D}.Release|Any CPU.Build.0 = Release|Any CPU
		{26619AF5-6473-44CC-8F91-A09F290B6BA7}.Debug|Any CPU.ActiveCfg = Debug|Any CPU
		{26619AF5-6473-44CC-8F91-A09F290B6BA7}.Debug|Any CPU.Build.0 = Debug|Any CPU
		{26619AF5-6473-44CC-8F91-A09F290B6BA7}.Release|Any CPU.ActiveCfg = Release|Any CPU
		{26619AF5-6473-44CC-8F91-A09F290B6BA7}.Release|Any CPU.Build.0 = Release|Any CPU
		{1D4B4635-A268-4A1F-A1DA-8A8CAB8D975B}.Debug|Any CPU.ActiveCfg = Debug|Any CPU
		{1D4B4635-A268-4A1F-A1DA-8A8CAB8D975B}.Debug|Any CPU.Build.0 = Debug|Any CPU
		{1D4B4635-A268-4A1F-A1DA-8A8CAB8D975B}.Release|Any CPU.ActiveCfg = Release|Any CPU
		{1D4B4635-A268-4A1F-A1DA-8A8CAB8D975B}.Release|Any CPU.Build.0 = Release|Any CPU
	EndGlobalSection
	GlobalSection(SolutionProperties) = preSolution
		HideSolutionNode = FALSE
	EndGlobalSection
	GlobalSection(NestedProjects) = preSolution
		{696229BC-0FFE-4BCA-8CA6-38E8BC131688} = {91CAA42A-72C1-4CED-8331-5A4A6FD7AA65}
		{F9FB5B28-2C02-464C-9DB6-57A34C1B6582} = {708DE3E0-FABF-4165-AA86-464FD2131839}
		{A1DD2AD9-5E18-467D-92FF-00F18ADA95E5} = {708DE3E0-FABF-4165-AA86-464FD2131839}
		{9481026E-7192-42D2-AE08-CD4ADA2FFBEF} = {708DE3E0-FABF-4165-AA86-464FD2131839}
		{26C7959E-237F-4453-8B46-04396B1558F5} = {708DE3E0-FABF-4165-AA86-464FD2131839}
		{E933957E-E569-4C7C-BE3B-8869BC1E21E2} = {708DE3E0-FABF-4165-AA86-464FD2131839}
		{A6B623A5-7832-4197-B7B9-8D7793B29B44} = {708DE3E0-FABF-4165-AA86-464FD2131839}
		{AFB2ABC8-61E1-4A71-8E30-A067294B955F} = {708DE3E0-FABF-4165-AA86-464FD2131839}
		{5556F42E-4404-4947-B02F-7D7E0DBE6F52} = {708DE3E0-FABF-4165-AA86-464FD2131839}
		{B369000D-23AD-40DC-9892-592E86BD9AF8} = {91CAA42A-72C1-4CED-8331-5A4A6FD7AA65}
		{B76F331C-EF12-4994-A58A-4F9BAD4989D7} = {312F4B56-BA35-41A4-9A68-E25F66396F6B}
		{C7ABC1D4-173A-45E9-B381-4C2405A18547} = {312F4B56-BA35-41A4-9A68-E25F66396F6B}
		{4F94C0E1-C7E1-4D5A-B1FA-4656C672DB98} = {91CAA42A-72C1-4CED-8331-5A4A6FD7AA65}
		{57629A71-BA6F-49BA-9419-5EFDCA6D10BA} = {CAD55C08-CEF9-4E59-986D-59DC88EBCFEC}
		{B801C2A3-FA16-4CAF-BA6F-39C3B8FB2528} = {91CAA42A-72C1-4CED-8331-5A4A6FD7AA65}
		{CEACE99E-336A-4CB0-A16E-0AFE695CCD65} = {DC017963-E3DC-455B-9697-13BE6423EE03}
		{5534AE55-4D67-4CBE-B561-5E90BCEDE9DE} = {49938CA8-A815-4862-A679-59864131C27D}
		{4EAD46CF-2C11-400E-B5B9-605C346A1F7D} = {49938CA8-A815-4862-A679-59864131C27D}
		{F7E0881C-7CB7-497E-A75B-2974A29531BC} = {49938CA8-A815-4862-A679-59864131C27D}
		{D68CA747-22B3-4047-8AE6-20D99C505EAC} = {49938CA8-A815-4862-A679-59864131C27D}
		{49938CA8-A815-4862-A679-59864131C27D} = {DC017963-E3DC-455B-9697-13BE6423EE03}
		{6A314607-CF28-4075-92A3-0613DA753907} = {A9179F6D-8F8C-4AE5-9477-B5908801E44D}
		{A9179F6D-8F8C-4AE5-9477-B5908801E44D} = {CB05C5A7-98EA-479E-B8CC-EFBB96FFDA0A}
		{6EA54B5A-D644-4960-AADE-83328163525C} = {A9179F6D-8F8C-4AE5-9477-B5908801E44D}
		{290C9F0B-806E-443F-88FC-5EC39EFD1134} = {A9179F6D-8F8C-4AE5-9477-B5908801E44D}
		{67968F89-517C-4EF5-B4A3-448628C1093E} = {A9179F6D-8F8C-4AE5-9477-B5908801E44D}
		{981B1635-3661-4F71-92C3-FEEF50E26A8C} = {CB05C5A7-98EA-479E-B8CC-EFBB96FFDA0A}
		{543E061B-EE6D-4A50-8C3D-A032E3D68F22} = {981B1635-3661-4F71-92C3-FEEF50E26A8C}
		{9E984029-D77F-4F16-AF16-01631C57A6F0} = {981B1635-3661-4F71-92C3-FEEF50E26A8C}
		{C5D2D87E-D2DE-4339-883F-69C817AD2D6D} = {981B1635-3661-4F71-92C3-FEEF50E26A8C}
		{26619AF5-6473-44CC-8F91-A09F290B6BA7} = {981B1635-3661-4F71-92C3-FEEF50E26A8C}
		{56845D40-32F1-4399-A71D-8ACEDCE48C25} = {119A19A5-5A31-4B75-9287-7D3A3D1E90B9}
		{1D4B4635-A268-4A1F-A1DA-8A8CAB8D975B} = {56845D40-32F1-4399-A71D-8ACEDCE48C25}
	EndGlobalSection
	GlobalSection(ExtensibilityGlobals) = postSolution
		SolutionGuid = {591F91B8-D60C-4F79-8E5E-490E37505815}
	EndGlobalSection
EndGlobal
