
Microsoft Visual Studio Solution File, Format Version 12.00
# Visual Studio Version 17
VisualStudioVersion = 17.7.34024.191
MinimumVisualStudioVersion = 10.0.40219.1
Project("{2150E333-8FDC-42A3-9474-1A3956D46DE8}") = "Tests and Experiments", "Tests and Experiments", "{91CAA42A-72C1-4CED-8331-5A4A6FD7AA65}"
EndProject
Project("{9A19103F-16F7-4668-BE54-9A1E7A4F7556}") = "ADO.NETTesting", "Tests and Experiments\ADO.NETTesting\ADO.NETTesting.csproj", "{696229BC-0FFE-4BCA-8CA6-38E8BC131688}"
EndProject
Project("{2150E333-8FDC-42A3-9474-1A3956D46DE8}") = "01 - ADO.NET", "01 - ADO.NET", "{708DE3E0-FABF-4165-AA86-464FD2131839}"
EndProject
Project("{FAE04EC0-301F-11D3-BF4B-00C04F79EFBC}") = "02.VillainNames", "01 - ADO.NET\02.VillainNames\02.VillainNames.csproj", "{F9FB5B28-2C02-464C-9DB6-57A34C1B6582}"
EndProject
Project("{FAE04EC0-301F-11D3-BF4B-00C04F79EFBC}") = "03.MinionNames", "01 - ADO.NET\03.MinionNames\03.MinionNames.csproj", "{A1DD2AD9-5E18-467D-92FF-00F18ADA95E5}"
EndProject
Project("{FAE04EC0-301F-11D3-BF4B-00C04F79EFBC}") = "04.AddMinion", "01 - ADO.NET\04.AddMinion\04.AddMinion.csproj", "{9481026E-7192-42D2-AE08-CD4ADA2FFBEF}"
EndProject
Global
	GlobalSection(SolutionConfigurationPlatforms) = preSolution
		Debug|Any CPU = Debug|Any CPU
		Release|Any CPU = Release|Any CPU
	EndGlobalSection
	GlobalSection(ProjectConfigurationPlatforms) = postSolution
		{696229BC-0FFE-4BCA-8CA6-38E8BC131688}.Debug|Any CPU.ActiveCfg = Debug|Any CPU
		{696229BC-0FFE-4BCA-8CA6-38E8BC131688}.Debug|Any CPU.Build.0 = Debug|Any CPU
		{696229BC-0FFE-4BCA-8CA6-38E8BC131688}.Release|Any CPU.ActiveCfg = Release|Any CPU
		{696229BC-0FFE-4BCA-8CA6-38E8BC131688}.Release|Any CPU.Build.0 = Release|Any CPU
		{F9FB5B28-2C02-464C-9DB6-57A34C1B6582}.Debug|Any CPU.ActiveCfg = Debug|Any CPU
		{F9FB5B28-2C02-464C-9DB6-57A34C1B6582}.Debug|Any CPU.Build.0 = Debug|Any CPU
		{F9FB5B28-2C02-464C-9DB6-57A34C1B6582}.Release|Any CPU.ActiveCfg = Release|Any CPU
		{F9FB5B28-2C02-464C-9DB6-57A34C1B6582}.Release|Any CPU.Build.0 = Release|Any CPU
		{A1DD2AD9-5E18-467D-92FF-00F18ADA95E5}.Debug|Any CPU.ActiveCfg = Debug|Any CPU
		{A1DD2AD9-5E18-467D-92FF-00F18ADA95E5}.Debug|Any CPU.Build.0 = Debug|Any CPU
		{A1DD2AD9-5E18-467D-92FF-00F18ADA95E5}.Release|Any CPU.ActiveCfg = Release|Any CPU
		{A1DD2AD9-5E18-467D-92FF-00F18ADA95E5}.Release|Any CPU.Build.0 = Release|Any CPU
		{9481026E-7192-42D2-AE08-CD4ADA2FFBEF}.Debug|Any CPU.ActiveCfg = Debug|Any CPU
		{9481026E-7192-42D2-AE08-CD4ADA2FFBEF}.Debug|Any CPU.Build.0 = Debug|Any CPU
		{9481026E-7192-42D2-AE08-CD4ADA2FFBEF}.Release|Any CPU.ActiveCfg = Release|Any CPU
		{9481026E-7192-42D2-AE08-CD4ADA2FFBEF}.Release|Any CPU.Build.0 = Release|Any CPU
	EndGlobalSection
	GlobalSection(SolutionProperties) = preSolution
		HideSolutionNode = FALSE
	EndGlobalSection
	GlobalSection(NestedProjects) = preSolution
		{696229BC-0FFE-4BCA-8CA6-38E8BC131688} = {91CAA42A-72C1-4CED-8331-5A4A6FD7AA65}
		{F9FB5B28-2C02-464C-9DB6-57A34C1B6582} = {708DE3E0-FABF-4165-AA86-464FD2131839}
		{A1DD2AD9-5E18-467D-92FF-00F18ADA95E5} = {708DE3E0-FABF-4165-AA86-464FD2131839}
		{9481026E-7192-42D2-AE08-CD4ADA2FFBEF} = {708DE3E0-FABF-4165-AA86-464FD2131839}
	EndGlobalSection
	GlobalSection(ExtensibilityGlobals) = postSolution
		SolutionGuid = {591F91B8-D60C-4F79-8E5E-490E37505815}
	EndGlobalSection
EndGlobal
