
Microsoft Visual Studio Solution File, Format Version 12.00
# Visual Studio Version 17
VisualStudioVersion = 17.7.34024.191
MinimumVisualStudioVersion = 10.0.40219.1
Project("{2150E333-8FDC-42A3-9474-1A3956D46DE8}") = "Tests and Experiments", "Tests and Experiments", "{91CAA42A-72C1-4CED-8331-5A4A6FD7AA65}"
EndProject
Project("{FAE04EC0-301F-11D3-BF4B-00C04F79EFBC}") = "ADO.NETTesting", "Tests and Experiments\ADO.NETTesting\ADO.NETTesting.csproj", "{696229BC-0FFE-4BCA-8CA6-38E8BC131688}"
EndProject
Global
	GlobalSection(SolutionConfigurationPlatforms) = preSolution
		Debug|Any CPU = Debug|Any CPU
		Release|Any CPU = Release|Any CPU
	EndGlobalSection
	GlobalSection(ProjectConfigurationPlatforms) = postSolution
		{696229BC-0FFE-4BCA-8CA6-38E8BC131688}.Debug|Any CPU.ActiveCfg = Debug|Any CPU
		{696229BC-0FFE-4BCA-8CA6-38E8BC131688}.Debug|Any CPU.Build.0 = Debug|Any CPU
		{696229BC-0FFE-4BCA-8CA6-38E8BC131688}.Release|Any CPU.ActiveCfg = Release|Any CPU
		{696229BC-0FFE-4BCA-8CA6-38E8BC131688}.Release|Any CPU.Build.0 = Release|Any CPU
	EndGlobalSection
	GlobalSection(SolutionProperties) = preSolution
		HideSolutionNode = FALSE
	EndGlobalSection
	GlobalSection(NestedProjects) = preSolution
		{696229BC-0FFE-4BCA-8CA6-38E8BC131688} = {91CAA42A-72C1-4CED-8331-5A4A6FD7AA65}
	EndGlobalSection
	GlobalSection(ExtensibilityGlobals) = postSolution
		SolutionGuid = {591F91B8-D60C-4F79-8E5E-490E37505815}
	EndGlobalSection
EndGlobal
