
Microsoft Visual Studio Solution File, Format Version 12.00
# Visual Studio Version 16
VisualStudioVersion = 16.0.32228.343
MinimumVisualStudioVersion = 10.0.40219.1
Project("{9A19103F-16F7-4668-BE54-9A1E7A4F7556}") = "01_StudentInformation", "Lab01\01_StudentInformation\01_StudentInformation.csproj", "{9A8D0CC9-5E01-449B-8E87-DC5DAD3FB494}"
EndProject
Project("{2150E333-8FDC-42A3-9474-1A3956D46DE8}") = "Lab01", "Lab01", "{36264927-0235-401A-93E1-98752EA39FCC}"
EndProject
Project("{9A19103F-16F7-4668-BE54-9A1E7A4F7556}") = "02_Passed", "Lab01\02_Passed\02_Passed.csproj", "{484B29E0-CBF5-4A77-9407-D3D5B4255751}"
EndProject
Project("{9A19103F-16F7-4668-BE54-9A1E7A4F7556}") = "03_PassedOrFailed", "Lab01\03_PassedOrFailed\03_PassedOrFailed.csproj", "{53547E9A-711E-4824-B53E-C0641A03BEB6}"
EndProject
Project("{9A19103F-16F7-4668-BE54-9A1E7A4F7556}") = "04_BackIn30Minutes", "Lab01\04_BackIn30Minutes\04_BackIn30Minutes.csproj", "{F280333E-EA44-4B0A-ACED-B9A6ABE3E878}"
EndProject
Project("{9A19103F-16F7-4668-BE54-9A1E7A4F7556}") = "05_MonthPrinter", "Lab01\05_MonthPrinter\05_MonthPrinter.csproj", "{2D7A9089-D9A9-4008-93BB-F95127A718A1}"
EndProject
Project("{9A19103F-16F7-4668-BE54-9A1E7A4F7556}") = "06_ForeignLanguages", "Lab01\06_ForeignLanguages\06_ForeignLanguages.csproj", "{20D437AF-C319-4922-AF92-673ACD2C5733}"
EndProject
Project("{9A19103F-16F7-4668-BE54-9A1E7A4F7556}") = "07_TheatrePromotion", "Lab01\07_TheatrePromotion\07_TheatrePromotion.csproj", "{A7097045-2C90-4DA3-B96F-56F0841BD84B}"
EndProject
Project("{9A19103F-16F7-4668-BE54-9A1E7A4F7556}") = "08_DivisibleBy3", "Lab01\08_DivisibleBy3\08_DivisibleBy3.csproj", "{8DFE6865-199D-453D-858B-6D88735169AD}"
EndProject
Project("{9A19103F-16F7-4668-BE54-9A1E7A4F7556}") = "09_SumOfOddNumbers", "Lab01\09_SumOfOddNumbers\09_SumOfOddNumbers.csproj", "{74B78888-11CB-4DC6-AA94-1FDEC057B3C3}"
EndProject
Project("{9A19103F-16F7-4668-BE54-9A1E7A4F7556}") = "13_Debugging", "Lab01\13_Debugging\13_Debugging.csproj", "{A9F6DF64-F082-4698-97A1-E8BB4F2D4CF4}"
EndProject
Project("{9A19103F-16F7-4668-BE54-9A1E7A4F7556}") = "10_MultiplicationTable", "Lab01\10_MultiplicationTable\10_MultiplicationTable.csproj", "{37D8055A-0EFC-4D23-BB62-0AE4DD97AECD}"
EndProject
Project("{9A19103F-16F7-4668-BE54-9A1E7A4F7556}") = "11_MultiplicationTable2.0", "Lab01\11_MultiplicationTable2.0\11_MultiplicationTable2.0.csproj", "{905D19CB-1886-46F7-8B90-D73A9FCC2915}"
EndProject
Project("{9A19103F-16F7-4668-BE54-9A1E7A4F7556}") = "12_EvenNumber", "Lab01\12_EvenNumber\12_EvenNumber.csproj", "{20C5087F-C87C-4D10-BC20-39487D5481A3}"
EndProject
Project("{2150E333-8FDC-42A3-9474-1A3956D46DE8}") = "Exercise01", "Exercise01", "{39D5D06F-DE31-4D26-85AF-2112BB45E020}"
EndProject
Project("{9A19103F-16F7-4668-BE54-9A1E7A4F7556}") = "01_Ages", "Exercise01\01_Ages\01_Ages.csproj", "{3876C7F0-0238-4767-9010-D8D4A571BD18}"
EndProject
Project("{9A19103F-16F7-4668-BE54-9A1E7A4F7556}") = "02_Division", "Exercise01\02_Division\02_Division.csproj", "{6A5BA50A-2D1A-47FB-B9A4-5D58B5E09C08}"
EndProject
Project("{9A19103F-16F7-4668-BE54-9A1E7A4F7556}") = "03_Vacation", "Exercise01\03_Vacation\03_Vacation.csproj", "{97DF2C02-955C-4FE7-BF5D-F8C429480349}"
EndProject
Project("{9A19103F-16F7-4668-BE54-9A1E7A4F7556}") = "04_PrintAndSum", "Exercise01\04_PrintAndSum\04_PrintAndSum.csproj", "{1EC015EE-BB12-449C-BB7D-B711BA447AC0}"
EndProject
Project("{9A19103F-16F7-4668-BE54-9A1E7A4F7556}") = "05_Login", "Exercise01\05_Login\05_Login.csproj", "{BD11B408-58AE-492A-AFEF-2137AB1803A4}"
EndProject
Project("{9A19103F-16F7-4668-BE54-9A1E7A4F7556}") = "06_StrongNumber", "Exercise01\06_StrongNumber\06_StrongNumber.csproj", "{EAEDDABB-D15A-4299-9A9E-D19A38E4CFFB}"
EndProject
Project("{9A19103F-16F7-4668-BE54-9A1E7A4F7556}") = "07_VendingMachine", "Exercise01\07_VendingMachine\07_VendingMachine.csproj", "{C08F379B-206C-4059-9BEB-508BDBF4D2C9}"
EndProject
Project("{9A19103F-16F7-4668-BE54-9A1E7A4F7556}") = "08_TriangleOfNumbers", "Exercise01\08_TriangleOfNumbers\08_TriangleOfNumbers.csproj", "{75239B13-6B98-4A55-9733-39C778FA4671}"
EndProject
Project("{9A19103F-16F7-4668-BE54-9A1E7A4F7556}") = "09_XPadawanEquipment", "Exercise01\09_XPadawanEquipment\09_XPadawanEquipment.csproj", "{9206AEE5-6730-41CE-AABD-088B90F9BB72}"
EndProject
Project("{9A19103F-16F7-4668-BE54-9A1E7A4F7556}") = "10_XRageExpenses", "Exercise01\10_XRageExpenses\10_XRageExpenses.csproj", "{2E61CEDA-8740-4D5C-AD0F-0CCC6BB05206}"
EndProject
Project("{9A19103F-16F7-4668-BE54-9A1E7A4F7556}") = "11_XOrders", "Exercise01\11_XOrders\11_XOrders.csproj", "{CFF60578-40D4-4209-B4FA-851673ADE3EF}"
EndProject
Project("{2150E333-8FDC-42A3-9474-1A3956D46DE8}") = "Exercise01.1", "Exercise01.1", "{45B2477F-9057-4506-A350-BCCE2094990D}"
EndProject
Project("{2150E333-8FDC-42A3-9474-1A3956D46DE8}") = "Lab02", "Lab02", "{96A03A39-6870-489D-9037-96E97C466EB7}"
EndProject
Project("{9A19103F-16F7-4668-BE54-9A1E7A4F7556}") = "01.ConvertMetersToKilometers", "Lab02\01.ConvertMetersToKilometers\01.ConvertMetersToKilometers.csproj", "{5EE63AE1-C862-4121-8FFA-58528A22A9A8}"
EndProject
Project("{9A19103F-16F7-4668-BE54-9A1E7A4F7556}") = "02.PoundsToDollars", "Lab02\02.PoundsToDollars\02.PoundsToDollars.csproj", "{51B67E7C-B8DD-4D25-9545-410BE77889AF}"
EndProject
Project("{9A19103F-16F7-4668-BE54-9A1E7A4F7556}") = "03.ExactSumOfRealNumbers", "Lab02\03.ExactSumOfRealNumbers\03.ExactSumOfRealNumbers.csproj", "{9E58A3DC-3A17-4595-BB65-76980BC903FD}"
EndProject
Project("{9A19103F-16F7-4668-BE54-9A1E7A4F7556}") = "04.CenturiesToMinutes", "Lab02\04.CenturiesToMinutes\04.CenturiesToMinutes.csproj", "{4D3A4D57-CC18-42D7-BEBA-A50A4ECDB139}"
EndProject
Project("{9A19103F-16F7-4668-BE54-9A1E7A4F7556}") = "05.SpecialNumbers", "Lab02\05.SpecialNumbers\05.SpecialNumbers.csproj", "{C77016E4-116E-48A6-B677-694994D91A15}"
EndProject
Project("{9A19103F-16F7-4668-BE54-9A1E7A4F7556}") = "06.ReversedChars", "Lab02\06.ReversedChars\06.ReversedChars.csproj", "{E4CB3E81-589C-4A25-AF06-F2508B8FC8B7}"
EndProject
Project("{9A19103F-16F7-4668-BE54-9A1E7A4F7556}") = "07.ConcatNames", "Lab02\07.ConcatNames\07.ConcatNames.csproj", "{8326B285-DAD3-4FFC-86A3-6D519FBC800C}"
EndProject
Project("{9A19103F-16F7-4668-BE54-9A1E7A4F7556}") = "08.TownInfo", "Lab02\08.TownInfo\08.TownInfo.csproj", "{56669B2F-6E92-47A1-BDC8-E6014BD015E5}"
EndProject
Project("{9A19103F-16F7-4668-BE54-9A1E7A4F7556}") = "09.CharsToString", "Lab02\09.CharsToString\09.CharsToString.csproj", "{03A288EB-6C94-4F97-A30A-78B26C0C18DE}"
EndProject
Project("{9A19103F-16F7-4668-BE54-9A1E7A4F7556}") = "10.LowerOrUpper", "Lab02\10.LowerOrUpper\10.LowerOrUpper.csproj", "{EF95F7FD-ABDD-425E-AFB0-0D09F5A97554}"
EndProject
Project("{FAE04EC0-301F-11D3-BF4B-00C04F79EFBC}") = "11.RefactorVolumeOfPyramid", "Lab02\11.RefactorVolumeOfPyramid\11.RefactorVolumeOfPyramid.csproj", "{67C43CBF-9436-4490-A08B-53E1013825DD}"
EndProject
Project("{FAE04EC0-301F-11D3-BF4B-00C04F79EFBC}") = "12.RefactorSpecialNumbers", "Lab02\12.RefactorSpecialNumbers\12.RefactorSpecialNumbers.csproj", "{825E998A-36E8-4F2A-B4E7-110590A4B2C8}"
EndProject
Global
	GlobalSection(SolutionConfigurationPlatforms) = preSolution
		Debug|Any CPU = Debug|Any CPU
		Release|Any CPU = Release|Any CPU
	EndGlobalSection
	GlobalSection(ProjectConfigurationPlatforms) = postSolution
		{9A8D0CC9-5E01-449B-8E87-DC5DAD3FB494}.Debug|Any CPU.ActiveCfg = Debug|Any CPU
		{9A8D0CC9-5E01-449B-8E87-DC5DAD3FB494}.Debug|Any CPU.Build.0 = Debug|Any CPU
		{9A8D0CC9-5E01-449B-8E87-DC5DAD3FB494}.Release|Any CPU.ActiveCfg = Release|Any CPU
		{9A8D0CC9-5E01-449B-8E87-DC5DAD3FB494}.Release|Any CPU.Build.0 = Release|Any CPU
		{484B29E0-CBF5-4A77-9407-D3D5B4255751}.Debug|Any CPU.ActiveCfg = Debug|Any CPU
		{484B29E0-CBF5-4A77-9407-D3D5B4255751}.Debug|Any CPU.Build.0 = Debug|Any CPU
		{484B29E0-CBF5-4A77-9407-D3D5B4255751}.Release|Any CPU.ActiveCfg = Release|Any CPU
		{484B29E0-CBF5-4A77-9407-D3D5B4255751}.Release|Any CPU.Build.0 = Release|Any CPU
		{53547E9A-711E-4824-B53E-C0641A03BEB6}.Debug|Any CPU.ActiveCfg = Debug|Any CPU
		{53547E9A-711E-4824-B53E-C0641A03BEB6}.Debug|Any CPU.Build.0 = Debug|Any CPU
		{53547E9A-711E-4824-B53E-C0641A03BEB6}.Release|Any CPU.ActiveCfg = Release|Any CPU
		{53547E9A-711E-4824-B53E-C0641A03BEB6}.Release|Any CPU.Build.0 = Release|Any CPU
		{F280333E-EA44-4B0A-ACED-B9A6ABE3E878}.Debug|Any CPU.ActiveCfg = Debug|Any CPU
		{F280333E-EA44-4B0A-ACED-B9A6ABE3E878}.Debug|Any CPU.Build.0 = Debug|Any CPU
		{F280333E-EA44-4B0A-ACED-B9A6ABE3E878}.Release|Any CPU.ActiveCfg = Release|Any CPU
		{F280333E-EA44-4B0A-ACED-B9A6ABE3E878}.Release|Any CPU.Build.0 = Release|Any CPU
		{2D7A9089-D9A9-4008-93BB-F95127A718A1}.Debug|Any CPU.ActiveCfg = Debug|Any CPU
		{2D7A9089-D9A9-4008-93BB-F95127A718A1}.Debug|Any CPU.Build.0 = Debug|Any CPU
		{2D7A9089-D9A9-4008-93BB-F95127A718A1}.Release|Any CPU.ActiveCfg = Release|Any CPU
		{2D7A9089-D9A9-4008-93BB-F95127A718A1}.Release|Any CPU.Build.0 = Release|Any CPU
		{20D437AF-C319-4922-AF92-673ACD2C5733}.Debug|Any CPU.ActiveCfg = Debug|Any CPU
		{20D437AF-C319-4922-AF92-673ACD2C5733}.Debug|Any CPU.Build.0 = Debug|Any CPU
		{20D437AF-C319-4922-AF92-673ACD2C5733}.Release|Any CPU.ActiveCfg = Release|Any CPU
		{20D437AF-C319-4922-AF92-673ACD2C5733}.Release|Any CPU.Build.0 = Release|Any CPU
		{A7097045-2C90-4DA3-B96F-56F0841BD84B}.Debug|Any CPU.ActiveCfg = Debug|Any CPU
		{A7097045-2C90-4DA3-B96F-56F0841BD84B}.Debug|Any CPU.Build.0 = Debug|Any CPU
		{A7097045-2C90-4DA3-B96F-56F0841BD84B}.Release|Any CPU.ActiveCfg = Release|Any CPU
		{A7097045-2C90-4DA3-B96F-56F0841BD84B}.Release|Any CPU.Build.0 = Release|Any CPU
		{8DFE6865-199D-453D-858B-6D88735169AD}.Debug|Any CPU.ActiveCfg = Debug|Any CPU
		{8DFE6865-199D-453D-858B-6D88735169AD}.Debug|Any CPU.Build.0 = Debug|Any CPU
		{8DFE6865-199D-453D-858B-6D88735169AD}.Release|Any CPU.ActiveCfg = Release|Any CPU
		{8DFE6865-199D-453D-858B-6D88735169AD}.Release|Any CPU.Build.0 = Release|Any CPU
		{74B78888-11CB-4DC6-AA94-1FDEC057B3C3}.Debug|Any CPU.ActiveCfg = Debug|Any CPU
		{74B78888-11CB-4DC6-AA94-1FDEC057B3C3}.Debug|Any CPU.Build.0 = Debug|Any CPU
		{74B78888-11CB-4DC6-AA94-1FDEC057B3C3}.Release|Any CPU.ActiveCfg = Release|Any CPU
		{74B78888-11CB-4DC6-AA94-1FDEC057B3C3}.Release|Any CPU.Build.0 = Release|Any CPU
		{A9F6DF64-F082-4698-97A1-E8BB4F2D4CF4}.Debug|Any CPU.ActiveCfg = Debug|Any CPU
		{A9F6DF64-F082-4698-97A1-E8BB4F2D4CF4}.Debug|Any CPU.Build.0 = Debug|Any CPU
		{A9F6DF64-F082-4698-97A1-E8BB4F2D4CF4}.Release|Any CPU.ActiveCfg = Release|Any CPU
		{A9F6DF64-F082-4698-97A1-E8BB4F2D4CF4}.Release|Any CPU.Build.0 = Release|Any CPU
		{37D8055A-0EFC-4D23-BB62-0AE4DD97AECD}.Debug|Any CPU.ActiveCfg = Debug|Any CPU
		{37D8055A-0EFC-4D23-BB62-0AE4DD97AECD}.Debug|Any CPU.Build.0 = Debug|Any CPU
		{37D8055A-0EFC-4D23-BB62-0AE4DD97AECD}.Release|Any CPU.ActiveCfg = Release|Any CPU
		{37D8055A-0EFC-4D23-BB62-0AE4DD97AECD}.Release|Any CPU.Build.0 = Release|Any CPU
		{905D19CB-1886-46F7-8B90-D73A9FCC2915}.Debug|Any CPU.ActiveCfg = Debug|Any CPU
		{905D19CB-1886-46F7-8B90-D73A9FCC2915}.Debug|Any CPU.Build.0 = Debug|Any CPU
		{905D19CB-1886-46F7-8B90-D73A9FCC2915}.Release|Any CPU.ActiveCfg = Release|Any CPU
		{905D19CB-1886-46F7-8B90-D73A9FCC2915}.Release|Any CPU.Build.0 = Release|Any CPU
		{20C5087F-C87C-4D10-BC20-39487D5481A3}.Debug|Any CPU.ActiveCfg = Debug|Any CPU
		{20C5087F-C87C-4D10-BC20-39487D5481A3}.Debug|Any CPU.Build.0 = Debug|Any CPU
		{20C5087F-C87C-4D10-BC20-39487D5481A3}.Release|Any CPU.ActiveCfg = Release|Any CPU
		{20C5087F-C87C-4D10-BC20-39487D5481A3}.Release|Any CPU.Build.0 = Release|Any CPU
		{3876C7F0-0238-4767-9010-D8D4A571BD18}.Debug|Any CPU.ActiveCfg = Debug|Any CPU
		{3876C7F0-0238-4767-9010-D8D4A571BD18}.Debug|Any CPU.Build.0 = Debug|Any CPU
		{3876C7F0-0238-4767-9010-D8D4A571BD18}.Release|Any CPU.ActiveCfg = Release|Any CPU
		{3876C7F0-0238-4767-9010-D8D4A571BD18}.Release|Any CPU.Build.0 = Release|Any CPU
		{6A5BA50A-2D1A-47FB-B9A4-5D58B5E09C08}.Debug|Any CPU.ActiveCfg = Debug|Any CPU
		{6A5BA50A-2D1A-47FB-B9A4-5D58B5E09C08}.Debug|Any CPU.Build.0 = Debug|Any CPU
		{6A5BA50A-2D1A-47FB-B9A4-5D58B5E09C08}.Release|Any CPU.ActiveCfg = Release|Any CPU
		{6A5BA50A-2D1A-47FB-B9A4-5D58B5E09C08}.Release|Any CPU.Build.0 = Release|Any CPU
		{97DF2C02-955C-4FE7-BF5D-F8C429480349}.Debug|Any CPU.ActiveCfg = Debug|Any CPU
		{97DF2C02-955C-4FE7-BF5D-F8C429480349}.Debug|Any CPU.Build.0 = Debug|Any CPU
		{97DF2C02-955C-4FE7-BF5D-F8C429480349}.Release|Any CPU.ActiveCfg = Release|Any CPU
		{97DF2C02-955C-4FE7-BF5D-F8C429480349}.Release|Any CPU.Build.0 = Release|Any CPU
		{1EC015EE-BB12-449C-BB7D-B711BA447AC0}.Debug|Any CPU.ActiveCfg = Debug|Any CPU
		{1EC015EE-BB12-449C-BB7D-B711BA447AC0}.Debug|Any CPU.Build.0 = Debug|Any CPU
		{1EC015EE-BB12-449C-BB7D-B711BA447AC0}.Release|Any CPU.ActiveCfg = Release|Any CPU
		{1EC015EE-BB12-449C-BB7D-B711BA447AC0}.Release|Any CPU.Build.0 = Release|Any CPU
		{BD11B408-58AE-492A-AFEF-2137AB1803A4}.Debug|Any CPU.ActiveCfg = Debug|Any CPU
		{BD11B408-58AE-492A-AFEF-2137AB1803A4}.Debug|Any CPU.Build.0 = Debug|Any CPU
		{BD11B408-58AE-492A-AFEF-2137AB1803A4}.Release|Any CPU.ActiveCfg = Release|Any CPU
		{BD11B408-58AE-492A-AFEF-2137AB1803A4}.Release|Any CPU.Build.0 = Release|Any CPU
		{EAEDDABB-D15A-4299-9A9E-D19A38E4CFFB}.Debug|Any CPU.ActiveCfg = Debug|Any CPU
		{EAEDDABB-D15A-4299-9A9E-D19A38E4CFFB}.Debug|Any CPU.Build.0 = Debug|Any CPU
		{EAEDDABB-D15A-4299-9A9E-D19A38E4CFFB}.Release|Any CPU.ActiveCfg = Release|Any CPU
		{EAEDDABB-D15A-4299-9A9E-D19A38E4CFFB}.Release|Any CPU.Build.0 = Release|Any CPU
		{C08F379B-206C-4059-9BEB-508BDBF4D2C9}.Debug|Any CPU.ActiveCfg = Debug|Any CPU
		{C08F379B-206C-4059-9BEB-508BDBF4D2C9}.Debug|Any CPU.Build.0 = Debug|Any CPU
		{C08F379B-206C-4059-9BEB-508BDBF4D2C9}.Release|Any CPU.ActiveCfg = Release|Any CPU
		{C08F379B-206C-4059-9BEB-508BDBF4D2C9}.Release|Any CPU.Build.0 = Release|Any CPU
		{75239B13-6B98-4A55-9733-39C778FA4671}.Debug|Any CPU.ActiveCfg = Debug|Any CPU
		{75239B13-6B98-4A55-9733-39C778FA4671}.Debug|Any CPU.Build.0 = Debug|Any CPU
		{75239B13-6B98-4A55-9733-39C778FA4671}.Release|Any CPU.ActiveCfg = Release|Any CPU
		{75239B13-6B98-4A55-9733-39C778FA4671}.Release|Any CPU.Build.0 = Release|Any CPU
		{9206AEE5-6730-41CE-AABD-088B90F9BB72}.Debug|Any CPU.ActiveCfg = Debug|Any CPU
		{9206AEE5-6730-41CE-AABD-088B90F9BB72}.Debug|Any CPU.Build.0 = Debug|Any CPU
		{9206AEE5-6730-41CE-AABD-088B90F9BB72}.Release|Any CPU.ActiveCfg = Release|Any CPU
		{9206AEE5-6730-41CE-AABD-088B90F9BB72}.Release|Any CPU.Build.0 = Release|Any CPU
		{2E61CEDA-8740-4D5C-AD0F-0CCC6BB05206}.Debug|Any CPU.ActiveCfg = Debug|Any CPU
		{2E61CEDA-8740-4D5C-AD0F-0CCC6BB05206}.Debug|Any CPU.Build.0 = Debug|Any CPU
		{2E61CEDA-8740-4D5C-AD0F-0CCC6BB05206}.Release|Any CPU.ActiveCfg = Release|Any CPU
		{2E61CEDA-8740-4D5C-AD0F-0CCC6BB05206}.Release|Any CPU.Build.0 = Release|Any CPU
		{CFF60578-40D4-4209-B4FA-851673ADE3EF}.Debug|Any CPU.ActiveCfg = Debug|Any CPU
		{CFF60578-40D4-4209-B4FA-851673ADE3EF}.Debug|Any CPU.Build.0 = Debug|Any CPU
		{CFF60578-40D4-4209-B4FA-851673ADE3EF}.Release|Any CPU.ActiveCfg = Release|Any CPU
		{CFF60578-40D4-4209-B4FA-851673ADE3EF}.Release|Any CPU.Build.0 = Release|Any CPU
		{5EE63AE1-C862-4121-8FFA-58528A22A9A8}.Debug|Any CPU.ActiveCfg = Debug|Any CPU
		{5EE63AE1-C862-4121-8FFA-58528A22A9A8}.Debug|Any CPU.Build.0 = Debug|Any CPU
		{5EE63AE1-C862-4121-8FFA-58528A22A9A8}.Release|Any CPU.ActiveCfg = Release|Any CPU
		{5EE63AE1-C862-4121-8FFA-58528A22A9A8}.Release|Any CPU.Build.0 = Release|Any CPU
		{51B67E7C-B8DD-4D25-9545-410BE77889AF}.Debug|Any CPU.ActiveCfg = Debug|Any CPU
		{51B67E7C-B8DD-4D25-9545-410BE77889AF}.Debug|Any CPU.Build.0 = Debug|Any CPU
		{51B67E7C-B8DD-4D25-9545-410BE77889AF}.Release|Any CPU.ActiveCfg = Release|Any CPU
		{51B67E7C-B8DD-4D25-9545-410BE77889AF}.Release|Any CPU.Build.0 = Release|Any CPU
		{9E58A3DC-3A17-4595-BB65-76980BC903FD}.Debug|Any CPU.ActiveCfg = Debug|Any CPU
		{9E58A3DC-3A17-4595-BB65-76980BC903FD}.Debug|Any CPU.Build.0 = Debug|Any CPU
		{9E58A3DC-3A17-4595-BB65-76980BC903FD}.Release|Any CPU.ActiveCfg = Release|Any CPU
		{9E58A3DC-3A17-4595-BB65-76980BC903FD}.Release|Any CPU.Build.0 = Release|Any CPU
		{4D3A4D57-CC18-42D7-BEBA-A50A4ECDB139}.Debug|Any CPU.ActiveCfg = Debug|Any CPU
		{4D3A4D57-CC18-42D7-BEBA-A50A4ECDB139}.Debug|Any CPU.Build.0 = Debug|Any CPU
		{4D3A4D57-CC18-42D7-BEBA-A50A4ECDB139}.Release|Any CPU.ActiveCfg = Release|Any CPU
		{4D3A4D57-CC18-42D7-BEBA-A50A4ECDB139}.Release|Any CPU.Build.0 = Release|Any CPU
		{C77016E4-116E-48A6-B677-694994D91A15}.Debug|Any CPU.ActiveCfg = Debug|Any CPU
		{C77016E4-116E-48A6-B677-694994D91A15}.Debug|Any CPU.Build.0 = Debug|Any CPU
		{C77016E4-116E-48A6-B677-694994D91A15}.Release|Any CPU.ActiveCfg = Release|Any CPU
		{C77016E4-116E-48A6-B677-694994D91A15}.Release|Any CPU.Build.0 = Release|Any CPU
		{E4CB3E81-589C-4A25-AF06-F2508B8FC8B7}.Debug|Any CPU.ActiveCfg = Debug|Any CPU
		{E4CB3E81-589C-4A25-AF06-F2508B8FC8B7}.Debug|Any CPU.Build.0 = Debug|Any CPU
		{E4CB3E81-589C-4A25-AF06-F2508B8FC8B7}.Release|Any CPU.ActiveCfg = Release|Any CPU
		{E4CB3E81-589C-4A25-AF06-F2508B8FC8B7}.Release|Any CPU.Build.0 = Release|Any CPU
		{8326B285-DAD3-4FFC-86A3-6D519FBC800C}.Debug|Any CPU.ActiveCfg = Debug|Any CPU
		{8326B285-DAD3-4FFC-86A3-6D519FBC800C}.Debug|Any CPU.Build.0 = Debug|Any CPU
		{8326B285-DAD3-4FFC-86A3-6D519FBC800C}.Release|Any CPU.ActiveCfg = Release|Any CPU
		{8326B285-DAD3-4FFC-86A3-6D519FBC800C}.Release|Any CPU.Build.0 = Release|Any CPU
		{56669B2F-6E92-47A1-BDC8-E6014BD015E5}.Debug|Any CPU.ActiveCfg = Debug|Any CPU
		{56669B2F-6E92-47A1-BDC8-E6014BD015E5}.Debug|Any CPU.Build.0 = Debug|Any CPU
		{56669B2F-6E92-47A1-BDC8-E6014BD015E5}.Release|Any CPU.ActiveCfg = Release|Any CPU
		{56669B2F-6E92-47A1-BDC8-E6014BD015E5}.Release|Any CPU.Build.0 = Release|Any CPU
		{03A288EB-6C94-4F97-A30A-78B26C0C18DE}.Debug|Any CPU.ActiveCfg = Debug|Any CPU
		{03A288EB-6C94-4F97-A30A-78B26C0C18DE}.Debug|Any CPU.Build.0 = Debug|Any CPU
		{03A288EB-6C94-4F97-A30A-78B26C0C18DE}.Release|Any CPU.ActiveCfg = Release|Any CPU
		{03A288EB-6C94-4F97-A30A-78B26C0C18DE}.Release|Any CPU.Build.0 = Release|Any CPU
		{EF95F7FD-ABDD-425E-AFB0-0D09F5A97554}.Debug|Any CPU.ActiveCfg = Debug|Any CPU
		{EF95F7FD-ABDD-425E-AFB0-0D09F5A97554}.Debug|Any CPU.Build.0 = Debug|Any CPU
		{EF95F7FD-ABDD-425E-AFB0-0D09F5A97554}.Release|Any CPU.ActiveCfg = Release|Any CPU
		{EF95F7FD-ABDD-425E-AFB0-0D09F5A97554}.Release|Any CPU.Build.0 = Release|Any CPU
		{67C43CBF-9436-4490-A08B-53E1013825DD}.Debug|Any CPU.ActiveCfg = Debug|Any CPU
		{67C43CBF-9436-4490-A08B-53E1013825DD}.Debug|Any CPU.Build.0 = Debug|Any CPU
		{67C43CBF-9436-4490-A08B-53E1013825DD}.Release|Any CPU.ActiveCfg = Release|Any CPU
		{67C43CBF-9436-4490-A08B-53E1013825DD}.Release|Any CPU.Build.0 = Release|Any CPU
		{825E998A-36E8-4F2A-B4E7-110590A4B2C8}.Debug|Any CPU.ActiveCfg = Debug|Any CPU
		{825E998A-36E8-4F2A-B4E7-110590A4B2C8}.Debug|Any CPU.Build.0 = Debug|Any CPU
		{825E998A-36E8-4F2A-B4E7-110590A4B2C8}.Release|Any CPU.ActiveCfg = Release|Any CPU
		{825E998A-36E8-4F2A-B4E7-110590A4B2C8}.Release|Any CPU.Build.0 = Release|Any CPU
	EndGlobalSection
	GlobalSection(SolutionProperties) = preSolution
		HideSolutionNode = FALSE
	EndGlobalSection
	GlobalSection(NestedProjects) = preSolution
		{9A8D0CC9-5E01-449B-8E87-DC5DAD3FB494} = {36264927-0235-401A-93E1-98752EA39FCC}
		{484B29E0-CBF5-4A77-9407-D3D5B4255751} = {36264927-0235-401A-93E1-98752EA39FCC}
		{53547E9A-711E-4824-B53E-C0641A03BEB6} = {36264927-0235-401A-93E1-98752EA39FCC}
		{F280333E-EA44-4B0A-ACED-B9A6ABE3E878} = {36264927-0235-401A-93E1-98752EA39FCC}
		{2D7A9089-D9A9-4008-93BB-F95127A718A1} = {36264927-0235-401A-93E1-98752EA39FCC}
		{20D437AF-C319-4922-AF92-673ACD2C5733} = {36264927-0235-401A-93E1-98752EA39FCC}
		{A7097045-2C90-4DA3-B96F-56F0841BD84B} = {36264927-0235-401A-93E1-98752EA39FCC}
		{8DFE6865-199D-453D-858B-6D88735169AD} = {36264927-0235-401A-93E1-98752EA39FCC}
		{74B78888-11CB-4DC6-AA94-1FDEC057B3C3} = {36264927-0235-401A-93E1-98752EA39FCC}
		{A9F6DF64-F082-4698-97A1-E8BB4F2D4CF4} = {36264927-0235-401A-93E1-98752EA39FCC}
		{37D8055A-0EFC-4D23-BB62-0AE4DD97AECD} = {36264927-0235-401A-93E1-98752EA39FCC}
		{905D19CB-1886-46F7-8B90-D73A9FCC2915} = {36264927-0235-401A-93E1-98752EA39FCC}
		{20C5087F-C87C-4D10-BC20-39487D5481A3} = {36264927-0235-401A-93E1-98752EA39FCC}
		{3876C7F0-0238-4767-9010-D8D4A571BD18} = {39D5D06F-DE31-4D26-85AF-2112BB45E020}
		{6A5BA50A-2D1A-47FB-B9A4-5D58B5E09C08} = {39D5D06F-DE31-4D26-85AF-2112BB45E020}
		{97DF2C02-955C-4FE7-BF5D-F8C429480349} = {39D5D06F-DE31-4D26-85AF-2112BB45E020}
		{1EC015EE-BB12-449C-BB7D-B711BA447AC0} = {39D5D06F-DE31-4D26-85AF-2112BB45E020}
		{BD11B408-58AE-492A-AFEF-2137AB1803A4} = {39D5D06F-DE31-4D26-85AF-2112BB45E020}
		{EAEDDABB-D15A-4299-9A9E-D19A38E4CFFB} = {39D5D06F-DE31-4D26-85AF-2112BB45E020}
		{C08F379B-206C-4059-9BEB-508BDBF4D2C9} = {39D5D06F-DE31-4D26-85AF-2112BB45E020}
		{75239B13-6B98-4A55-9733-39C778FA4671} = {39D5D06F-DE31-4D26-85AF-2112BB45E020}
		{9206AEE5-6730-41CE-AABD-088B90F9BB72} = {39D5D06F-DE31-4D26-85AF-2112BB45E020}
		{2E61CEDA-8740-4D5C-AD0F-0CCC6BB05206} = {39D5D06F-DE31-4D26-85AF-2112BB45E020}
		{CFF60578-40D4-4209-B4FA-851673ADE3EF} = {39D5D06F-DE31-4D26-85AF-2112BB45E020}
		{5EE63AE1-C862-4121-8FFA-58528A22A9A8} = {96A03A39-6870-489D-9037-96E97C466EB7}
		{51B67E7C-B8DD-4D25-9545-410BE77889AF} = {96A03A39-6870-489D-9037-96E97C466EB7}
		{9E58A3DC-3A17-4595-BB65-76980BC903FD} = {96A03A39-6870-489D-9037-96E97C466EB7}
		{4D3A4D57-CC18-42D7-BEBA-A50A4ECDB139} = {96A03A39-6870-489D-9037-96E97C466EB7}
		{C77016E4-116E-48A6-B677-694994D91A15} = {96A03A39-6870-489D-9037-96E97C466EB7}
		{E4CB3E81-589C-4A25-AF06-F2508B8FC8B7} = {96A03A39-6870-489D-9037-96E97C466EB7}
		{8326B285-DAD3-4FFC-86A3-6D519FBC800C} = {96A03A39-6870-489D-9037-96E97C466EB7}
		{56669B2F-6E92-47A1-BDC8-E6014BD015E5} = {96A03A39-6870-489D-9037-96E97C466EB7}
		{03A288EB-6C94-4F97-A30A-78B26C0C18DE} = {96A03A39-6870-489D-9037-96E97C466EB7}
		{EF95F7FD-ABDD-425E-AFB0-0D09F5A97554} = {96A03A39-6870-489D-9037-96E97C466EB7}
		{67C43CBF-9436-4490-A08B-53E1013825DD} = {96A03A39-6870-489D-9037-96E97C466EB7}
		{825E998A-36E8-4F2A-B4E7-110590A4B2C8} = {96A03A39-6870-489D-9037-96E97C466EB7}
	EndGlobalSection
	GlobalSection(ExtensibilityGlobals) = postSolution
		SolutionGuid = {9803BAF2-72A9-4A15-B2AE-A8B8D9A372B2}
	EndGlobalSection
EndGlobal
