
Microsoft Visual Studio Solution File, Format Version 12.00
# Visual Studio Version 16
VisualStudioVersion = 16.0.32228.343
MinimumVisualStudioVersion = 10.0.40219.1
Project("{9A19103F-16F7-4668-BE54-9A1E7A4F7556}") = "01.TennisEquipment", "01.TennisEquipment\01.TennisEquipment.csproj", "{D544C82F-65B0-41F2-8219-CDF5D7F67AD8}"
EndProject
Project("{2150E333-8FDC-42A3-9474-1A3956D46DE8}") = "9 and 10 March 2019", "9 and 10 March 2019", "{10BE6354-A377-4FE7-A628-6DCA28E1B487}"
EndProject
Project("{9A19103F-16F7-4668-BE54-9A1E7A4F7556}") = "03.Skeleton", "03.Skeleton\03.Skeleton.csproj", "{A909D01B-1873-445A-BB3A-E9AE9BD3399D}"
EndProject
Project("{9A19103F-16F7-4668-BE54-9A1E7A4F7556}") = "02.BasketballEquipment", "02.BasketballEquipment\02.BasketballEquipment.csproj", "{E76F0746-76C3-45FC-BFD5-4CA312F3F157}"
EndProject
Project("{9A19103F-16F7-4668-BE54-9A1E7A4F7556}") = "04.Gymnastics", "04.Gymnastics\04.Gymnastics.csproj", "{A7F9A740-E7BF-4416-A3C6-96D9BDF0F7D1}"
EndProject
Project("{9A19103F-16F7-4668-BE54-9A1E7A4F7556}") = "05.WorldSnookerChampionship", "05.WorldSnookerChampionship\05.WorldSnookerChampionship.csproj", "{F91A83C9-613F-408A-8DFA-C4767BC66448}"
EndProject
Project("{9A19103F-16F7-4668-BE54-9A1E7A4F7556}") = "06.GameNumberWars", "06.GameNumberWars\06.GameNumberWars.csproj", "{BC2D49ED-07B6-487D-8845-BAA8A1A4D36E}"
EndProject
Project("{9A19103F-16F7-4668-BE54-9A1E7A4F7556}") = "07.Darts", "07.Darts\07.Darts.csproj", "{F76088FB-5467-427C-A04C-3DC2BFA51ABC}"
EndProject
Project("{FAE04EC0-301F-11D3-BF4B-00C04F79EFBC}") = "08.TennisRanklist", "08.TennisRanklist\08.TennisRanklist.csproj", "{33FD0E8F-09CA-4D34-ABC5-16C36DDBEDB7}"
EndProject
Project("{FAE04EC0-301F-11D3-BF4B-00C04F79EFBC}") = "09.FitnessCenter", "09.FitnessCenter\09.FitnessCenter.csproj", "{138479C8-1358-4AE6-ACE5-1144EB384F90}"
EndProject
Project("{FAE04EC0-301F-11D3-BF4B-00C04F79EFBC}") = "10.HighJump", "10.HighJump\10.HighJump.csproj", "{43279447-F3CB-4A7D-BCEE-E4281FE36AD2}"
EndProject
Project("{FAE04EC0-301F-11D3-BF4B-00C04F79EFBC}") = "11.BasketballTournament", "11.BasketballTournament\11.BasketballTournament.csproj", "{C046E82A-CAB6-4115-B87E-ACEEBF07FA5E}"
EndProject
Global
	GlobalSection(SolutionConfigurationPlatforms) = preSolution
		Debug|Any CPU = Debug|Any CPU
		Release|Any CPU = Release|Any CPU
	EndGlobalSection
	GlobalSection(ProjectConfigurationPlatforms) = postSolution
		{D544C82F-65B0-41F2-8219-CDF5D7F67AD8}.Debug|Any CPU.ActiveCfg = Debug|Any CPU
		{D544C82F-65B0-41F2-8219-CDF5D7F67AD8}.Debug|Any CPU.Build.0 = Debug|Any CPU
		{D544C82F-65B0-41F2-8219-CDF5D7F67AD8}.Release|Any CPU.ActiveCfg = Release|Any CPU
		{D544C82F-65B0-41F2-8219-CDF5D7F67AD8}.Release|Any CPU.Build.0 = Release|Any CPU
		{A909D01B-1873-445A-BB3A-E9AE9BD3399D}.Debug|Any CPU.ActiveCfg = Debug|Any CPU
		{A909D01B-1873-445A-BB3A-E9AE9BD3399D}.Debug|Any CPU.Build.0 = Debug|Any CPU
		{A909D01B-1873-445A-BB3A-E9AE9BD3399D}.Release|Any CPU.ActiveCfg = Release|Any CPU
		{A909D01B-1873-445A-BB3A-E9AE9BD3399D}.Release|Any CPU.Build.0 = Release|Any CPU
		{E76F0746-76C3-45FC-BFD5-4CA312F3F157}.Debug|Any CPU.ActiveCfg = Debug|Any CPU
		{E76F0746-76C3-45FC-BFD5-4CA312F3F157}.Debug|Any CPU.Build.0 = Debug|Any CPU
		{E76F0746-76C3-45FC-BFD5-4CA312F3F157}.Release|Any CPU.ActiveCfg = Release|Any CPU
		{E76F0746-76C3-45FC-BFD5-4CA312F3F157}.Release|Any CPU.Build.0 = Release|Any CPU
		{A7F9A740-E7BF-4416-A3C6-96D9BDF0F7D1}.Debug|Any CPU.ActiveCfg = Debug|Any CPU
		{A7F9A740-E7BF-4416-A3C6-96D9BDF0F7D1}.Debug|Any CPU.Build.0 = Debug|Any CPU
		{A7F9A740-E7BF-4416-A3C6-96D9BDF0F7D1}.Release|Any CPU.ActiveCfg = Release|Any CPU
		{A7F9A740-E7BF-4416-A3C6-96D9BDF0F7D1}.Release|Any CPU.Build.0 = Release|Any CPU
		{F91A83C9-613F-408A-8DFA-C4767BC66448}.Debug|Any CPU.ActiveCfg = Debug|Any CPU
		{F91A83C9-613F-408A-8DFA-C4767BC66448}.Debug|Any CPU.Build.0 = Debug|Any CPU
		{F91A83C9-613F-408A-8DFA-C4767BC66448}.Release|Any CPU.ActiveCfg = Release|Any CPU
		{F91A83C9-613F-408A-8DFA-C4767BC66448}.Release|Any CPU.Build.0 = Release|Any CPU
		{BC2D49ED-07B6-487D-8845-BAA8A1A4D36E}.Debug|Any CPU.ActiveCfg = Debug|Any CPU
		{BC2D49ED-07B6-487D-8845-BAA8A1A4D36E}.Debug|Any CPU.Build.0 = Debug|Any CPU
		{BC2D49ED-07B6-487D-8845-BAA8A1A4D36E}.Release|Any CPU.ActiveCfg = Release|Any CPU
		{BC2D49ED-07B6-487D-8845-BAA8A1A4D36E}.Release|Any CPU.Build.0 = Release|Any CPU
		{F76088FB-5467-427C-A04C-3DC2BFA51ABC}.Debug|Any CPU.ActiveCfg = Debug|Any CPU
		{F76088FB-5467-427C-A04C-3DC2BFA51ABC}.Debug|Any CPU.Build.0 = Debug|Any CPU
		{F76088FB-5467-427C-A04C-3DC2BFA51ABC}.Release|Any CPU.ActiveCfg = Release|Any CPU
		{F76088FB-5467-427C-A04C-3DC2BFA51ABC}.Release|Any CPU.Build.0 = Release|Any CPU
		{33FD0E8F-09CA-4D34-ABC5-16C36DDBEDB7}.Debug|Any CPU.ActiveCfg = Debug|Any CPU
		{33FD0E8F-09CA-4D34-ABC5-16C36DDBEDB7}.Debug|Any CPU.Build.0 = Debug|Any CPU
		{33FD0E8F-09CA-4D34-ABC5-16C36DDBEDB7}.Release|Any CPU.ActiveCfg = Release|Any CPU
		{33FD0E8F-09CA-4D34-ABC5-16C36DDBEDB7}.Release|Any CPU.Build.0 = Release|Any CPU
		{138479C8-1358-4AE6-ACE5-1144EB384F90}.Debug|Any CPU.ActiveCfg = Debug|Any CPU
		{138479C8-1358-4AE6-ACE5-1144EB384F90}.Debug|Any CPU.Build.0 = Debug|Any CPU
		{138479C8-1358-4AE6-ACE5-1144EB384F90}.Release|Any CPU.ActiveCfg = Release|Any CPU
		{138479C8-1358-4AE6-ACE5-1144EB384F90}.Release|Any CPU.Build.0 = Release|Any CPU
		{43279447-F3CB-4A7D-BCEE-E4281FE36AD2}.Debug|Any CPU.ActiveCfg = Debug|Any CPU
		{43279447-F3CB-4A7D-BCEE-E4281FE36AD2}.Debug|Any CPU.Build.0 = Debug|Any CPU
		{43279447-F3CB-4A7D-BCEE-E4281FE36AD2}.Release|Any CPU.ActiveCfg = Release|Any CPU
		{43279447-F3CB-4A7D-BCEE-E4281FE36AD2}.Release|Any CPU.Build.0 = Release|Any CPU
		{C046E82A-CAB6-4115-B87E-ACEEBF07FA5E}.Debug|Any CPU.ActiveCfg = Debug|Any CPU
		{C046E82A-CAB6-4115-B87E-ACEEBF07FA5E}.Debug|Any CPU.Build.0 = Debug|Any CPU
		{C046E82A-CAB6-4115-B87E-ACEEBF07FA5E}.Release|Any CPU.ActiveCfg = Release|Any CPU
		{C046E82A-CAB6-4115-B87E-ACEEBF07FA5E}.Release|Any CPU.Build.0 = Release|Any CPU
	EndGlobalSection
	GlobalSection(SolutionProperties) = preSolution
		HideSolutionNode = FALSE
	EndGlobalSection
	GlobalSection(NestedProjects) = preSolution
		{D544C82F-65B0-41F2-8219-CDF5D7F67AD8} = {10BE6354-A377-4FE7-A628-6DCA28E1B487}
		{A909D01B-1873-445A-BB3A-E9AE9BD3399D} = {10BE6354-A377-4FE7-A628-6DCA28E1B487}
		{E76F0746-76C3-45FC-BFD5-4CA312F3F157} = {10BE6354-A377-4FE7-A628-6DCA28E1B487}
		{A7F9A740-E7BF-4416-A3C6-96D9BDF0F7D1} = {10BE6354-A377-4FE7-A628-6DCA28E1B487}
		{F91A83C9-613F-408A-8DFA-C4767BC66448} = {10BE6354-A377-4FE7-A628-6DCA28E1B487}
		{BC2D49ED-07B6-487D-8845-BAA8A1A4D36E} = {10BE6354-A377-4FE7-A628-6DCA28E1B487}
		{F76088FB-5467-427C-A04C-3DC2BFA51ABC} = {10BE6354-A377-4FE7-A628-6DCA28E1B487}
		{33FD0E8F-09CA-4D34-ABC5-16C36DDBEDB7} = {10BE6354-A377-4FE7-A628-6DCA28E1B487}
		{138479C8-1358-4AE6-ACE5-1144EB384F90} = {10BE6354-A377-4FE7-A628-6DCA28E1B487}
		{43279447-F3CB-4A7D-BCEE-E4281FE36AD2} = {10BE6354-A377-4FE7-A628-6DCA28E1B487}
		{C046E82A-CAB6-4115-B87E-ACEEBF07FA5E} = {10BE6354-A377-4FE7-A628-6DCA28E1B487}
	EndGlobalSection
	GlobalSection(ExtensibilityGlobals) = postSolution
		SolutionGuid = {687D6D2C-12DD-4406-847E-E5AC1743D39A}
	EndGlobalSection
EndGlobal
