
Microsoft Visual Studio Solution File, Format Version 12.00
# Visual Studio Version 17
VisualStudioVersion = 17.5.33502.453
MinimumVisualStudioVersion = 10.0.40219.1
Project("{2150E333-8FDC-42A3-9474-1A3956D46DE8}") = "Lab01 - Inheritance", "Lab01 - Inheritance", "{97E7EE2A-79F2-4503-8550-45005140D639}"
EndProject
Project("{9A19103F-16F7-4668-BE54-9A1E7A4F7556}") = "01.SingleInheritance", "Lab01 - Inheritance\01.SingleInheritance\01.SingleInheritance.csproj", "{C52AD86D-A770-485D-817F-5A7FAD587E6D}"
EndProject
Project("{9A19103F-16F7-4668-BE54-9A1E7A4F7556}") = "02.MultipleInheritance", "Lab01 - Inheritance\02.MultipleInheritance\02.MultipleInheritance.csproj", "{01FAFA3E-7DF8-4F70-B988-A037A94E4BD5}"
EndProject
Project("{9A19103F-16F7-4668-BE54-9A1E7A4F7556}") = "03.HierarchicalInheritance", "Lab01 - Inheritance\03.HierarchicalInheritance\03.HierarchicalInheritance.csproj", "{66C54E0F-4F70-4D5A-B351-5E0DFB96CF5B}"
EndProject
Project("{9A19103F-16F7-4668-BE54-9A1E7A4F7556}") = "04.RandomList", "Lab01 - Inheritance\04.RandomList\04.RandomList.csproj", "{E3D63786-28E8-4F4C-9DE0-0566C2DE994B}"
EndProject
Project("{9A19103F-16F7-4668-BE54-9A1E7A4F7556}") = "05.StackOfStrings", "Lab01 - Inheritance\05.StackOfStrings\05.StackOfStrings.csproj", "{6BA03489-2852-4EEB-B501-A6C8638E66CB}"
EndProject
Project("{2150E333-8FDC-42A3-9474-1A3956D46DE8}") = "Exercise01 - Inheritance", "Exercise01 - Inheritance", "{EFED4436-09C4-4DF2-BEF5-231D31BB8FE4}"
EndProject
Project("{9A19103F-16F7-4668-BE54-9A1E7A4F7556}") = "Person", "..\OOP C#\01 - Inheritance\01. CSharp-OOP-Inheritance-Exercise-Skeleton\Person\Person.csproj", "{F1467CB9-B840-4D89-A5D7-8B89FED83153}"
EndProject
Project("{9A19103F-16F7-4668-BE54-9A1E7A4F7556}") = "Zoo", "..\OOP C#\01 - Inheritance\01. CSharp-OOP-Inheritance-Exercise-Skeleton\Zoo\Zoo.csproj", "{052803FD-CB63-4A31-93BE-89558433679B}"
EndProject
Project("{9A19103F-16F7-4668-BE54-9A1E7A4F7556}") = "PlayersAndMonsters", "..\OOP C#\01 - Inheritance\01. CSharp-OOP-Inheritance-Exercise-Skeleton\PlayersAndMonsters\PlayersAndMonsters.csproj", "{6E267FAF-3567-4600-9771-6A9F3758385B}"
EndProject
Project("{9A19103F-16F7-4668-BE54-9A1E7A4F7556}") = "NeedForSpeed", "..\OOP C#\01 - Inheritance\01. CSharp-OOP-Inheritance-Exercise-Skeleton\NeedForSpeed\NeedForSpeed.csproj", "{C50A6BB0-C5A4-4CE4-9AF3-231F1E2C724A}"
EndProject
Project("{9A19103F-16F7-4668-BE54-9A1E7A4F7556}") = "Restaurant", "..\OOP C#\01 - Inheritance\01. CSharp-OOP-Inheritance-Exercise-Skeleton\Restaurant\Restaurant.csproj", "{C4D5A691-B7DE-4687-9547-09BDDF9C2DD4}"
EndProject
Project("{9A19103F-16F7-4668-BE54-9A1E7A4F7556}") = "Animals", "..\OOP C#\01 - Inheritance\01. CSharp-OOP-Inheritance-Exercise-Skeleton\Animals\Animals.csproj", "{B3807997-E1D3-461A-A9A3-57D293A88347}"
EndProject
Project("{2150E333-8FDC-42A3-9474-1A3956D46DE8}") = "Lab02 - Encapsulation", "Lab02 - Encapsulation", "{B140F32C-1C23-4A3D-A488-3424413CEB2E}"
EndProject
Project("{9A19103F-16F7-4668-BE54-9A1E7A4F7556}") = "01.SortPersonsByNameAndAge", "Lab02 - Encapsulation\01.SortPersonsByNameAndAge\01.SortPersonsByNameAndAge.csproj", "{F563A732-F236-46B2-A5A6-88D1ED7A519A}"
EndProject
Project("{9A19103F-16F7-4668-BE54-9A1E7A4F7556}") = "02.SalaryIncrease", "Lab02 - Encapsulation\02.SalaryIncrease\02.SalaryIncrease.csproj", "{325BD39B-4485-47CA-B42A-C4AB42BAC12C}"
EndProject
Project("{9A19103F-16F7-4668-BE54-9A1E7A4F7556}") = "03.ValidationOfData", "Lab02 - Encapsulation\03.ValidationOfData\03.ValidationOfData.csproj", "{44284A9B-CA5B-4E9C-BECE-BBE35A682E11}"
EndProject
Project("{9A19103F-16F7-4668-BE54-9A1E7A4F7556}") = "04.FirstAndReserveTeam", "Lab02 - Encapsulation\04.FirstAndReserveTeam\04.FirstAndReserveTeam.csproj", "{A4B6C197-6D8E-47AC-AD5C-CCA98368D9ED}"
EndProject
Project("{2150E333-8FDC-42A3-9474-1A3956D46DE8}") = "Exercise02 - Encapsulation", "Exercise02 - Encapsulation", "{C879EDCE-C3D5-4E22-8C24-066F56D2019E}"
EndProject
Project("{9A19103F-16F7-4668-BE54-9A1E7A4F7556}") = "01.ClassBoxData", "Exercise02 - Encapsulation\01.ClassBoxData\01.ClassBoxData.csproj", "{052D15A7-F770-4551-8859-3DB25B823BA8}"
EndProject
Project("{9A19103F-16F7-4668-BE54-9A1E7A4F7556}") = "AnimalFarm", "Exercise02 - Encapsulation\AnimalFarm\AnimalFarm\AnimalFarm.csproj", "{731C0364-AF57-4112-91B4-F52A10023ABC}"
EndProject
Project("{9A19103F-16F7-4668-BE54-9A1E7A4F7556}") = "03.ShoppingSpree", "Exercise02 - Encapsulation\03.ShoppingSpree\03.ShoppingSpree.csproj", "{9FDC80C4-2E61-4902-9003-464FF3333E9F}"
EndProject
Project("{9A19103F-16F7-4668-BE54-9A1E7A4F7556}") = "04.PizzaCalories", "Exercise02 - Encapsulation\04.PizzaCalories\04.PizzaCalories.csproj", "{20C95CB2-2B51-4B18-AF45-0A5434BC0B80}"
EndProject
Project("{9A19103F-16F7-4668-BE54-9A1E7A4F7556}") = "05.FootballTeamGenerator", "Exercise02 - Encapsulation\05.FootballTeamGenerator\05.FootballTeamGenerator.csproj", "{46BB91CA-5C9E-45F5-8090-7DAD5B6B8F3F}"
EndProject
Project("{2150E333-8FDC-42A3-9474-1A3956D46DE8}") = "Lab03 - Interfaces and Abstraction", "Lab03 - Interfaces and Abstraction", "{9973E04E-FADE-484D-A3E2-B94C9D2C67AE}"
EndProject
Project("{9A19103F-16F7-4668-BE54-9A1E7A4F7556}") = "01.Shapes", "Lab03 - Interfaces and Abstraction\01.Shapes\01.Shapes.csproj", "{8F1EAE03-4EF2-4BCD-A3B0-0A48D3E12577}"
EndProject
Project("{9A19103F-16F7-4668-BE54-9A1E7A4F7556}") = "02.Cars", "Lab03 - Interfaces and Abstraction\02.Cars\02.Cars.csproj", "{C1EFAA9A-7646-4278-BEB8-7CE695DD3D71}"
EndProject
Project("{2150E333-8FDC-42A3-9474-1A3956D46DE8}") = "Exercise03 - Interfaces and Abstraction", "Exercise03 - Interfaces and Abstraction", "{D050810E-FCCA-4B9E-9D58-AB1B8195668C}"
EndProject
Project("{9A19103F-16F7-4668-BE54-9A1E7A4F7556}") = "01.DefineAnInterfaceIPerson", "Exercise03 - Interfaces and Abstraction\01.DefineAnInterfaceIPerson\01.DefineAnInterfaceIPerson.csproj", "{FF77DF1D-4B93-4E3F-97D6-B26D17B6A72F}"
EndProject
Project("{9A19103F-16F7-4668-BE54-9A1E7A4F7556}") = "02.MultipleImplementation", "Exercise03 - Interfaces and Abstraction\02.MultipleImplementation\02.MultipleImplementation.csproj", "{8AB90F93-D629-4C56-8F69-1429C3999F45}"
EndProject
Project("{9A19103F-16F7-4668-BE54-9A1E7A4F7556}") = "03.Telephony", "Exercise03 - Interfaces and Abstraction\03.Telephony\03.Telephony.csproj", "{ED56EB0C-CE7F-4C1D-8B15-BF1C649C7EE2}"
EndProject
Project("{9A19103F-16F7-4668-BE54-9A1E7A4F7556}") = "04.BorderControl", "Exercise03 - Interfaces and Abstraction\04.BorderControl\04.BorderControl.csproj", "{56B585B1-3ED4-4A49-A379-74819C28D6CF}"
EndProject
Project("{9A19103F-16F7-4668-BE54-9A1E7A4F7556}") = "05.BirthdayCelebrations", "Exercise03 - Interfaces and Abstraction\05.BirthdayCelebrations\05.BirthdayCelebrations.csproj", "{9E97A13F-DA1B-4F25-98B0-97C26B96C361}"
EndProject
Project("{9A19103F-16F7-4668-BE54-9A1E7A4F7556}") = "06.FoodShortage", "Exercise03 - Interfaces and Abstraction\06.FoodShortage\06.FoodShortage.csproj", "{DEC80C8F-B287-496F-AB20-5EFCED4758CA}"
EndProject
Project("{9A19103F-16F7-4668-BE54-9A1E7A4F7556}") = "07.MilitaryElite", "Exercise03 - Interfaces and Abstraction\07.MilitaryElite\07.MilitaryElite.csproj", "{BFFE889C-CDB3-4C95-AC65-74BB359C4828}"
EndProject
Project("{2150E333-8FDC-42A3-9474-1A3956D46DE8}") = "Lab04 - Polymorphism", "Lab04 - Polymorphism", "{B40893F9-BD76-4BDE-ADE1-29BE2D900FD6}"
EndProject
Project("{9A19103F-16F7-4668-BE54-9A1E7A4F7556}") = "08.CollectionHierarchy", "Exercise03 - Interfaces and Abstraction\08.CollectionHierarchy\08.CollectionHierarchy.csproj", "{9A3B2749-ED85-4E4E-9767-8A516E1AE5F1}"
EndProject
Project("{9A19103F-16F7-4668-BE54-9A1E7A4F7556}") = "09.ExplicitInterfaces", "Exercise03 - Interfaces and Abstraction\09.ExplicitInterfaces\09.ExplicitInterfaces.csproj", "{FD5B1F6E-6DD8-46FD-942D-DA7EE2500048}"
EndProject
Project("{9A19103F-16F7-4668-BE54-9A1E7A4F7556}") = "01.MathOperation", "Lab04 - Polymorphism\01.MathOperation\01.MathOperation.csproj", "{1A613322-D040-488F-AD81-C7F2CF27C34B}"
EndProject
Project("{9A19103F-16F7-4668-BE54-9A1E7A4F7556}") = "02.Animals", "Lab04 - Polymorphism\02.Animals\02.Animals.csproj", "{FED6E72B-EEFE-46AD-9EAE-E0452DC32B94}"
EndProject
Project("{9A19103F-16F7-4668-BE54-9A1E7A4F7556}") = "03.Shapes", "Lab04 - Polymorphism\03.Shapes\03.Shapes.csproj", "{53F58031-A316-4CD0-8E5E-68AC4439274E}"
EndProject
Project("{2150E333-8FDC-42A3-9474-1A3956D46DE8}") = "Exercise04 - Polymorphism", "Exercise04 - Polymorphism", "{39315B38-0102-42F5-9A8F-7804D45F9E7C}"
EndProject
Project("{9A19103F-16F7-4668-BE54-9A1E7A4F7556}") = "01.Vehicles", "Exercise04 - Polymorphism\01.Vehicles\01.Vehicles.csproj", "{9836AB8A-6BFA-43C5-B13B-F0D4ED7783CD}"
EndProject
Project("{FAE04EC0-301F-11D3-BF4B-00C04F79EFBC}") = "02.VehiclesExtension", "Exercise04 - Polymorphism\02.VehiclesExtension\02.VehiclesExtension.csproj", "{CBF83C16-7589-485A-A0ED-2034F88E3EB9}"
EndProject
Global
	GlobalSection(SolutionConfigurationPlatforms) = preSolution
		Debug|Any CPU = Debug|Any CPU
		Release|Any CPU = Release|Any CPU
	EndGlobalSection
	GlobalSection(ProjectConfigurationPlatforms) = postSolution
		{C52AD86D-A770-485D-817F-5A7FAD587E6D}.Debug|Any CPU.ActiveCfg = Debug|Any CPU
		{C52AD86D-A770-485D-817F-5A7FAD587E6D}.Debug|Any CPU.Build.0 = Debug|Any CPU
		{C52AD86D-A770-485D-817F-5A7FAD587E6D}.Release|Any CPU.ActiveCfg = Release|Any CPU
		{C52AD86D-A770-485D-817F-5A7FAD587E6D}.Release|Any CPU.Build.0 = Release|Any CPU
		{01FAFA3E-7DF8-4F70-B988-A037A94E4BD5}.Debug|Any CPU.ActiveCfg = Debug|Any CPU
		{01FAFA3E-7DF8-4F70-B988-A037A94E4BD5}.Debug|Any CPU.Build.0 = Debug|Any CPU
		{01FAFA3E-7DF8-4F70-B988-A037A94E4BD5}.Release|Any CPU.ActiveCfg = Release|Any CPU
		{01FAFA3E-7DF8-4F70-B988-A037A94E4BD5}.Release|Any CPU.Build.0 = Release|Any CPU
		{66C54E0F-4F70-4D5A-B351-5E0DFB96CF5B}.Debug|Any CPU.ActiveCfg = Debug|Any CPU
		{66C54E0F-4F70-4D5A-B351-5E0DFB96CF5B}.Debug|Any CPU.Build.0 = Debug|Any CPU
		{66C54E0F-4F70-4D5A-B351-5E0DFB96CF5B}.Release|Any CPU.ActiveCfg = Release|Any CPU
		{66C54E0F-4F70-4D5A-B351-5E0DFB96CF5B}.Release|Any CPU.Build.0 = Release|Any CPU
		{E3D63786-28E8-4F4C-9DE0-0566C2DE994B}.Debug|Any CPU.ActiveCfg = Debug|Any CPU
		{E3D63786-28E8-4F4C-9DE0-0566C2DE994B}.Debug|Any CPU.Build.0 = Debug|Any CPU
		{E3D63786-28E8-4F4C-9DE0-0566C2DE994B}.Release|Any CPU.ActiveCfg = Release|Any CPU
		{E3D63786-28E8-4F4C-9DE0-0566C2DE994B}.Release|Any CPU.Build.0 = Release|Any CPU
		{6BA03489-2852-4EEB-B501-A6C8638E66CB}.Debug|Any CPU.ActiveCfg = Debug|Any CPU
		{6BA03489-2852-4EEB-B501-A6C8638E66CB}.Debug|Any CPU.Build.0 = Debug|Any CPU
		{6BA03489-2852-4EEB-B501-A6C8638E66CB}.Release|Any CPU.ActiveCfg = Release|Any CPU
		{6BA03489-2852-4EEB-B501-A6C8638E66CB}.Release|Any CPU.Build.0 = Release|Any CPU
		{F1467CB9-B840-4D89-A5D7-8B89FED83153}.Debug|Any CPU.ActiveCfg = Debug|Any CPU
		{F1467CB9-B840-4D89-A5D7-8B89FED83153}.Debug|Any CPU.Build.0 = Debug|Any CPU
		{F1467CB9-B840-4D89-A5D7-8B89FED83153}.Release|Any CPU.ActiveCfg = Release|Any CPU
		{F1467CB9-B840-4D89-A5D7-8B89FED83153}.Release|Any CPU.Build.0 = Release|Any CPU
		{052803FD-CB63-4A31-93BE-89558433679B}.Debug|Any CPU.ActiveCfg = Debug|Any CPU
		{052803FD-CB63-4A31-93BE-89558433679B}.Debug|Any CPU.Build.0 = Debug|Any CPU
		{052803FD-CB63-4A31-93BE-89558433679B}.Release|Any CPU.ActiveCfg = Release|Any CPU
		{052803FD-CB63-4A31-93BE-89558433679B}.Release|Any CPU.Build.0 = Release|Any CPU
		{6E267FAF-3567-4600-9771-6A9F3758385B}.Debug|Any CPU.ActiveCfg = Debug|Any CPU
		{6E267FAF-3567-4600-9771-6A9F3758385B}.Debug|Any CPU.Build.0 = Debug|Any CPU
		{6E267FAF-3567-4600-9771-6A9F3758385B}.Release|Any CPU.ActiveCfg = Release|Any CPU
		{6E267FAF-3567-4600-9771-6A9F3758385B}.Release|Any CPU.Build.0 = Release|Any CPU
		{C50A6BB0-C5A4-4CE4-9AF3-231F1E2C724A}.Debug|Any CPU.ActiveCfg = Debug|Any CPU
		{C50A6BB0-C5A4-4CE4-9AF3-231F1E2C724A}.Debug|Any CPU.Build.0 = Debug|Any CPU
		{C50A6BB0-C5A4-4CE4-9AF3-231F1E2C724A}.Release|Any CPU.ActiveCfg = Release|Any CPU
		{C50A6BB0-C5A4-4CE4-9AF3-231F1E2C724A}.Release|Any CPU.Build.0 = Release|Any CPU
		{C4D5A691-B7DE-4687-9547-09BDDF9C2DD4}.Debug|Any CPU.ActiveCfg = Debug|Any CPU
		{C4D5A691-B7DE-4687-9547-09BDDF9C2DD4}.Debug|Any CPU.Build.0 = Debug|Any CPU
		{C4D5A691-B7DE-4687-9547-09BDDF9C2DD4}.Release|Any CPU.ActiveCfg = Release|Any CPU
		{C4D5A691-B7DE-4687-9547-09BDDF9C2DD4}.Release|Any CPU.Build.0 = Release|Any CPU
		{B3807997-E1D3-461A-A9A3-57D293A88347}.Debug|Any CPU.ActiveCfg = Debug|Any CPU
		{B3807997-E1D3-461A-A9A3-57D293A88347}.Debug|Any CPU.Build.0 = Debug|Any CPU
		{B3807997-E1D3-461A-A9A3-57D293A88347}.Release|Any CPU.ActiveCfg = Release|Any CPU
		{B3807997-E1D3-461A-A9A3-57D293A88347}.Release|Any CPU.Build.0 = Release|Any CPU
		{F563A732-F236-46B2-A5A6-88D1ED7A519A}.Debug|Any CPU.ActiveCfg = Debug|Any CPU
		{F563A732-F236-46B2-A5A6-88D1ED7A519A}.Debug|Any CPU.Build.0 = Debug|Any CPU
		{F563A732-F236-46B2-A5A6-88D1ED7A519A}.Release|Any CPU.ActiveCfg = Release|Any CPU
		{F563A732-F236-46B2-A5A6-88D1ED7A519A}.Release|Any CPU.Build.0 = Release|Any CPU
		{325BD39B-4485-47CA-B42A-C4AB42BAC12C}.Debug|Any CPU.ActiveCfg = Debug|Any CPU
		{325BD39B-4485-47CA-B42A-C4AB42BAC12C}.Debug|Any CPU.Build.0 = Debug|Any CPU
		{325BD39B-4485-47CA-B42A-C4AB42BAC12C}.Release|Any CPU.ActiveCfg = Release|Any CPU
		{325BD39B-4485-47CA-B42A-C4AB42BAC12C}.Release|Any CPU.Build.0 = Release|Any CPU
		{44284A9B-CA5B-4E9C-BECE-BBE35A682E11}.Debug|Any CPU.ActiveCfg = Debug|Any CPU
		{44284A9B-CA5B-4E9C-BECE-BBE35A682E11}.Debug|Any CPU.Build.0 = Debug|Any CPU
		{44284A9B-CA5B-4E9C-BECE-BBE35A682E11}.Release|Any CPU.ActiveCfg = Release|Any CPU
		{44284A9B-CA5B-4E9C-BECE-BBE35A682E11}.Release|Any CPU.Build.0 = Release|Any CPU
		{A4B6C197-6D8E-47AC-AD5C-CCA98368D9ED}.Debug|Any CPU.ActiveCfg = Debug|Any CPU
		{A4B6C197-6D8E-47AC-AD5C-CCA98368D9ED}.Debug|Any CPU.Build.0 = Debug|Any CPU
		{A4B6C197-6D8E-47AC-AD5C-CCA98368D9ED}.Release|Any CPU.ActiveCfg = Release|Any CPU
		{A4B6C197-6D8E-47AC-AD5C-CCA98368D9ED}.Release|Any CPU.Build.0 = Release|Any CPU
		{052D15A7-F770-4551-8859-3DB25B823BA8}.Debug|Any CPU.ActiveCfg = Debug|Any CPU
		{052D15A7-F770-4551-8859-3DB25B823BA8}.Debug|Any CPU.Build.0 = Debug|Any CPU
		{052D15A7-F770-4551-8859-3DB25B823BA8}.Release|Any CPU.ActiveCfg = Release|Any CPU
		{052D15A7-F770-4551-8859-3DB25B823BA8}.Release|Any CPU.Build.0 = Release|Any CPU
		{731C0364-AF57-4112-91B4-F52A10023ABC}.Debug|Any CPU.ActiveCfg = Debug|Any CPU
		{731C0364-AF57-4112-91B4-F52A10023ABC}.Debug|Any CPU.Build.0 = Debug|Any CPU
		{731C0364-AF57-4112-91B4-F52A10023ABC}.Release|Any CPU.ActiveCfg = Release|Any CPU
		{731C0364-AF57-4112-91B4-F52A10023ABC}.Release|Any CPU.Build.0 = Release|Any CPU
		{9FDC80C4-2E61-4902-9003-464FF3333E9F}.Debug|Any CPU.ActiveCfg = Debug|Any CPU
		{9FDC80C4-2E61-4902-9003-464FF3333E9F}.Debug|Any CPU.Build.0 = Debug|Any CPU
		{9FDC80C4-2E61-4902-9003-464FF3333E9F}.Release|Any CPU.ActiveCfg = Release|Any CPU
		{9FDC80C4-2E61-4902-9003-464FF3333E9F}.Release|Any CPU.Build.0 = Release|Any CPU
		{20C95CB2-2B51-4B18-AF45-0A5434BC0B80}.Debug|Any CPU.ActiveCfg = Debug|Any CPU
		{20C95CB2-2B51-4B18-AF45-0A5434BC0B80}.Debug|Any CPU.Build.0 = Debug|Any CPU
		{20C95CB2-2B51-4B18-AF45-0A5434BC0B80}.Release|Any CPU.ActiveCfg = Release|Any CPU
		{20C95CB2-2B51-4B18-AF45-0A5434BC0B80}.Release|Any CPU.Build.0 = Release|Any CPU
		{46BB91CA-5C9E-45F5-8090-7DAD5B6B8F3F}.Debug|Any CPU.ActiveCfg = Debug|Any CPU
		{46BB91CA-5C9E-45F5-8090-7DAD5B6B8F3F}.Debug|Any CPU.Build.0 = Debug|Any CPU
		{46BB91CA-5C9E-45F5-8090-7DAD5B6B8F3F}.Release|Any CPU.ActiveCfg = Release|Any CPU
		{46BB91CA-5C9E-45F5-8090-7DAD5B6B8F3F}.Release|Any CPU.Build.0 = Release|Any CPU
		{8F1EAE03-4EF2-4BCD-A3B0-0A48D3E12577}.Debug|Any CPU.ActiveCfg = Debug|Any CPU
		{8F1EAE03-4EF2-4BCD-A3B0-0A48D3E12577}.Debug|Any CPU.Build.0 = Debug|Any CPU
		{8F1EAE03-4EF2-4BCD-A3B0-0A48D3E12577}.Release|Any CPU.ActiveCfg = Release|Any CPU
		{8F1EAE03-4EF2-4BCD-A3B0-0A48D3E12577}.Release|Any CPU.Build.0 = Release|Any CPU
		{C1EFAA9A-7646-4278-BEB8-7CE695DD3D71}.Debug|Any CPU.ActiveCfg = Debug|Any CPU
		{C1EFAA9A-7646-4278-BEB8-7CE695DD3D71}.Debug|Any CPU.Build.0 = Debug|Any CPU
		{C1EFAA9A-7646-4278-BEB8-7CE695DD3D71}.Release|Any CPU.ActiveCfg = Release|Any CPU
		{C1EFAA9A-7646-4278-BEB8-7CE695DD3D71}.Release|Any CPU.Build.0 = Release|Any CPU
		{FF77DF1D-4B93-4E3F-97D6-B26D17B6A72F}.Debug|Any CPU.ActiveCfg = Debug|Any CPU
		{FF77DF1D-4B93-4E3F-97D6-B26D17B6A72F}.Debug|Any CPU.Build.0 = Debug|Any CPU
		{FF77DF1D-4B93-4E3F-97D6-B26D17B6A72F}.Release|Any CPU.ActiveCfg = Release|Any CPU
		{FF77DF1D-4B93-4E3F-97D6-B26D17B6A72F}.Release|Any CPU.Build.0 = Release|Any CPU
		{8AB90F93-D629-4C56-8F69-1429C3999F45}.Debug|Any CPU.ActiveCfg = Debug|Any CPU
		{8AB90F93-D629-4C56-8F69-1429C3999F45}.Debug|Any CPU.Build.0 = Debug|Any CPU
		{8AB90F93-D629-4C56-8F69-1429C3999F45}.Release|Any CPU.ActiveCfg = Release|Any CPU
		{8AB90F93-D629-4C56-8F69-1429C3999F45}.Release|Any CPU.Build.0 = Release|Any CPU
		{ED56EB0C-CE7F-4C1D-8B15-BF1C649C7EE2}.Debug|Any CPU.ActiveCfg = Debug|Any CPU
		{ED56EB0C-CE7F-4C1D-8B15-BF1C649C7EE2}.Debug|Any CPU.Build.0 = Debug|Any CPU
		{ED56EB0C-CE7F-4C1D-8B15-BF1C649C7EE2}.Release|Any CPU.ActiveCfg = Release|Any CPU
		{ED56EB0C-CE7F-4C1D-8B15-BF1C649C7EE2}.Release|Any CPU.Build.0 = Release|Any CPU
		{56B585B1-3ED4-4A49-A379-74819C28D6CF}.Debug|Any CPU.ActiveCfg = Debug|Any CPU
		{56B585B1-3ED4-4A49-A379-74819C28D6CF}.Debug|Any CPU.Build.0 = Debug|Any CPU
		{56B585B1-3ED4-4A49-A379-74819C28D6CF}.Release|Any CPU.ActiveCfg = Release|Any CPU
		{56B585B1-3ED4-4A49-A379-74819C28D6CF}.Release|Any CPU.Build.0 = Release|Any CPU
		{9E97A13F-DA1B-4F25-98B0-97C26B96C361}.Debug|Any CPU.ActiveCfg = Debug|Any CPU
		{9E97A13F-DA1B-4F25-98B0-97C26B96C361}.Debug|Any CPU.Build.0 = Debug|Any CPU
		{9E97A13F-DA1B-4F25-98B0-97C26B96C361}.Release|Any CPU.ActiveCfg = Release|Any CPU
		{9E97A13F-DA1B-4F25-98B0-97C26B96C361}.Release|Any CPU.Build.0 = Release|Any CPU
		{DEC80C8F-B287-496F-AB20-5EFCED4758CA}.Debug|Any CPU.ActiveCfg = Debug|Any CPU
		{DEC80C8F-B287-496F-AB20-5EFCED4758CA}.Debug|Any CPU.Build.0 = Debug|Any CPU
		{DEC80C8F-B287-496F-AB20-5EFCED4758CA}.Release|Any CPU.ActiveCfg = Release|Any CPU
		{DEC80C8F-B287-496F-AB20-5EFCED4758CA}.Release|Any CPU.Build.0 = Release|Any CPU
		{BFFE889C-CDB3-4C95-AC65-74BB359C4828}.Debug|Any CPU.ActiveCfg = Debug|Any CPU
		{BFFE889C-CDB3-4C95-AC65-74BB359C4828}.Debug|Any CPU.Build.0 = Debug|Any CPU
		{BFFE889C-CDB3-4C95-AC65-74BB359C4828}.Release|Any CPU.ActiveCfg = Release|Any CPU
		{BFFE889C-CDB3-4C95-AC65-74BB359C4828}.Release|Any CPU.Build.0 = Release|Any CPU
		{9A3B2749-ED85-4E4E-9767-8A516E1AE5F1}.Debug|Any CPU.ActiveCfg = Debug|Any CPU
		{9A3B2749-ED85-4E4E-9767-8A516E1AE5F1}.Debug|Any CPU.Build.0 = Debug|Any CPU
		{9A3B2749-ED85-4E4E-9767-8A516E1AE5F1}.Release|Any CPU.ActiveCfg = Release|Any CPU
		{9A3B2749-ED85-4E4E-9767-8A516E1AE5F1}.Release|Any CPU.Build.0 = Release|Any CPU
		{FD5B1F6E-6DD8-46FD-942D-DA7EE2500048}.Debug|Any CPU.ActiveCfg = Debug|Any CPU
		{FD5B1F6E-6DD8-46FD-942D-DA7EE2500048}.Debug|Any CPU.Build.0 = Debug|Any CPU
		{FD5B1F6E-6DD8-46FD-942D-DA7EE2500048}.Release|Any CPU.ActiveCfg = Release|Any CPU
		{FD5B1F6E-6DD8-46FD-942D-DA7EE2500048}.Release|Any CPU.Build.0 = Release|Any CPU
		{1A613322-D040-488F-AD81-C7F2CF27C34B}.Debug|Any CPU.ActiveCfg = Debug|Any CPU
		{1A613322-D040-488F-AD81-C7F2CF27C34B}.Debug|Any CPU.Build.0 = Debug|Any CPU
		{1A613322-D040-488F-AD81-C7F2CF27C34B}.Release|Any CPU.ActiveCfg = Release|Any CPU
		{1A613322-D040-488F-AD81-C7F2CF27C34B}.Release|Any CPU.Build.0 = Release|Any CPU
		{FED6E72B-EEFE-46AD-9EAE-E0452DC32B94}.Debug|Any CPU.ActiveCfg = Debug|Any CPU
		{FED6E72B-EEFE-46AD-9EAE-E0452DC32B94}.Debug|Any CPU.Build.0 = Debug|Any CPU
		{FED6E72B-EEFE-46AD-9EAE-E0452DC32B94}.Release|Any CPU.ActiveCfg = Release|Any CPU
		{FED6E72B-EEFE-46AD-9EAE-E0452DC32B94}.Release|Any CPU.Build.0 = Release|Any CPU
		{53F58031-A316-4CD0-8E5E-68AC4439274E}.Debug|Any CPU.ActiveCfg = Debug|Any CPU
		{53F58031-A316-4CD0-8E5E-68AC4439274E}.Debug|Any CPU.Build.0 = Debug|Any CPU
		{53F58031-A316-4CD0-8E5E-68AC4439274E}.Release|Any CPU.ActiveCfg = Release|Any CPU
		{53F58031-A316-4CD0-8E5E-68AC4439274E}.Release|Any CPU.Build.0 = Release|Any CPU
		{9836AB8A-6BFA-43C5-B13B-F0D4ED7783CD}.Debug|Any CPU.ActiveCfg = Debug|Any CPU
		{9836AB8A-6BFA-43C5-B13B-F0D4ED7783CD}.Debug|Any CPU.Build.0 = Debug|Any CPU
		{9836AB8A-6BFA-43C5-B13B-F0D4ED7783CD}.Release|Any CPU.ActiveCfg = Release|Any CPU
		{9836AB8A-6BFA-43C5-B13B-F0D4ED7783CD}.Release|Any CPU.Build.0 = Release|Any CPU
		{CBF83C16-7589-485A-A0ED-2034F88E3EB9}.Debug|Any CPU.ActiveCfg = Debug|Any CPU
		{CBF83C16-7589-485A-A0ED-2034F88E3EB9}.Debug|Any CPU.Build.0 = Debug|Any CPU
		{CBF83C16-7589-485A-A0ED-2034F88E3EB9}.Release|Any CPU.ActiveCfg = Release|Any CPU
		{CBF83C16-7589-485A-A0ED-2034F88E3EB9}.Release|Any CPU.Build.0 = Release|Any CPU
	EndGlobalSection
	GlobalSection(SolutionProperties) = preSolution
		HideSolutionNode = FALSE
	EndGlobalSection
	GlobalSection(NestedProjects) = preSolution
		{C52AD86D-A770-485D-817F-5A7FAD587E6D} = {97E7EE2A-79F2-4503-8550-45005140D639}
		{01FAFA3E-7DF8-4F70-B988-A037A94E4BD5} = {97E7EE2A-79F2-4503-8550-45005140D639}
		{66C54E0F-4F70-4D5A-B351-5E0DFB96CF5B} = {97E7EE2A-79F2-4503-8550-45005140D639}
		{E3D63786-28E8-4F4C-9DE0-0566C2DE994B} = {97E7EE2A-79F2-4503-8550-45005140D639}
		{6BA03489-2852-4EEB-B501-A6C8638E66CB} = {97E7EE2A-79F2-4503-8550-45005140D639}
		{F1467CB9-B840-4D89-A5D7-8B89FED83153} = {EFED4436-09C4-4DF2-BEF5-231D31BB8FE4}
		{052803FD-CB63-4A31-93BE-89558433679B} = {EFED4436-09C4-4DF2-BEF5-231D31BB8FE4}
		{6E267FAF-3567-4600-9771-6A9F3758385B} = {EFED4436-09C4-4DF2-BEF5-231D31BB8FE4}
		{C50A6BB0-C5A4-4CE4-9AF3-231F1E2C724A} = {EFED4436-09C4-4DF2-BEF5-231D31BB8FE4}
		{C4D5A691-B7DE-4687-9547-09BDDF9C2DD4} = {EFED4436-09C4-4DF2-BEF5-231D31BB8FE4}
		{B3807997-E1D3-461A-A9A3-57D293A88347} = {EFED4436-09C4-4DF2-BEF5-231D31BB8FE4}
		{F563A732-F236-46B2-A5A6-88D1ED7A519A} = {B140F32C-1C23-4A3D-A488-3424413CEB2E}
		{325BD39B-4485-47CA-B42A-C4AB42BAC12C} = {B140F32C-1C23-4A3D-A488-3424413CEB2E}
		{44284A9B-CA5B-4E9C-BECE-BBE35A682E11} = {B140F32C-1C23-4A3D-A488-3424413CEB2E}
		{A4B6C197-6D8E-47AC-AD5C-CCA98368D9ED} = {B140F32C-1C23-4A3D-A488-3424413CEB2E}
		{052D15A7-F770-4551-8859-3DB25B823BA8} = {C879EDCE-C3D5-4E22-8C24-066F56D2019E}
		{731C0364-AF57-4112-91B4-F52A10023ABC} = {C879EDCE-C3D5-4E22-8C24-066F56D2019E}
		{9FDC80C4-2E61-4902-9003-464FF3333E9F} = {C879EDCE-C3D5-4E22-8C24-066F56D2019E}
		{20C95CB2-2B51-4B18-AF45-0A5434BC0B80} = {C879EDCE-C3D5-4E22-8C24-066F56D2019E}
		{46BB91CA-5C9E-45F5-8090-7DAD5B6B8F3F} = {C879EDCE-C3D5-4E22-8C24-066F56D2019E}
		{8F1EAE03-4EF2-4BCD-A3B0-0A48D3E12577} = {9973E04E-FADE-484D-A3E2-B94C9D2C67AE}
		{C1EFAA9A-7646-4278-BEB8-7CE695DD3D71} = {9973E04E-FADE-484D-A3E2-B94C9D2C67AE}
		{FF77DF1D-4B93-4E3F-97D6-B26D17B6A72F} = {D050810E-FCCA-4B9E-9D58-AB1B8195668C}
		{8AB90F93-D629-4C56-8F69-1429C3999F45} = {D050810E-FCCA-4B9E-9D58-AB1B8195668C}
		{ED56EB0C-CE7F-4C1D-8B15-BF1C649C7EE2} = {D050810E-FCCA-4B9E-9D58-AB1B8195668C}
		{56B585B1-3ED4-4A49-A379-74819C28D6CF} = {D050810E-FCCA-4B9E-9D58-AB1B8195668C}
		{9E97A13F-DA1B-4F25-98B0-97C26B96C361} = {D050810E-FCCA-4B9E-9D58-AB1B8195668C}
		{DEC80C8F-B287-496F-AB20-5EFCED4758CA} = {D050810E-FCCA-4B9E-9D58-AB1B8195668C}
		{BFFE889C-CDB3-4C95-AC65-74BB359C4828} = {D050810E-FCCA-4B9E-9D58-AB1B8195668C}
		{9A3B2749-ED85-4E4E-9767-8A516E1AE5F1} = {D050810E-FCCA-4B9E-9D58-AB1B8195668C}
		{FD5B1F6E-6DD8-46FD-942D-DA7EE2500048} = {D050810E-FCCA-4B9E-9D58-AB1B8195668C}
		{1A613322-D040-488F-AD81-C7F2CF27C34B} = {B40893F9-BD76-4BDE-ADE1-29BE2D900FD6}
		{FED6E72B-EEFE-46AD-9EAE-E0452DC32B94} = {B40893F9-BD76-4BDE-ADE1-29BE2D900FD6}
		{53F58031-A316-4CD0-8E5E-68AC4439274E} = {B40893F9-BD76-4BDE-ADE1-29BE2D900FD6}
		{9836AB8A-6BFA-43C5-B13B-F0D4ED7783CD} = {39315B38-0102-42F5-9A8F-7804D45F9E7C}
		{CBF83C16-7589-485A-A0ED-2034F88E3EB9} = {39315B38-0102-42F5-9A8F-7804D45F9E7C}
	EndGlobalSection
	GlobalSection(ExtensibilityGlobals) = postSolution
		SolutionGuid = {5E003DB6-CFBD-4563-B001-9B0418B2F56D}
	EndGlobalSection
EndGlobal
