
Microsoft Visual Studio Solution File, Format Version 12.00
# Visual Studio Version 17
VisualStudioVersion = 17.3.32825.248
MinimumVisualStudioVersion = 10.0.40219.1
Project("{9A19103F-16F7-4668-BE54-9A1E7A4F7556}") = "01.ReverseAString", "Lab01 - Stacks And Queues\01.ReverseAString\01.ReverseAString.csproj", "{C763F4B1-A19F-4777-9048-846AF25B5DBF}"
EndProject
Project("{2150E333-8FDC-42A3-9474-1A3956D46DE8}") = "Lab01 - Stacks And Queues", "Lab01 - Stacks And Queues", "{33A706AD-F466-4DFA-AB32-DB9408D2302F}"
EndProject
Project("{9A19103F-16F7-4668-BE54-9A1E7A4F7556}") = "02.StackSum", "Lab01 - Stacks And Queues\02.StackSum\02.StackSum.csproj", "{F29C3745-04E0-4A32-953C-48D639CA9B1C}"
EndProject
Project("{9A19103F-16F7-4668-BE54-9A1E7A4F7556}") = "03.SimpleCalculator", "Lab01 - Stacks And Queues\03.SimpleCalculator\03.SimpleCalculator.csproj", "{66A67577-F229-433B-99EB-4B0CE5769AA8}"
EndProject
Project("{9A19103F-16F7-4668-BE54-9A1E7A4F7556}") = "04.MatchingBrackets", "Lab01 - Stacks And Queues\04.MatchingBrackets\04.MatchingBrackets.csproj", "{722EFA23-FC4C-48F5-B477-E547FE04D7AF}"
EndProject
Project("{9A19103F-16F7-4668-BE54-9A1E7A4F7556}") = "05.PrintEvenNumbers", "Lab01 - Stacks And Queues\05.PrintEvenNumbers\05.PrintEvenNumbers.csproj", "{F895B216-7018-45C4-8B87-3A53B53C3162}"
EndProject
Project("{9A19103F-16F7-4668-BE54-9A1E7A4F7556}") = "06.Supermarket", "Lab01 - Stacks And Queues\06.Supermarket\06.Supermarket.csproj", "{001CB3EF-020D-4A87-BBDD-767E2E987EC4}"
EndProject
Project("{9A19103F-16F7-4668-BE54-9A1E7A4F7556}") = "07.HotPotato", "Lab01 - Stacks And Queues\07.HotPotato\07.HotPotato.csproj", "{3C272CDA-C20D-4BC9-B00B-47870FAB35A2}"
EndProject
Project("{9A19103F-16F7-4668-BE54-9A1E7A4F7556}") = "08.TrafficJam", "Lab01 - Stacks And Queues\08.TrafficJam\08.TrafficJam.csproj", "{9CC8BEE1-FF75-4D2C-9C34-429B40C36991}"
EndProject
Project("{2150E333-8FDC-42A3-9474-1A3956D46DE8}") = "Exercise01 - Stacks and Queues", "Exercise01 - Stacks and Queues", "{80A57A8A-860F-49BF-BB65-31F306499994}"
EndProject
Project("{9A19103F-16F7-4668-BE54-9A1E7A4F7556}") = "01.BasicStackOperations", "Exercise01 - Stacks And Queues\01.BasicStackOperations\01.BasicStackOperations.csproj", "{15991A19-B07A-4D45-BDC8-4CB9FB580769}"
EndProject
Project("{9A19103F-16F7-4668-BE54-9A1E7A4F7556}") = "02.BasicQueueOperations", "Exercise01 - Stacks And Queues\02.BasicQueueOperations\02.BasicQueueOperations.csproj", "{DDFE6C35-6BA2-483E-9139-165705566B65}"
EndProject
Project("{9A19103F-16F7-4668-BE54-9A1E7A4F7556}") = "03.MaxAndMinElement", "Exercise01 - Stacks And Queues\03.MaxAndMinElement\03.MaxAndMinElement.csproj", "{B766B290-2DEF-491B-8AC8-8022EF41B458}"
EndProject
Project("{9A19103F-16F7-4668-BE54-9A1E7A4F7556}") = "04.FastFood", "Exercise01 - Stacks And Queues\04.FastFood\04.FastFood.csproj", "{148B1B9C-5FE5-41D1-851D-C393EB38B72E}"
EndProject
Project("{9A19103F-16F7-4668-BE54-9A1E7A4F7556}") = "05.FashionBotique", "Exercise01 - Stacks And Queues\05.FashionBotique\05.FashionBotique.csproj", "{7DA3EE1C-37E4-4174-B3E0-07A5AC18B784}"
EndProject
Project("{9A19103F-16F7-4668-BE54-9A1E7A4F7556}") = "06.SongsQueue", "Exercise01 - Stacks And Queues\06.SongsQueue\06.SongsQueue.csproj", "{6995C180-E911-4BCB-BED0-0BC3D4976141}"
EndProject
Project("{9A19103F-16F7-4668-BE54-9A1E7A4F7556}") = "07.TruckTour", "Exercise01 - Stacks And Queues\07.TruckTour\07.TruckTour.csproj", "{95455B6E-F91C-4B78-B4E1-70043FEF2EF9}"
EndProject
Project("{2150E333-8FDC-42A3-9474-1A3956D46DE8}") = "Lab02 - Multidimensional Arrays", "Lab02 - Multidimensional Arrays", "{162B5091-81DC-47C9-9EE6-776BCEF74443}"
EndProject
Project("{9A19103F-16F7-4668-BE54-9A1E7A4F7556}") = "01.SumMatrixElements", "Lab02 - Multidimensional Arrays\01.SumMatrixElements\01.SumMatrixElements.csproj", "{FAF455A9-9AB1-4346-8D03-616DDB72827A}"
EndProject
Project("{9A19103F-16F7-4668-BE54-9A1E7A4F7556}") = "02.SumMatrixColumns", "Lab02 - Multidimensional Arrays\02.SumMatrixColumns\02.SumMatrixColumns.csproj", "{D5AFDA0C-AF00-4784-9071-2B3762A1751D}"
EndProject
Project("{9A19103F-16F7-4668-BE54-9A1E7A4F7556}") = "03.PrimaryDiagonal", "Lab02 - Multidimensional Arrays\03.PrimaryDiagonal\03.PrimaryDiagonal.csproj", "{97A70D06-BFB3-4BC5-AC4E-CCEF534B80AA}"
EndProject
Project("{9A19103F-16F7-4668-BE54-9A1E7A4F7556}") = "04.SymbolInMatrix", "Lab02 - Multidimensional Arrays\04.SymbolInMatrix\04.SymbolInMatrix.csproj", "{644C3A5B-830C-4008-8EBD-654B6F843114}"
EndProject
Project("{9A19103F-16F7-4668-BE54-9A1E7A4F7556}") = "05.SquareWithMaxSum", "Lab02 - Multidimensional Arrays\05.SquareWithMaxSum\05.SquareWithMaxSum.csproj", "{57737BC5-94B3-4372-9A7F-E2FFD6278847}"
EndProject
Project("{9A19103F-16F7-4668-BE54-9A1E7A4F7556}") = "06.JaggedArrayModification", "Lab02 - Multidimensional Arrays\06.JaggedArrayModification\06.JaggedArrayModification.csproj", "{474422F8-9B3A-4DE9-9738-A7373CD7E935}"
EndProject
Project("{9A19103F-16F7-4668-BE54-9A1E7A4F7556}") = "07.PascalTriangle", "Lab02 - Multidimensional Arrays\07.PascalTriangle\07.PascalTriangle.csproj", "{2F5ACC5A-5689-466B-B3DB-F1EC5BE91859}"
EndProject
Project("{9A19103F-16F7-4668-BE54-9A1E7A4F7556}") = "08.BalancedParentheses", "Exercise01 - Stacks And Queues\08.BalancedParentheses\08.BalancedParentheses.csproj", "{385D0341-F25E-46E7-9D8B-59F53CC77E3C}"
EndProject
Project("{9A19103F-16F7-4668-BE54-9A1E7A4F7556}") = "09.SimpleTextEditor", "Exercise01 - Stacks And Queues\09.SimpleTextEditor\09.SimpleTextEditor.csproj", "{64A9EF99-6EC1-4F43-8C06-03F2483F7C20}"
EndProject
Project("{9A19103F-16F7-4668-BE54-9A1E7A4F7556}") = "10.Crossroads", "Exercise01 - Stacks And Queues\10.Crossroads\10.Crossroads.csproj", "{DC654434-2D26-4F60-AC12-4788B627AB82}"
EndProject
Project("{9A19103F-16F7-4668-BE54-9A1E7A4F7556}") = "11.KeyRevolver", "Exercise01 - Stacks And Queues\11.KeyRevolver\11.KeyRevolver.csproj", "{0E47CE76-8AD1-4F30-90CB-5493E0DF25C9}"
EndProject
Project("{9A19103F-16F7-4668-BE54-9A1E7A4F7556}") = "12.CupsAndBottles", "Exercise01 - Stacks And Queues\12.CupsAndBottles\12.CupsAndBottles.csproj", "{CBE94A5B-BFDC-4E66-BE8D-F92703DBCC85}"
EndProject
Project("{2150E333-8FDC-42A3-9474-1A3956D46DE8}") = "Exercise02 - Multidimensional Arrays", "Exercise02 - Multidimensional Arrays", "{D1CF9813-95F3-40C0-AB1B-0E43DC04D677}"
EndProject
Project("{FAE04EC0-301F-11D3-BF4B-00C04F79EFBC}") = "01.DiagonalDifference", "Exercise02 - Multidimensional Arrays\01.DiagonalDifference\01.DiagonalDifference.csproj", "{925E4318-C7B0-4715-84A4-AB57E8B4984C}"
EndProject
Global
	GlobalSection(SolutionConfigurationPlatforms) = preSolution
		Debug|Any CPU = Debug|Any CPU
		Release|Any CPU = Release|Any CPU
	EndGlobalSection
	GlobalSection(ProjectConfigurationPlatforms) = postSolution
		{C763F4B1-A19F-4777-9048-846AF25B5DBF}.Debug|Any CPU.ActiveCfg = Debug|Any CPU
		{C763F4B1-A19F-4777-9048-846AF25B5DBF}.Debug|Any CPU.Build.0 = Debug|Any CPU
		{C763F4B1-A19F-4777-9048-846AF25B5DBF}.Release|Any CPU.ActiveCfg = Release|Any CPU
		{C763F4B1-A19F-4777-9048-846AF25B5DBF}.Release|Any CPU.Build.0 = Release|Any CPU
		{F29C3745-04E0-4A32-953C-48D639CA9B1C}.Debug|Any CPU.ActiveCfg = Debug|Any CPU
		{F29C3745-04E0-4A32-953C-48D639CA9B1C}.Debug|Any CPU.Build.0 = Debug|Any CPU
		{F29C3745-04E0-4A32-953C-48D639CA9B1C}.Release|Any CPU.ActiveCfg = Release|Any CPU
		{F29C3745-04E0-4A32-953C-48D639CA9B1C}.Release|Any CPU.Build.0 = Release|Any CPU
		{66A67577-F229-433B-99EB-4B0CE5769AA8}.Debug|Any CPU.ActiveCfg = Debug|Any CPU
		{66A67577-F229-433B-99EB-4B0CE5769AA8}.Debug|Any CPU.Build.0 = Debug|Any CPU
		{66A67577-F229-433B-99EB-4B0CE5769AA8}.Release|Any CPU.ActiveCfg = Release|Any CPU
		{66A67577-F229-433B-99EB-4B0CE5769AA8}.Release|Any CPU.Build.0 = Release|Any CPU
		{722EFA23-FC4C-48F5-B477-E547FE04D7AF}.Debug|Any CPU.ActiveCfg = Debug|Any CPU
		{722EFA23-FC4C-48F5-B477-E547FE04D7AF}.Debug|Any CPU.Build.0 = Debug|Any CPU
		{722EFA23-FC4C-48F5-B477-E547FE04D7AF}.Release|Any CPU.ActiveCfg = Release|Any CPU
		{722EFA23-FC4C-48F5-B477-E547FE04D7AF}.Release|Any CPU.Build.0 = Release|Any CPU
		{F895B216-7018-45C4-8B87-3A53B53C3162}.Debug|Any CPU.ActiveCfg = Debug|Any CPU
		{F895B216-7018-45C4-8B87-3A53B53C3162}.Debug|Any CPU.Build.0 = Debug|Any CPU
		{F895B216-7018-45C4-8B87-3A53B53C3162}.Release|Any CPU.ActiveCfg = Release|Any CPU
		{F895B216-7018-45C4-8B87-3A53B53C3162}.Release|Any CPU.Build.0 = Release|Any CPU
		{001CB3EF-020D-4A87-BBDD-767E2E987EC4}.Debug|Any CPU.ActiveCfg = Debug|Any CPU
		{001CB3EF-020D-4A87-BBDD-767E2E987EC4}.Debug|Any CPU.Build.0 = Debug|Any CPU
		{001CB3EF-020D-4A87-BBDD-767E2E987EC4}.Release|Any CPU.ActiveCfg = Release|Any CPU
		{001CB3EF-020D-4A87-BBDD-767E2E987EC4}.Release|Any CPU.Build.0 = Release|Any CPU
		{3C272CDA-C20D-4BC9-B00B-47870FAB35A2}.Debug|Any CPU.ActiveCfg = Debug|Any CPU
		{3C272CDA-C20D-4BC9-B00B-47870FAB35A2}.Debug|Any CPU.Build.0 = Debug|Any CPU
		{3C272CDA-C20D-4BC9-B00B-47870FAB35A2}.Release|Any CPU.ActiveCfg = Release|Any CPU
		{3C272CDA-C20D-4BC9-B00B-47870FAB35A2}.Release|Any CPU.Build.0 = Release|Any CPU
		{9CC8BEE1-FF75-4D2C-9C34-429B40C36991}.Debug|Any CPU.ActiveCfg = Debug|Any CPU
		{9CC8BEE1-FF75-4D2C-9C34-429B40C36991}.Debug|Any CPU.Build.0 = Debug|Any CPU
		{9CC8BEE1-FF75-4D2C-9C34-429B40C36991}.Release|Any CPU.ActiveCfg = Release|Any CPU
		{9CC8BEE1-FF75-4D2C-9C34-429B40C36991}.Release|Any CPU.Build.0 = Release|Any CPU
		{15991A19-B07A-4D45-BDC8-4CB9FB580769}.Debug|Any CPU.ActiveCfg = Debug|Any CPU
		{15991A19-B07A-4D45-BDC8-4CB9FB580769}.Debug|Any CPU.Build.0 = Debug|Any CPU
		{15991A19-B07A-4D45-BDC8-4CB9FB580769}.Release|Any CPU.ActiveCfg = Release|Any CPU
		{15991A19-B07A-4D45-BDC8-4CB9FB580769}.Release|Any CPU.Build.0 = Release|Any CPU
		{DDFE6C35-6BA2-483E-9139-165705566B65}.Debug|Any CPU.ActiveCfg = Debug|Any CPU
		{DDFE6C35-6BA2-483E-9139-165705566B65}.Debug|Any CPU.Build.0 = Debug|Any CPU
		{DDFE6C35-6BA2-483E-9139-165705566B65}.Release|Any CPU.ActiveCfg = Release|Any CPU
		{DDFE6C35-6BA2-483E-9139-165705566B65}.Release|Any CPU.Build.0 = Release|Any CPU
		{B766B290-2DEF-491B-8AC8-8022EF41B458}.Debug|Any CPU.ActiveCfg = Debug|Any CPU
		{B766B290-2DEF-491B-8AC8-8022EF41B458}.Debug|Any CPU.Build.0 = Debug|Any CPU
		{B766B290-2DEF-491B-8AC8-8022EF41B458}.Release|Any CPU.ActiveCfg = Release|Any CPU
		{B766B290-2DEF-491B-8AC8-8022EF41B458}.Release|Any CPU.Build.0 = Release|Any CPU
		{148B1B9C-5FE5-41D1-851D-C393EB38B72E}.Debug|Any CPU.ActiveCfg = Debug|Any CPU
		{148B1B9C-5FE5-41D1-851D-C393EB38B72E}.Debug|Any CPU.Build.0 = Debug|Any CPU
		{148B1B9C-5FE5-41D1-851D-C393EB38B72E}.Release|Any CPU.ActiveCfg = Release|Any CPU
		{148B1B9C-5FE5-41D1-851D-C393EB38B72E}.Release|Any CPU.Build.0 = Release|Any CPU
		{7DA3EE1C-37E4-4174-B3E0-07A5AC18B784}.Debug|Any CPU.ActiveCfg = Debug|Any CPU
		{7DA3EE1C-37E4-4174-B3E0-07A5AC18B784}.Debug|Any CPU.Build.0 = Debug|Any CPU
		{7DA3EE1C-37E4-4174-B3E0-07A5AC18B784}.Release|Any CPU.ActiveCfg = Release|Any CPU
		{7DA3EE1C-37E4-4174-B3E0-07A5AC18B784}.Release|Any CPU.Build.0 = Release|Any CPU
		{6995C180-E911-4BCB-BED0-0BC3D4976141}.Debug|Any CPU.ActiveCfg = Debug|Any CPU
		{6995C180-E911-4BCB-BED0-0BC3D4976141}.Debug|Any CPU.Build.0 = Debug|Any CPU
		{6995C180-E911-4BCB-BED0-0BC3D4976141}.Release|Any CPU.ActiveCfg = Release|Any CPU
		{6995C180-E911-4BCB-BED0-0BC3D4976141}.Release|Any CPU.Build.0 = Release|Any CPU
		{95455B6E-F91C-4B78-B4E1-70043FEF2EF9}.Debug|Any CPU.ActiveCfg = Debug|Any CPU
		{95455B6E-F91C-4B78-B4E1-70043FEF2EF9}.Debug|Any CPU.Build.0 = Debug|Any CPU
		{95455B6E-F91C-4B78-B4E1-70043FEF2EF9}.Release|Any CPU.ActiveCfg = Release|Any CPU
		{95455B6E-F91C-4B78-B4E1-70043FEF2EF9}.Release|Any CPU.Build.0 = Release|Any CPU
		{FAF455A9-9AB1-4346-8D03-616DDB72827A}.Debug|Any CPU.ActiveCfg = Debug|Any CPU
		{FAF455A9-9AB1-4346-8D03-616DDB72827A}.Debug|Any CPU.Build.0 = Debug|Any CPU
		{FAF455A9-9AB1-4346-8D03-616DDB72827A}.Release|Any CPU.ActiveCfg = Release|Any CPU
		{FAF455A9-9AB1-4346-8D03-616DDB72827A}.Release|Any CPU.Build.0 = Release|Any CPU
		{D5AFDA0C-AF00-4784-9071-2B3762A1751D}.Debug|Any CPU.ActiveCfg = Debug|Any CPU
		{D5AFDA0C-AF00-4784-9071-2B3762A1751D}.Debug|Any CPU.Build.0 = Debug|Any CPU
		{D5AFDA0C-AF00-4784-9071-2B3762A1751D}.Release|Any CPU.ActiveCfg = Release|Any CPU
		{D5AFDA0C-AF00-4784-9071-2B3762A1751D}.Release|Any CPU.Build.0 = Release|Any CPU
		{97A70D06-BFB3-4BC5-AC4E-CCEF534B80AA}.Debug|Any CPU.ActiveCfg = Debug|Any CPU
		{97A70D06-BFB3-4BC5-AC4E-CCEF534B80AA}.Debug|Any CPU.Build.0 = Debug|Any CPU
		{97A70D06-BFB3-4BC5-AC4E-CCEF534B80AA}.Release|Any CPU.ActiveCfg = Release|Any CPU
		{97A70D06-BFB3-4BC5-AC4E-CCEF534B80AA}.Release|Any CPU.Build.0 = Release|Any CPU
		{644C3A5B-830C-4008-8EBD-654B6F843114}.Debug|Any CPU.ActiveCfg = Debug|Any CPU
		{644C3A5B-830C-4008-8EBD-654B6F843114}.Debug|Any CPU.Build.0 = Debug|Any CPU
		{644C3A5B-830C-4008-8EBD-654B6F843114}.Release|Any CPU.ActiveCfg = Release|Any CPU
		{644C3A5B-830C-4008-8EBD-654B6F843114}.Release|Any CPU.Build.0 = Release|Any CPU
		{57737BC5-94B3-4372-9A7F-E2FFD6278847}.Debug|Any CPU.ActiveCfg = Debug|Any CPU
		{57737BC5-94B3-4372-9A7F-E2FFD6278847}.Debug|Any CPU.Build.0 = Debug|Any CPU
		{57737BC5-94B3-4372-9A7F-E2FFD6278847}.Release|Any CPU.ActiveCfg = Release|Any CPU
		{57737BC5-94B3-4372-9A7F-E2FFD6278847}.Release|Any CPU.Build.0 = Release|Any CPU
		{474422F8-9B3A-4DE9-9738-A7373CD7E935}.Debug|Any CPU.ActiveCfg = Debug|Any CPU
		{474422F8-9B3A-4DE9-9738-A7373CD7E935}.Debug|Any CPU.Build.0 = Debug|Any CPU
		{474422F8-9B3A-4DE9-9738-A7373CD7E935}.Release|Any CPU.ActiveCfg = Release|Any CPU
		{474422F8-9B3A-4DE9-9738-A7373CD7E935}.Release|Any CPU.Build.0 = Release|Any CPU
		{2F5ACC5A-5689-466B-B3DB-F1EC5BE91859}.Debug|Any CPU.ActiveCfg = Debug|Any CPU
		{2F5ACC5A-5689-466B-B3DB-F1EC5BE91859}.Debug|Any CPU.Build.0 = Debug|Any CPU
		{2F5ACC5A-5689-466B-B3DB-F1EC5BE91859}.Release|Any CPU.ActiveCfg = Release|Any CPU
		{2F5ACC5A-5689-466B-B3DB-F1EC5BE91859}.Release|Any CPU.Build.0 = Release|Any CPU
		{385D0341-F25E-46E7-9D8B-59F53CC77E3C}.Debug|Any CPU.ActiveCfg = Debug|Any CPU
		{385D0341-F25E-46E7-9D8B-59F53CC77E3C}.Debug|Any CPU.Build.0 = Debug|Any CPU
		{385D0341-F25E-46E7-9D8B-59F53CC77E3C}.Release|Any CPU.ActiveCfg = Release|Any CPU
		{385D0341-F25E-46E7-9D8B-59F53CC77E3C}.Release|Any CPU.Build.0 = Release|Any CPU
		{64A9EF99-6EC1-4F43-8C06-03F2483F7C20}.Debug|Any CPU.ActiveCfg = Debug|Any CPU
		{64A9EF99-6EC1-4F43-8C06-03F2483F7C20}.Debug|Any CPU.Build.0 = Debug|Any CPU
		{64A9EF99-6EC1-4F43-8C06-03F2483F7C20}.Release|Any CPU.ActiveCfg = Release|Any CPU
		{64A9EF99-6EC1-4F43-8C06-03F2483F7C20}.Release|Any CPU.Build.0 = Release|Any CPU
		{DC654434-2D26-4F60-AC12-4788B627AB82}.Debug|Any CPU.ActiveCfg = Debug|Any CPU
		{DC654434-2D26-4F60-AC12-4788B627AB82}.Debug|Any CPU.Build.0 = Debug|Any CPU
		{DC654434-2D26-4F60-AC12-4788B627AB82}.Release|Any CPU.ActiveCfg = Release|Any CPU
		{DC654434-2D26-4F60-AC12-4788B627AB82}.Release|Any CPU.Build.0 = Release|Any CPU
		{0E47CE76-8AD1-4F30-90CB-5493E0DF25C9}.Debug|Any CPU.ActiveCfg = Debug|Any CPU
		{0E47CE76-8AD1-4F30-90CB-5493E0DF25C9}.Debug|Any CPU.Build.0 = Debug|Any CPU
		{0E47CE76-8AD1-4F30-90CB-5493E0DF25C9}.Release|Any CPU.ActiveCfg = Release|Any CPU
		{0E47CE76-8AD1-4F30-90CB-5493E0DF25C9}.Release|Any CPU.Build.0 = Release|Any CPU
		{CBE94A5B-BFDC-4E66-BE8D-F92703DBCC85}.Debug|Any CPU.ActiveCfg = Debug|Any CPU
		{CBE94A5B-BFDC-4E66-BE8D-F92703DBCC85}.Debug|Any CPU.Build.0 = Debug|Any CPU
		{CBE94A5B-BFDC-4E66-BE8D-F92703DBCC85}.Release|Any CPU.ActiveCfg = Release|Any CPU
		{CBE94A5B-BFDC-4E66-BE8D-F92703DBCC85}.Release|Any CPU.Build.0 = Release|Any CPU
		{925E4318-C7B0-4715-84A4-AB57E8B4984C}.Debug|Any CPU.ActiveCfg = Debug|Any CPU
		{925E4318-C7B0-4715-84A4-AB57E8B4984C}.Debug|Any CPU.Build.0 = Debug|Any CPU
		{925E4318-C7B0-4715-84A4-AB57E8B4984C}.Release|Any CPU.ActiveCfg = Release|Any CPU
		{925E4318-C7B0-4715-84A4-AB57E8B4984C}.Release|Any CPU.Build.0 = Release|Any CPU
	EndGlobalSection
	GlobalSection(SolutionProperties) = preSolution
		HideSolutionNode = FALSE
	EndGlobalSection
	GlobalSection(NestedProjects) = preSolution
		{C763F4B1-A19F-4777-9048-846AF25B5DBF} = {33A706AD-F466-4DFA-AB32-DB9408D2302F}
		{F29C3745-04E0-4A32-953C-48D639CA9B1C} = {33A706AD-F466-4DFA-AB32-DB9408D2302F}
		{66A67577-F229-433B-99EB-4B0CE5769AA8} = {33A706AD-F466-4DFA-AB32-DB9408D2302F}
		{722EFA23-FC4C-48F5-B477-E547FE04D7AF} = {33A706AD-F466-4DFA-AB32-DB9408D2302F}
		{F895B216-7018-45C4-8B87-3A53B53C3162} = {33A706AD-F466-4DFA-AB32-DB9408D2302F}
		{001CB3EF-020D-4A87-BBDD-767E2E987EC4} = {33A706AD-F466-4DFA-AB32-DB9408D2302F}
		{3C272CDA-C20D-4BC9-B00B-47870FAB35A2} = {33A706AD-F466-4DFA-AB32-DB9408D2302F}
		{9CC8BEE1-FF75-4D2C-9C34-429B40C36991} = {33A706AD-F466-4DFA-AB32-DB9408D2302F}
		{15991A19-B07A-4D45-BDC8-4CB9FB580769} = {80A57A8A-860F-49BF-BB65-31F306499994}
		{DDFE6C35-6BA2-483E-9139-165705566B65} = {80A57A8A-860F-49BF-BB65-31F306499994}
		{B766B290-2DEF-491B-8AC8-8022EF41B458} = {80A57A8A-860F-49BF-BB65-31F306499994}
		{148B1B9C-5FE5-41D1-851D-C393EB38B72E} = {80A57A8A-860F-49BF-BB65-31F306499994}
		{7DA3EE1C-37E4-4174-B3E0-07A5AC18B784} = {80A57A8A-860F-49BF-BB65-31F306499994}
		{6995C180-E911-4BCB-BED0-0BC3D4976141} = {80A57A8A-860F-49BF-BB65-31F306499994}
		{95455B6E-F91C-4B78-B4E1-70043FEF2EF9} = {80A57A8A-860F-49BF-BB65-31F306499994}
		{FAF455A9-9AB1-4346-8D03-616DDB72827A} = {162B5091-81DC-47C9-9EE6-776BCEF74443}
		{D5AFDA0C-AF00-4784-9071-2B3762A1751D} = {162B5091-81DC-47C9-9EE6-776BCEF74443}
		{97A70D06-BFB3-4BC5-AC4E-CCEF534B80AA} = {162B5091-81DC-47C9-9EE6-776BCEF74443}
		{644C3A5B-830C-4008-8EBD-654B6F843114} = {162B5091-81DC-47C9-9EE6-776BCEF74443}
		{57737BC5-94B3-4372-9A7F-E2FFD6278847} = {162B5091-81DC-47C9-9EE6-776BCEF74443}
		{474422F8-9B3A-4DE9-9738-A7373CD7E935} = {162B5091-81DC-47C9-9EE6-776BCEF74443}
		{2F5ACC5A-5689-466B-B3DB-F1EC5BE91859} = {162B5091-81DC-47C9-9EE6-776BCEF74443}
		{385D0341-F25E-46E7-9D8B-59F53CC77E3C} = {80A57A8A-860F-49BF-BB65-31F306499994}
		{64A9EF99-6EC1-4F43-8C06-03F2483F7C20} = {80A57A8A-860F-49BF-BB65-31F306499994}
		{DC654434-2D26-4F60-AC12-4788B627AB82} = {80A57A8A-860F-49BF-BB65-31F306499994}
		{0E47CE76-8AD1-4F30-90CB-5493E0DF25C9} = {80A57A8A-860F-49BF-BB65-31F306499994}
		{CBE94A5B-BFDC-4E66-BE8D-F92703DBCC85} = {80A57A8A-860F-49BF-BB65-31F306499994}
		{925E4318-C7B0-4715-84A4-AB57E8B4984C} = {D1CF9813-95F3-40C0-AB1B-0E43DC04D677}
	EndGlobalSection
	GlobalSection(ExtensibilityGlobals) = postSolution
		SolutionGuid = {DA635782-C26B-4E64-AB28-F0EFA1E912AF}
	EndGlobalSection
EndGlobal
